
Microsoft Visual Studio Solution File, Format Version 12.00
# Visual Studio Version 17
VisualStudioVersion = 17.11.35222.181
MinimumVisualStudioVersion = 10.0.40219.1
Project("{2150E333-8FDC-42A3-9474-1A3956D46DE8}") = "ViteCent.Auth", "ViteCent.Auth", "{02EA681E-C7D8-13C7-8484-4AC65E1B71E8}"
EndProject
Project("{2150E333-8FDC-42A3-9474-1A3956D46DE8}") = "ViteCent.Basic", "ViteCent.Basic", "{ECDB7D90-127F-405C-AD24-C8A6701EAF82}"
EndProject
Project("{FAE04EC0-301F-11D3-BF4B-00C04F79EFBC}") = "ViteCent.Auth.Api", "src\ViteCent.Auth\ViteCent.Auth.Api\ViteCent.Auth.Api.csproj", "{9E8E9951-6806-1D6D-293C-C0E1D88FCA2A}"
EndProject
Project("{FAE04EC0-301F-11D3-BF4B-00C04F79EFBC}") = "ViteCent.Auth.Application", "src\ViteCent.Auth\ViteCent.Auth.Application\ViteCent.Auth.Application.csproj", "{3DB61F0C-6C56-9A89-8009-28AEBDAD9849}"
EndProject
Project("{FAE04EC0-301F-11D3-BF4B-00C04F79EFBC}") = "ViteCent.Auth.Domain", "src\ViteCent.Auth\ViteCent.Auth.Domain\ViteCent.Auth.Domain.csproj", "{BD48947A-4B67-273D-6E9F-16DD2A9A6039}"
EndProject
Project("{FAE04EC0-301F-11D3-BF4B-00C04F79EFBC}") = "ViteCent.Auth.Entity", "src\ViteCent.Auth\ViteCent.Auth.Entity\ViteCent.Auth.Entity.csproj", "{F4CFB302-FF1D-DFE0-69E4-04C006B465F2}"
EndProject
Project("{FAE04EC0-301F-11D3-BF4B-00C04F79EFBC}") = "ViteCent.Auth.Data", "src\ViteCent.Data\ViteCent.Auth.Data\ViteCent.Auth.Data.csproj", "{0A95FC4C-1E8D-C09F-4715-301257BF0AA0}"
EndProject
Project("{FAE04EC0-301F-11D3-BF4B-00C04F79EFBC}") = "ViteCent.Basic.Data", "src\ViteCent.Data\ViteCent.Basic.Data\ViteCent.Basic.Data.csproj", "{F14D7451-E5A9-1C26-4BA0-2E691B634629}"
EndProject
Project("{FAE04EC0-301F-11D3-BF4B-00C04F79EFBC}") = "ViteCent.Basic.Api", "src\ViteCent.Basic\ViteCent.Basic.Api\ViteCent.Basic.Api.csproj", "{4C02470B-CD63-7911-84CA-B900077E84FA}"
EndProject
Project("{FAE04EC0-301F-11D3-BF4B-00C04F79EFBC}") = "ViteCent.Basic.Application", "src\ViteCent.Basic\ViteCent.Basic.Application\ViteCent.Basic.Application.csproj", "{1B9B2B2C-8967-C723-84CD-50285E64AEEE}"
EndProject
Project("{FAE04EC0-301F-11D3-BF4B-00C04F79EFBC}") = "ViteCent.Basic.Domain", "src\ViteCent.Basic\ViteCent.Basic.Domain\ViteCent.Basic.Domain.csproj", "{D647FF65-38CA-2447-2A5B-C5B386BF25A5}"
EndProject
Project("{FAE04EC0-301F-11D3-BF4B-00C04F79EFBC}") = "ViteCent.Basic.Entity", "src\ViteCent.Basic\ViteCent.Basic.Entity\ViteCent.Basic.Entity.csproj", "{2377482F-7994-34A3-ED96-20DE70C7AD77}"
EndProject
Global
	GlobalSection(SolutionConfigurationPlatforms) = preSolution
		Debug|Any CPU = Debug|Any CPU
		Release|Any CPU = Release|Any CPU
	EndGlobalSection
	GlobalSection(ProjectConfigurationPlatforms) = postSolution
		{9E8E9951-6806-1D6D-293C-C0E1D88FCA2A}.Debug|Any CPU.ActiveCfg = Debug|Any CPU
		{9E8E9951-6806-1D6D-293C-C0E1D88FCA2A}.Debug|Any CPU.Build.0 = Debug|Any CPU
		{9E8E9951-6806-1D6D-293C-C0E1D88FCA2A}.Release|Any CPU.ActiveCfg = Release|Any CPU
		{9E8E9951-6806-1D6D-293C-C0E1D88FCA2A}.Release|Any CPU.Build.0 = Release|Any CPU
		{3DB61F0C-6C56-9A89-8009-28AEBDAD9849}.Debug|Any CPU.ActiveCfg = Debug|Any CPU
		{3DB61F0C-6C56-9A89-8009-28AEBDAD9849}.Debug|Any CPU.Build.0 = Debug|Any CPU
		{3DB61F0C-6C56-9A89-8009-28AEBDAD9849}.Release|Any CPU.ActiveCfg = Release|Any CPU
		{3DB61F0C-6C56-9A89-8009-28AEBDAD9849}.Release|Any CPU.Build.0 = Release|Any CPU
		{BD48947A-4B67-273D-6E9F-16DD2A9A6039}.Debug|Any CPU.ActiveCfg = Debug|Any CPU
		{BD48947A-4B67-273D-6E9F-16DD2A9A6039}.Debug|Any CPU.Build.0 = Debug|Any CPU
		{BD48947A-4B67-273D-6E9F-16DD2A9A6039}.Release|Any CPU.ActiveCfg = Release|Any CPU
		{BD48947A-4B67-273D-6E9F-16DD2A9A6039}.Release|Any CPU.Build.0 = Release|Any CPU
		{F4CFB302-FF1D-DFE0-69E4-04C006B465F2}.Debug|Any CPU.ActiveCfg = Debug|Any CPU
		{F4CFB302-FF1D-DFE0-69E4-04C006B465F2}.Debug|Any CPU.Build.0 = Debug|Any CPU
		{F4CFB302-FF1D-DFE0-69E4-04C006B465F2}.Release|Any CPU.ActiveCfg = Release|Any CPU
		{F4CFB302-FF1D-DFE0-69E4-04C006B465F2}.Release|Any CPU.Build.0 = Release|Any CPU
		{0A95FC4C-1E8D-C09F-4715-301257BF0AA0}.Debug|Any CPU.ActiveCfg = Debug|Any CPU
		{0A95FC4C-1E8D-C09F-4715-301257BF0AA0}.Debug|Any CPU.Build.0 = Debug|Any CPU
		{0A95FC4C-1E8D-C09F-4715-301257BF0AA0}.Release|Any CPU.ActiveCfg = Release|Any CPU
		{0A95FC4C-1E8D-C09F-4715-301257BF0AA0}.Release|Any CPU.Build.0 = Release|Any CPU
		{F14D7451-E5A9-1C26-4BA0-2E691B634629}.Debug|Any CPU.ActiveCfg = Debug|Any CPU
		{F14D7451-E5A9-1C26-4BA0-2E691B634629}.Debug|Any CPU.Build.0 = Debug|Any CPU
		{F14D7451-E5A9-1C26-4BA0-2E691B634629}.Release|Any CPU.ActiveCfg = Release|Any CPU
		{F14D7451-E5A9-1C26-4BA0-2E691B634629}.Release|Any CPU.Build.0 = Release|Any CPU
		{4C02470B-CD63-7911-84CA-B900077E84FA}.Debug|Any CPU.ActiveCfg = Debug|Any CPU
		{4C02470B-CD63-7911-84CA-B900077E84FA}.Debug|Any CPU.Build.0 = Debug|Any CPU
		{4C02470B-CD63-7911-84CA-B900077E84FA}.Release|Any CPU.ActiveCfg = Release|Any CPU
		{4C02470B-CD63-7911-84CA-B900077E84FA}.Release|Any CPU.Build.0 = Release|Any CPU
		{1B9B2B2C-8967-C723-84CD-50285E64AEEE}.Debug|Any CPU.ActiveCfg = Debug|Any CPU
		{1B9B2B2C-8967-C723-84CD-50285E64AEEE}.Debug|Any CPU.Build.0 = Debug|Any CPU
		{1B9B2B2C-8967-C723-84CD-50285E64AEEE}.Release|Any CPU.ActiveCfg = Release|Any CPU
		{1B9B2B2C-8967-C723-84CD-50285E64AEEE}.Release|Any CPU.Build.0 = Release|Any CPU
		{D647FF65-38CA-2447-2A5B-C5B386BF25A5}.Debug|Any CPU.ActiveCfg = Debug|Any CPU
		{D647FF65-38CA-2447-2A5B-C5B386BF25A5}.Debug|Any CPU.Build.0 = Debug|Any CPU
		{D647FF65-38CA-2447-2A5B-C5B386BF25A5}.Release|Any CPU.ActiveCfg = Release|Any CPU
		{D647FF65-38CA-2447-2A5B-C5B386BF25A5}.Release|Any CPU.Build.0 = Release|Any CPU
		{2377482F-7994-34A3-ED96-20DE70C7AD77}.Debug|Any CPU.ActiveCfg = Debug|Any CPU
		{2377482F-7994-34A3-ED96-20DE70C7AD77}.Debug|Any CPU.Build.0 = Debug|Any CPU
		{2377482F-7994-34A3-ED96-20DE70C7AD77}.Release|Any CPU.ActiveCfg = Release|Any CPU
		{2377482F-7994-34A3-ED96-20DE70C7AD77}.Release|Any CPU.Build.0 = Release|Any CPU
	EndGlobalSection
	GlobalSection(SolutionProperties) = preSolution
		HideSolutionNode = FALSE
	EndGlobalSection
	GlobalSection(NestedProjects) = preSolution
		{9E8E9951-6806-1D6D-293C-C0E1D88FCA2A} = {02EA681E-C7D8-13C7-8484-4AC65E1B71E8}
		{3DB61F0C-6C56-9A89-8009-28AEBDAD9849} = {02EA681E-C7D8-13C7-8484-4AC65E1B71E8}
		{BD48947A-4B67-273D-6E9F-16DD2A9A6039} = {02EA681E-C7D8-13C7-8484-4AC65E1B71E8}
		{F4CFB302-FF1D-DFE0-69E4-04C006B465F2} = {02EA681E-C7D8-13C7-8484-4AC65E1B71E8}
		{0A95FC4C-1E8D-C09F-4715-301257BF0AA0} = {02EA681E-C7D8-13C7-8484-4AC65E1B71E8}
		{F14D7451-E5A9-1C26-4BA0-2E691B634629} = {ECDB7D90-127F-405C-AD24-C8A6701EAF82}
		{4C02470B-CD63-7911-84CA-B900077E84FA} = {ECDB7D90-127F-405C-AD24-C8A6701EAF82}
		{1B9B2B2C-8967-C723-84CD-50285E64AEEE} = {ECDB7D90-127F-405C-AD24-C8A6701EAF82}
		{D647FF65-38CA-2447-2A5B-C5B386BF25A5} = {ECDB7D90-127F-405C-AD24-C8A6701EAF82}
		{2377482F-7994-34A3-ED96-20DE70C7AD77} = {ECDB7D90-127F-405C-AD24-C8A6701EAF82}
	EndGlobalSection
	GlobalSection(ExtensibilityGlobals) = postSolution
		SolutionGuid = {6B275C1A-10DA-4B8D-9F86-5F20E89E9F3E}
	EndGlobalSection
EndGlobal
