
Microsoft Visual Studio Solution File, Format Version 12.00
# Visual Studio Version 17
VisualStudioVersion = 17.11.35222.181
MinimumVisualStudioVersion = 10.0.40219.1
Project("{2150E333-8FDC-42A3-9474-1A3956D46DE8}") = "ViteCent.Auth", "ViteCent.Auth", "{B58BB604-4FF2-457C-9E12-1EFAA82B9108}"
EndProject
Project("{9A19103F-16F7-4668-BE54-9A1E7A4F7556}") = "ViteCent.Auth.Api", "src\ViteCent.Auth\ViteCent.Auth.Api\ViteCent.Auth.Api.csproj", "{AD32C394-C921-4F5B-8A3B-558F1D2C60D4}"
EndProject
Project("{9A19103F-16F7-4668-BE54-9A1E7A4F7556}") = "ViteCent.Auth.Application", "src\ViteCent.Auth\ViteCent.Auth.Application\ViteCent.Auth.Application.csproj", "{C7B03FC4-06D0-4B6D-A7A4-7B823CB19984}"
EndProject
Project("{9A19103F-16F7-4668-BE54-9A1E7A4F7556}") = "ViteCent.Auth.Domain", "src\ViteCent.Auth\ViteCent.Auth.Domain\ViteCent.Auth.Domain.csproj", "{B2C6C062-3BBE-4D15-8607-BE37D4B5D7AB}"
EndProject
Project("{9A19103F-16F7-4668-BE54-9A1E7A4F7556}") = "ViteCent.Auth.Entity", "src\ViteCent.Auth\ViteCent.Auth.Entity\ViteCent.Auth.Entity.csproj", "{15941FF9-50E2-4776-B82A-8DBEE9FDA413}"
EndProject
Project("{9A19103F-16F7-4668-BE54-9A1E7A4F7556}") = "ViteCent.Auth.Data", "src\ViteCent.Data\ViteCent.Auth.Data\ViteCent.Auth.Data.csproj", "{84D51187-8D86-4D6B-A917-7447DE868203}"
EndProject
Project("{2150E333-8FDC-42A3-9474-1A3956D46DE8}") = "ViteCent.Core", "ViteCent.Core", "{84DD6EDF-747D-40F8-A05C-7F1A0653DE83}"
EndProject
Project("{2150E333-8FDC-42A3-9474-1A3956D46DE8}") = "ViteCent.Files", "ViteCent.Files", "{9E5694F4-63B6-4F52-BEAE-252977C68BC1}"
EndProject
Project("{2150E333-8FDC-42A3-9474-1A3956D46DE8}") = "ViteCent.Job", "ViteCent.Job", "{519BA94B-1F2D-4A92-8BBB-C6E1251864AD}"
EndProject
Project("{9A19103F-16F7-4668-BE54-9A1E7A4F7556}") = "ViteCent.Files.Data", "src\ViteCent.Data\ViteCent.Files.Data\ViteCent.Files.Data.csproj", "{58A87A84-BAF8-458F-BE58-324FA7B4F5C2}"
EndProject
Project("{9A19103F-16F7-4668-BE54-9A1E7A4F7556}") = "ViteCent.Job.Data", "src\ViteCent.Data\ViteCent.Job.Data\ViteCent.Job.Data.csproj", "{11B54544-6380-42E3-8135-F4483A8990DC}"
EndProject
Project("{9A19103F-16F7-4668-BE54-9A1E7A4F7556}") = "ViteCent.Files.Api", "src\ViteCent.Files\ViteCent.Files.Api\ViteCent.Files.Api.csproj", "{C41DCDF4-85AE-4BED-A9ED-50E2392F56A4}"
EndProject
Project("{9A19103F-16F7-4668-BE54-9A1E7A4F7556}") = "ViteCent.Job.Application", "src\ViteCent.Job\ViteCent.Job.Application\ViteCent.Job.Application.csproj", "{7504EC63-D281-46A8-9AF3-38C109127FB8}"
EndProject
Project("{9A19103F-16F7-4668-BE54-9A1E7A4F7556}") = "ViteCent.Job.Doaman", "src\ViteCent.Job\ViteCent.Job.Domain\ViteCent.Job.Doaman.csproj", "{3D5692F3-07DB-4801-AECE-C8D900CBD3D0}"
EndProject
Project("{9A19103F-16F7-4668-BE54-9A1E7A4F7556}") = "ViteCent.Job.Api", "src\ViteCent.Job\ViteCent.Job.Api\ViteCent.Job.Api.csproj", "{C9BE3655-034A-4E6D-AC3F-508D1BDA4A0C}"
EndProject
Project("{9A19103F-16F7-4668-BE54-9A1E7A4F7556}") = "ViteCent.Job.Entity", "src\ViteCent.Job\ViteCent.Job.Entity\ViteCent.Job.Entity.csproj", "{58F63BCF-D874-40D6-A47B-18771571484F}"
EndProject
Project("{9A19103F-16F7-4668-BE54-9A1E7A4F7556}") = "ViteCent.Core", "src\ViteCent.Core\ViteCent.Core\ViteCent.Core.csproj", "{7C437348-290C-467D-8B30-63D64C26974E}"
EndProject
Project("{9A19103F-16F7-4668-BE54-9A1E7A4F7556}") = "ViteCent.Core.Cache", "src\ViteCent.Core\ViteCent.Core.Cache\ViteCent.Core.Cache.csproj", "{DA3FAF88-98DE-4ADD-93B3-FE0373F103B0}"
EndProject
Project("{9A19103F-16F7-4668-BE54-9A1E7A4F7556}") = "ViteCent.Core.Cache.Redis", "src\ViteCent.Core\ViteCent.Core.Cache.Redis\ViteCent.Core.Cache.Redis.csproj", "{04F5D589-B239-46D4-A8CF-0AF0E2EEEF96}"
EndProject
Project("{9A19103F-16F7-4668-BE54-9A1E7A4F7556}") = "ViteCent.Core.Logging", "src\ViteCent.Core\ViteCent.Core.Logging\ViteCent.Core.Logging.csproj", "{F01CC145-761E-475A-B9B1-A2550964BDC4}"
EndProject
Project("{9A19103F-16F7-4668-BE54-9A1E7A4F7556}") = "ViteCent.Core.Logging.Log4Net", "src\ViteCent.Core\ViteCent.Core.Logging.Log4Net\ViteCent.Core.Logging.Log4Net.csproj", "{AED3D682-2EB3-4375-9520-5B1D21869A02}"
EndProject
Project("{9A19103F-16F7-4668-BE54-9A1E7A4F7556}") = "ViteCent.Core.Orm", "src\ViteCent.Core\ViteCent.Core.Orm\ViteCent.Core.Orm.csproj", "{34789055-786A-420B-A6DC-1A0D8EA303BD}"
EndProject
Project("{9A19103F-16F7-4668-BE54-9A1E7A4F7556}") = "ViteCent.Core.Orm.SqlSugar", "src\ViteCent.Core\ViteCent.Core.Orm.SqlSugar\ViteCent.Core.Orm.SqlSugar.csproj", "{3FCFD876-1396-4EB1-8A1D-2229E7161D1F}"
EndProject
Project("{9A19103F-16F7-4668-BE54-9A1E7A4F7556}") = "ViteCent.Core.Register", "src\ViteCent.Core\ViteCent.Core.Register\ViteCent.Core.Register.csproj", "{EDB40FD4-A62B-4D88-9B99-9B0C548BB257}"
EndProject
Project("{9A19103F-16F7-4668-BE54-9A1E7A4F7556}") = "ViteCent.Core.Register.Consul", "src\ViteCent.Core\ViteCent.Core.Register.Consul\ViteCent.Core.Register.Consul.csproj", "{3553157D-36A4-4973-90B0-1659D268F563}"
EndProject
Project("{9A19103F-16F7-4668-BE54-9A1E7A4F7556}") = "ViteCent.Core.Web", "src\ViteCent.Core\ViteCent.Core.Web\ViteCent.Core.Web.csproj", "{684DA9AD-00D5-4764-87BF-52745931C153}"
EndProject
Project("{2150E333-8FDC-42A3-9474-1A3956D46DE8}") = "ViteCent.Gateway", "ViteCent.Gateway", "{9993308C-CD81-4DFA-B595-14FCAE1826B7}"
EndProject
Project("{9A19103F-16F7-4668-BE54-9A1E7A4F7556}") = "ViteCent.Gateway.Api", "src\ViteCent.Gateway\ViteCent.Gateway.Api\ViteCent.Gateway.Api.csproj", "{80A081A1-2D11-42F6-BB54-ADDB4CFB29BE}"
EndProject
Project("{9A19103F-16F7-4668-BE54-9A1E7A4F7556}") = "ViteCent.Core.Trace", "src\ViteCent.Core\ViteCent.Core.Trace\ViteCent.Core.Trace.csproj", "{35D81231-6719-4351-AE22-4CE0DAAD2D3D}"
EndProject
Project("{9A19103F-16F7-4668-BE54-9A1E7A4F7556}") = "ViteCent.Core.Trace.Zipkin", "src\ViteCent.Core\ViteCent.Core.Trace.Zipkin\ViteCent.Core.Trace.Zipkin.csproj", "{2F04CD76-7FFF-4107-89B4-A865A27E1DE0}"
EndProject
Project("{FAE04EC0-301F-11D3-BF4B-00C04F79EFBC}") = "ViteCent.Core.Job", "src\ViteCent.Core\ViteCent.Core.Job\ViteCent.Core.Job.csproj", "{35DA80BB-B1F6-42CC-99CD-FB7FE7525911}"
EndProject
Project("{FAE04EC0-301F-11D3-BF4B-00C04F79EFBC}") = "ViteCent.Core.Job.Quartz", "src\ViteCent.Core\ViteCent.Core.Job.Quartz\ViteCent.Core.Job.Quartz.csproj", "{3C75DD6C-7955-4ECD-9A26-0187BE76B918}"
EndProject
Project("{FAE04EC0-301F-11D3-BF4B-00C04F79EFBC}") = "ViteCent.Core.Api", "src\ViteCent.Core\ViteCent.Core.Api\ViteCent.Core.Api.csproj", "{36C1E620-42E5-4CE9-8DDD-8F1BCAFFA32B}"
EndProject
Project("{FAE04EC0-301F-11D3-BF4B-00C04F79EFBC}") = "ViteCent.Core.Api.Swagger", "src\ViteCent.Core\ViteCent.Core.Api.Swagger\ViteCent.Core.Api.Swagger.csproj", "{990BD9AC-A225-463B-A723-F4DFFC7A7C6B}"
EndProject
Project("{E53339B2-1760-4266-BCC7-CA923CBCF16C}") = "docker-compose", "docker-compose.dcproj", "{79050854-3323-407C-8989-31BCB46067F5}"
EndProject
Project("{FAE04EC0-301F-11D3-BF4B-00C04F79EFBC}") = "ViteCent.Core.Authorize", "src\ViteCent.Core\ViteCent.Core.Authorize\ViteCent.Core.Authorize.csproj", "{49DA985E-BD81-4989-B1F8-6C0A983DB88A}"
EndProject
Project("{FAE04EC0-301F-11D3-BF4B-00C04F79EFBC}") = "ViteCent.Core.Authorize.Jwt", "src\ViteCent.Core\ViteCent.Core.Authorize.Jwt\ViteCent.Core.Authorize.Jwt.csproj", "{186C4866-6BC0-4F79-9EE5-E47C94D2D3AD}"
EndProject
Project("{2150E333-8FDC-42A3-9474-1A3956D46DE8}") = "ViteCent.Basic", "ViteCent.Basic", "{3A7F9367-4D80-4967-9CA2-23465868E2DB}"
EndProject
Project("{FAE04EC0-301F-11D3-BF4B-00C04F79EFBC}") = "ViteCent.Basic.Api", "src\ViteCent.Basic\ViteCent.Basic.Api\ViteCent.Basic.Api.csproj", "{42221D54-246D-43FD-AF2D-D36A12B368C2}"
EndProject
Project("{FAE04EC0-301F-11D3-BF4B-00C04F79EFBC}") = "ViteCent.Basic.Application", "src\ViteCent.Basic\ViteCent.Basic.Application\ViteCent.Basic.Application.csproj", "{8B47A4E2-7FEA-46AC-B751-794F01755FB8}"
EndProject
Project("{FAE04EC0-301F-11D3-BF4B-00C04F79EFBC}") = "ViteCent.Basic.Domain", "src\ViteCent.Basic\ViteCent.Basic.Domain\ViteCent.Basic.Domain.csproj", "{48AE6671-3AE4-4192-9BA4-70869DB4E383}"
EndProject
Project("{FAE04EC0-301F-11D3-BF4B-00C04F79EFBC}") = "ViteCent.Basic.Entity", "src\ViteCent.Basic\ViteCent.Basic.Entity\ViteCent.Basic.Entity.csproj", "{54CB0229-F5A7-4CF2-9AC0-9AC3F0213F26}"
EndProject
Project("{FAE04EC0-301F-11D3-BF4B-00C04F79EFBC}") = "ViteCent.Basic.Data", "src\ViteCent.Data\ViteCent.Basic.Data\ViteCent.Basic.Data.csproj", "{5DCC0F43-2482-48B3-B44D-B5C821133861}"
EndProject
Project("{2150E333-8FDC-42A3-9474-1A3956D46DE8}") = "ViteCent.Builder", "ViteCent.Builder", "{02EA681E-C7D8-13C7-8484-4AC65E1B71E8}"
EndProject
Project("{FAE04EC0-301F-11D3-BF4B-00C04F79EFBC}") = "ViteCent.Builder.Api", "src\ViteCent.Builder\ViteCent.Builder.Api\ViteCent.Builder.Api.csproj", "{E25902FF-BC57-45A7-4B33-EE419C70DB67}"
EndProject
Project("{FAE04EC0-301F-11D3-BF4B-00C04F79EFBC}") = "ViteCent.Builder.Application", "src\ViteCent.Builder\ViteCent.Builder.Application\ViteCent.Builder.Application.csproj", "{AEE78276-A1FE-A6B3-3496-D344C03F4BA4}"
EndProject
Project("{FAE04EC0-301F-11D3-BF4B-00C04F79EFBC}") = "ViteCent.Builder.Domain", "src\ViteCent.Builder\ViteCent.Builder.Domain\ViteCent.Builder.Domain.csproj", "{BA1724CC-0906-B0C1-3BEA-9189B0359169}"
EndProject
Project("{FAE04EC0-301F-11D3-BF4B-00C04F79EFBC}") = "ViteCent.Builder.Entity", "src\ViteCent.Builder\ViteCent.Builder.Entity\ViteCent.Builder.Entity.csproj", "{7298EB04-4FD9-CEBB-C7D0-24A4B3414C09}"
EndProject
Project("{FAE04EC0-301F-11D3-BF4B-00C04F79EFBC}") = "ViteCent.Builder.Data", "src\ViteCent.Data\ViteCent.Builder.Data\ViteCent.Builder.Data.csproj", "{58E9D0D3-30E0-73BF-E9A5-8B2F7FEB6F00}"
EndProject
Global
	GlobalSection(SolutionConfigurationPlatforms) = preSolution
		Debug|Any CPU = Debug|Any CPU
		Release|Any CPU = Release|Any CPU
	EndGlobalSection
	GlobalSection(ProjectConfigurationPlatforms) = postSolution
		{AD32C394-C921-4F5B-8A3B-558F1D2C60D4}.Debug|Any CPU.ActiveCfg = Debug|Any CPU
		{AD32C394-C921-4F5B-8A3B-558F1D2C60D4}.Debug|Any CPU.Build.0 = Debug|Any CPU
		{AD32C394-C921-4F5B-8A3B-558F1D2C60D4}.Release|Any CPU.ActiveCfg = Release|Any CPU
		{AD32C394-C921-4F5B-8A3B-558F1D2C60D4}.Release|Any CPU.Build.0 = Release|Any CPU
		{C7B03FC4-06D0-4B6D-A7A4-7B823CB19984}.Debug|Any CPU.ActiveCfg = Debug|Any CPU
		{C7B03FC4-06D0-4B6D-A7A4-7B823CB19984}.Debug|Any CPU.Build.0 = Debug|Any CPU
		{C7B03FC4-06D0-4B6D-A7A4-7B823CB19984}.Release|Any CPU.ActiveCfg = Release|Any CPU
		{C7B03FC4-06D0-4B6D-A7A4-7B823CB19984}.Release|Any CPU.Build.0 = Release|Any CPU
		{B2C6C062-3BBE-4D15-8607-BE37D4B5D7AB}.Debug|Any CPU.ActiveCfg = Debug|Any CPU
		{B2C6C062-3BBE-4D15-8607-BE37D4B5D7AB}.Debug|Any CPU.Build.0 = Debug|Any CPU
		{B2C6C062-3BBE-4D15-8607-BE37D4B5D7AB}.Release|Any CPU.ActiveCfg = Release|Any CPU
		{B2C6C062-3BBE-4D15-8607-BE37D4B5D7AB}.Release|Any CPU.Build.0 = Release|Any CPU
		{15941FF9-50E2-4776-B82A-8DBEE9FDA413}.Debug|Any CPU.ActiveCfg = Debug|Any CPU
		{15941FF9-50E2-4776-B82A-8DBEE9FDA413}.Debug|Any CPU.Build.0 = Debug|Any CPU
		{15941FF9-50E2-4776-B82A-8DBEE9FDA413}.Release|Any CPU.ActiveCfg = Release|Any CPU
		{15941FF9-50E2-4776-B82A-8DBEE9FDA413}.Release|Any CPU.Build.0 = Release|Any CPU
		{84D51187-8D86-4D6B-A917-7447DE868203}.Debug|Any CPU.ActiveCfg = Debug|Any CPU
		{84D51187-8D86-4D6B-A917-7447DE868203}.Debug|Any CPU.Build.0 = Debug|Any CPU
		{84D51187-8D86-4D6B-A917-7447DE868203}.Release|Any CPU.ActiveCfg = Release|Any CPU
		{84D51187-8D86-4D6B-A917-7447DE868203}.Release|Any CPU.Build.0 = Release|Any CPU
		{58A87A84-BAF8-458F-BE58-324FA7B4F5C2}.Debug|Any CPU.ActiveCfg = Debug|Any CPU
		{58A87A84-BAF8-458F-BE58-324FA7B4F5C2}.Debug|Any CPU.Build.0 = Debug|Any CPU
		{58A87A84-BAF8-458F-BE58-324FA7B4F5C2}.Release|Any CPU.ActiveCfg = Release|Any CPU
		{58A87A84-BAF8-458F-BE58-324FA7B4F5C2}.Release|Any CPU.Build.0 = Release|Any CPU
		{11B54544-6380-42E3-8135-F4483A8990DC}.Debug|Any CPU.ActiveCfg = Debug|Any CPU
		{11B54544-6380-42E3-8135-F4483A8990DC}.Debug|Any CPU.Build.0 = Debug|Any CPU
		{11B54544-6380-42E3-8135-F4483A8990DC}.Release|Any CPU.ActiveCfg = Release|Any CPU
		{11B54544-6380-42E3-8135-F4483A8990DC}.Release|Any CPU.Build.0 = Release|Any CPU
		{C41DCDF4-85AE-4BED-A9ED-50E2392F56A4}.Debug|Any CPU.ActiveCfg = Debug|Any CPU
		{C41DCDF4-85AE-4BED-A9ED-50E2392F56A4}.Debug|Any CPU.Build.0 = Debug|Any CPU
		{C41DCDF4-85AE-4BED-A9ED-50E2392F56A4}.Release|Any CPU.ActiveCfg = Release|Any CPU
		{C41DCDF4-85AE-4BED-A9ED-50E2392F56A4}.Release|Any CPU.Build.0 = Release|Any CPU
		{7504EC63-D281-46A8-9AF3-38C109127FB8}.Debug|Any CPU.ActiveCfg = Debug|Any CPU
		{7504EC63-D281-46A8-9AF3-38C109127FB8}.Debug|Any CPU.Build.0 = Debug|Any CPU
		{7504EC63-D281-46A8-9AF3-38C109127FB8}.Release|Any CPU.ActiveCfg = Release|Any CPU
		{7504EC63-D281-46A8-9AF3-38C109127FB8}.Release|Any CPU.Build.0 = Release|Any CPU
		{3D5692F3-07DB-4801-AECE-C8D900CBD3D0}.Debug|Any CPU.ActiveCfg = Debug|Any CPU
		{3D5692F3-07DB-4801-AECE-C8D900CBD3D0}.Debug|Any CPU.Build.0 = Debug|Any CPU
		{3D5692F3-07DB-4801-AECE-C8D900CBD3D0}.Release|Any CPU.ActiveCfg = Release|Any CPU
		{3D5692F3-07DB-4801-AECE-C8D900CBD3D0}.Release|Any CPU.Build.0 = Release|Any CPU
		{C9BE3655-034A-4E6D-AC3F-508D1BDA4A0C}.Debug|Any CPU.ActiveCfg = Debug|Any CPU
		{C9BE3655-034A-4E6D-AC3F-508D1BDA4A0C}.Debug|Any CPU.Build.0 = Debug|Any CPU
		{C9BE3655-034A-4E6D-AC3F-508D1BDA4A0C}.Release|Any CPU.ActiveCfg = Release|Any CPU
		{C9BE3655-034A-4E6D-AC3F-508D1BDA4A0C}.Release|Any CPU.Build.0 = Release|Any CPU
		{58F63BCF-D874-40D6-A47B-18771571484F}.Debug|Any CPU.ActiveCfg = Debug|Any CPU
		{58F63BCF-D874-40D6-A47B-18771571484F}.Debug|Any CPU.Build.0 = Debug|Any CPU
		{58F63BCF-D874-40D6-A47B-18771571484F}.Release|Any CPU.ActiveCfg = Release|Any CPU
		{58F63BCF-D874-40D6-A47B-18771571484F}.Release|Any CPU.Build.0 = Release|Any CPU
		{7C437348-290C-467D-8B30-63D64C26974E}.Debug|Any CPU.ActiveCfg = Debug|Any CPU
		{7C437348-290C-467D-8B30-63D64C26974E}.Debug|Any CPU.Build.0 = Debug|Any CPU
		{7C437348-290C-467D-8B30-63D64C26974E}.Release|Any CPU.ActiveCfg = Release|Any CPU
		{7C437348-290C-467D-8B30-63D64C26974E}.Release|Any CPU.Build.0 = Release|Any CPU
		{DA3FAF88-98DE-4ADD-93B3-FE0373F103B0}.Debug|Any CPU.ActiveCfg = Debug|Any CPU
		{DA3FAF88-98DE-4ADD-93B3-FE0373F103B0}.Debug|Any CPU.Build.0 = Debug|Any CPU
		{DA3FAF88-98DE-4ADD-93B3-FE0373F103B0}.Release|Any CPU.ActiveCfg = Release|Any CPU
		{DA3FAF88-98DE-4ADD-93B3-FE0373F103B0}.Release|Any CPU.Build.0 = Release|Any CPU
		{04F5D589-B239-46D4-A8CF-0AF0E2EEEF96}.Debug|Any CPU.ActiveCfg = Debug|Any CPU
		{04F5D589-B239-46D4-A8CF-0AF0E2EEEF96}.Debug|Any CPU.Build.0 = Debug|Any CPU
		{04F5D589-B239-46D4-A8CF-0AF0E2EEEF96}.Release|Any CPU.ActiveCfg = Release|Any CPU
		{04F5D589-B239-46D4-A8CF-0AF0E2EEEF96}.Release|Any CPU.Build.0 = Release|Any CPU
		{F01CC145-761E-475A-B9B1-A2550964BDC4}.Debug|Any CPU.ActiveCfg = Debug|Any CPU
		{F01CC145-761E-475A-B9B1-A2550964BDC4}.Debug|Any CPU.Build.0 = Debug|Any CPU
		{F01CC145-761E-475A-B9B1-A2550964BDC4}.Release|Any CPU.ActiveCfg = Release|Any CPU
		{F01CC145-761E-475A-B9B1-A2550964BDC4}.Release|Any CPU.Build.0 = Release|Any CPU
		{AED3D682-2EB3-4375-9520-5B1D21869A02}.Debug|Any CPU.ActiveCfg = Debug|Any CPU
		{AED3D682-2EB3-4375-9520-5B1D21869A02}.Debug|Any CPU.Build.0 = Debug|Any CPU
		{AED3D682-2EB3-4375-9520-5B1D21869A02}.Release|Any CPU.ActiveCfg = Release|Any CPU
		{AED3D682-2EB3-4375-9520-5B1D21869A02}.Release|Any CPU.Build.0 = Release|Any CPU
		{34789055-786A-420B-A6DC-1A0D8EA303BD}.Debug|Any CPU.ActiveCfg = Debug|Any CPU
		{34789055-786A-420B-A6DC-1A0D8EA303BD}.Debug|Any CPU.Build.0 = Debug|Any CPU
		{34789055-786A-420B-A6DC-1A0D8EA303BD}.Release|Any CPU.ActiveCfg = Release|Any CPU
		{34789055-786A-420B-A6DC-1A0D8EA303BD}.Release|Any CPU.Build.0 = Release|Any CPU
		{3FCFD876-1396-4EB1-8A1D-2229E7161D1F}.Debug|Any CPU.ActiveCfg = Debug|Any CPU
		{3FCFD876-1396-4EB1-8A1D-2229E7161D1F}.Debug|Any CPU.Build.0 = Debug|Any CPU
		{3FCFD876-1396-4EB1-8A1D-2229E7161D1F}.Release|Any CPU.ActiveCfg = Release|Any CPU
		{3FCFD876-1396-4EB1-8A1D-2229E7161D1F}.Release|Any CPU.Build.0 = Release|Any CPU
		{EDB40FD4-A62B-4D88-9B99-9B0C548BB257}.Debug|Any CPU.ActiveCfg = Debug|Any CPU
		{EDB40FD4-A62B-4D88-9B99-9B0C548BB257}.Debug|Any CPU.Build.0 = Debug|Any CPU
		{EDB40FD4-A62B-4D88-9B99-9B0C548BB257}.Release|Any CPU.ActiveCfg = Release|Any CPU
		{EDB40FD4-A62B-4D88-9B99-9B0C548BB257}.Release|Any CPU.Build.0 = Release|Any CPU
		{3553157D-36A4-4973-90B0-1659D268F563}.Debug|Any CPU.ActiveCfg = Debug|Any CPU
		{3553157D-36A4-4973-90B0-1659D268F563}.Debug|Any CPU.Build.0 = Debug|Any CPU
		{3553157D-36A4-4973-90B0-1659D268F563}.Release|Any CPU.ActiveCfg = Release|Any CPU
		{3553157D-36A4-4973-90B0-1659D268F563}.Release|Any CPU.Build.0 = Release|Any CPU
		{684DA9AD-00D5-4764-87BF-52745931C153}.Debug|Any CPU.ActiveCfg = Debug|Any CPU
		{684DA9AD-00D5-4764-87BF-52745931C153}.Debug|Any CPU.Build.0 = Debug|Any CPU
		{684DA9AD-00D5-4764-87BF-52745931C153}.Release|Any CPU.ActiveCfg = Release|Any CPU
		{684DA9AD-00D5-4764-87BF-52745931C153}.Release|Any CPU.Build.0 = Release|Any CPU
		{80A081A1-2D11-42F6-BB54-ADDB4CFB29BE}.Debug|Any CPU.ActiveCfg = Debug|Any CPU
		{80A081A1-2D11-42F6-BB54-ADDB4CFB29BE}.Debug|Any CPU.Build.0 = Debug|Any CPU
		{80A081A1-2D11-42F6-BB54-ADDB4CFB29BE}.Release|Any CPU.ActiveCfg = Release|Any CPU
		{80A081A1-2D11-42F6-BB54-ADDB4CFB29BE}.Release|Any CPU.Build.0 = Release|Any CPU
		{35D81231-6719-4351-AE22-4CE0DAAD2D3D}.Debug|Any CPU.ActiveCfg = Debug|Any CPU
		{35D81231-6719-4351-AE22-4CE0DAAD2D3D}.Debug|Any CPU.Build.0 = Debug|Any CPU
		{35D81231-6719-4351-AE22-4CE0DAAD2D3D}.Release|Any CPU.ActiveCfg = Release|Any CPU
		{35D81231-6719-4351-AE22-4CE0DAAD2D3D}.Release|Any CPU.Build.0 = Release|Any CPU
		{2F04CD76-7FFF-4107-89B4-A865A27E1DE0}.Debug|Any CPU.ActiveCfg = Debug|Any CPU
		{2F04CD76-7FFF-4107-89B4-A865A27E1DE0}.Debug|Any CPU.Build.0 = Debug|Any CPU
		{2F04CD76-7FFF-4107-89B4-A865A27E1DE0}.Release|Any CPU.ActiveCfg = Release|Any CPU
		{2F04CD76-7FFF-4107-89B4-A865A27E1DE0}.Release|Any CPU.Build.0 = Release|Any CPU
		{35DA80BB-B1F6-42CC-99CD-FB7FE7525911}.Debug|Any CPU.ActiveCfg = Debug|Any CPU
		{35DA80BB-B1F6-42CC-99CD-FB7FE7525911}.Debug|Any CPU.Build.0 = Debug|Any CPU
		{35DA80BB-B1F6-42CC-99CD-FB7FE7525911}.Release|Any CPU.ActiveCfg = Release|Any CPU
		{35DA80BB-B1F6-42CC-99CD-FB7FE7525911}.Release|Any CPU.Build.0 = Release|Any CPU
		{3C75DD6C-7955-4ECD-9A26-0187BE76B918}.Debug|Any CPU.ActiveCfg = Debug|Any CPU
		{3C75DD6C-7955-4ECD-9A26-0187BE76B918}.Debug|Any CPU.Build.0 = Debug|Any CPU
		{3C75DD6C-7955-4ECD-9A26-0187BE76B918}.Release|Any CPU.ActiveCfg = Release|Any CPU
		{3C75DD6C-7955-4ECD-9A26-0187BE76B918}.Release|Any CPU.Build.0 = Release|Any CPU
		{36C1E620-42E5-4CE9-8DDD-8F1BCAFFA32B}.Debug|Any CPU.ActiveCfg = Debug|Any CPU
		{36C1E620-42E5-4CE9-8DDD-8F1BCAFFA32B}.Debug|Any CPU.Build.0 = Debug|Any CPU
		{36C1E620-42E5-4CE9-8DDD-8F1BCAFFA32B}.Release|Any CPU.ActiveCfg = Release|Any CPU
		{36C1E620-42E5-4CE9-8DDD-8F1BCAFFA32B}.Release|Any CPU.Build.0 = Release|Any CPU
		{990BD9AC-A225-463B-A723-F4DFFC7A7C6B}.Debug|Any CPU.ActiveCfg = Debug|Any CPU
		{990BD9AC-A225-463B-A723-F4DFFC7A7C6B}.Debug|Any CPU.Build.0 = Debug|Any CPU
		{990BD9AC-A225-463B-A723-F4DFFC7A7C6B}.Release|Any CPU.ActiveCfg = Release|Any CPU
		{990BD9AC-A225-463B-A723-F4DFFC7A7C6B}.Release|Any CPU.Build.0 = Release|Any CPU
		{79050854-3323-407C-8989-31BCB46067F5}.Debug|Any CPU.ActiveCfg = Debug|Any CPU
		{79050854-3323-407C-8989-31BCB46067F5}.Debug|Any CPU.Build.0 = Debug|Any CPU
		{79050854-3323-407C-8989-31BCB46067F5}.Release|Any CPU.ActiveCfg = Release|Any CPU
		{79050854-3323-407C-8989-31BCB46067F5}.Release|Any CPU.Build.0 = Release|Any CPU
		{49DA985E-BD81-4989-B1F8-6C0A983DB88A}.Debug|Any CPU.ActiveCfg = Debug|Any CPU
		{49DA985E-BD81-4989-B1F8-6C0A983DB88A}.Debug|Any CPU.Build.0 = Debug|Any CPU
		{49DA985E-BD81-4989-B1F8-6C0A983DB88A}.Release|Any CPU.ActiveCfg = Release|Any CPU
		{49DA985E-BD81-4989-B1F8-6C0A983DB88A}.Release|Any CPU.Build.0 = Release|Any CPU
		{186C4866-6BC0-4F79-9EE5-E47C94D2D3AD}.Debug|Any CPU.ActiveCfg = Debug|Any CPU
		{186C4866-6BC0-4F79-9EE5-E47C94D2D3AD}.Debug|Any CPU.Build.0 = Debug|Any CPU
		{186C4866-6BC0-4F79-9EE5-E47C94D2D3AD}.Release|Any CPU.ActiveCfg = Release|Any CPU
		{186C4866-6BC0-4F79-9EE5-E47C94D2D3AD}.Release|Any CPU.Build.0 = Release|Any CPU
		{42221D54-246D-43FD-AF2D-D36A12B368C2}.Debug|Any CPU.ActiveCfg = Debug|Any CPU
		{42221D54-246D-43FD-AF2D-D36A12B368C2}.Debug|Any CPU.Build.0 = Debug|Any CPU
		{42221D54-246D-43FD-AF2D-D36A12B368C2}.Release|Any CPU.ActiveCfg = Release|Any CPU
		{42221D54-246D-43FD-AF2D-D36A12B368C2}.Release|Any CPU.Build.0 = Release|Any CPU
		{8B47A4E2-7FEA-46AC-B751-794F01755FB8}.Debug|Any CPU.ActiveCfg = Debug|Any CPU
		{8B47A4E2-7FEA-46AC-B751-794F01755FB8}.Debug|Any CPU.Build.0 = Debug|Any CPU
		{8B47A4E2-7FEA-46AC-B751-794F01755FB8}.Release|Any CPU.ActiveCfg = Release|Any CPU
		{8B47A4E2-7FEA-46AC-B751-794F01755FB8}.Release|Any CPU.Build.0 = Release|Any CPU
		{48AE6671-3AE4-4192-9BA4-70869DB4E383}.Debug|Any CPU.ActiveCfg = Debug|Any CPU
		{48AE6671-3AE4-4192-9BA4-70869DB4E383}.Debug|Any CPU.Build.0 = Debug|Any CPU
		{48AE6671-3AE4-4192-9BA4-70869DB4E383}.Release|Any CPU.ActiveCfg = Release|Any CPU
		{48AE6671-3AE4-4192-9BA4-70869DB4E383}.Release|Any CPU.Build.0 = Release|Any CPU
		{54CB0229-F5A7-4CF2-9AC0-9AC3F0213F26}.Debug|Any CPU.ActiveCfg = Debug|Any CPU
		{54CB0229-F5A7-4CF2-9AC0-9AC3F0213F26}.Debug|Any CPU.Build.0 = Debug|Any CPU
		{54CB0229-F5A7-4CF2-9AC0-9AC3F0213F26}.Release|Any CPU.ActiveCfg = Release|Any CPU
		{54CB0229-F5A7-4CF2-9AC0-9AC3F0213F26}.Release|Any CPU.Build.0 = Release|Any CPU
		{5DCC0F43-2482-48B3-B44D-B5C821133861}.Debug|Any CPU.ActiveCfg = Debug|Any CPU
		{5DCC0F43-2482-48B3-B44D-B5C821133861}.Debug|Any CPU.Build.0 = Debug|Any CPU
		{5DCC0F43-2482-48B3-B44D-B5C821133861}.Release|Any CPU.ActiveCfg = Release|Any CPU
		{5DCC0F43-2482-48B3-B44D-B5C821133861}.Release|Any CPU.Build.0 = Release|Any CPU
		{E25902FF-BC57-45A7-4B33-EE419C70DB67}.Debug|Any CPU.ActiveCfg = Debug|Any CPU
		{E25902FF-BC57-45A7-4B33-EE419C70DB67}.Debug|Any CPU.Build.0 = Debug|Any CPU
		{E25902FF-BC57-45A7-4B33-EE419C70DB67}.Release|Any CPU.ActiveCfg = Release|Any CPU
		{E25902FF-BC57-45A7-4B33-EE419C70DB67}.Release|Any CPU.Build.0 = Release|Any CPU
		{AEE78276-A1FE-A6B3-3496-D344C03F4BA4}.Debug|Any CPU.ActiveCfg = Debug|Any CPU
		{AEE78276-A1FE-A6B3-3496-D344C03F4BA4}.Debug|Any CPU.Build.0 = Debug|Any CPU
		{AEE78276-A1FE-A6B3-3496-D344C03F4BA4}.Release|Any CPU.ActiveCfg = Release|Any CPU
		{AEE78276-A1FE-A6B3-3496-D344C03F4BA4}.Release|Any CPU.Build.0 = Release|Any CPU
		{BA1724CC-0906-B0C1-3BEA-9189B0359169}.Debug|Any CPU.ActiveCfg = Debug|Any CPU
		{BA1724CC-0906-B0C1-3BEA-9189B0359169}.Debug|Any CPU.Build.0 = Debug|Any CPU
		{BA1724CC-0906-B0C1-3BEA-9189B0359169}.Release|Any CPU.ActiveCfg = Release|Any CPU
		{BA1724CC-0906-B0C1-3BEA-9189B0359169}.Release|Any CPU.Build.0 = Release|Any CPU
		{7298EB04-4FD9-CEBB-C7D0-24A4B3414C09}.Debug|Any CPU.ActiveCfg = Debug|Any CPU
		{7298EB04-4FD9-CEBB-C7D0-24A4B3414C09}.Debug|Any CPU.Build.0 = Debug|Any CPU
		{7298EB04-4FD9-CEBB-C7D0-24A4B3414C09}.Release|Any CPU.ActiveCfg = Release|Any CPU
		{7298EB04-4FD9-CEBB-C7D0-24A4B3414C09}.Release|Any CPU.Build.0 = Release|Any CPU
		{58E9D0D3-30E0-73BF-E9A5-8B2F7FEB6F00}.Debug|Any CPU.ActiveCfg = Debug|Any CPU
		{58E9D0D3-30E0-73BF-E9A5-8B2F7FEB6F00}.Debug|Any CPU.Build.0 = Debug|Any CPU
		{58E9D0D3-30E0-73BF-E9A5-8B2F7FEB6F00}.Release|Any CPU.ActiveCfg = Release|Any CPU
		{58E9D0D3-30E0-73BF-E9A5-8B2F7FEB6F00}.Release|Any CPU.Build.0 = Release|Any CPU
	EndGlobalSection
	GlobalSection(SolutionProperties) = preSolution
		HideSolutionNode = FALSE
	EndGlobalSection
	GlobalSection(NestedProjects) = preSolution
		{AD32C394-C921-4F5B-8A3B-558F1D2C60D4} = {B58BB604-4FF2-457C-9E12-1EFAA82B9108}
		{C7B03FC4-06D0-4B6D-A7A4-7B823CB19984} = {B58BB604-4FF2-457C-9E12-1EFAA82B9108}
		{B2C6C062-3BBE-4D15-8607-BE37D4B5D7AB} = {B58BB604-4FF2-457C-9E12-1EFAA82B9108}
		{15941FF9-50E2-4776-B82A-8DBEE9FDA413} = {B58BB604-4FF2-457C-9E12-1EFAA82B9108}
		{84D51187-8D86-4D6B-A917-7447DE868203} = {B58BB604-4FF2-457C-9E12-1EFAA82B9108}
		{58A87A84-BAF8-458F-BE58-324FA7B4F5C2} = {9E5694F4-63B6-4F52-BEAE-252977C68BC1}
		{11B54544-6380-42E3-8135-F4483A8990DC} = {519BA94B-1F2D-4A92-8BBB-C6E1251864AD}
		{C41DCDF4-85AE-4BED-A9ED-50E2392F56A4} = {9E5694F4-63B6-4F52-BEAE-252977C68BC1}
		{7504EC63-D281-46A8-9AF3-38C109127FB8} = {519BA94B-1F2D-4A92-8BBB-C6E1251864AD}
		{3D5692F3-07DB-4801-AECE-C8D900CBD3D0} = {519BA94B-1F2D-4A92-8BBB-C6E1251864AD}
		{C9BE3655-034A-4E6D-AC3F-508D1BDA4A0C} = {519BA94B-1F2D-4A92-8BBB-C6E1251864AD}
		{58F63BCF-D874-40D6-A47B-18771571484F} = {519BA94B-1F2D-4A92-8BBB-C6E1251864AD}
		{7C437348-290C-467D-8B30-63D64C26974E} = {84DD6EDF-747D-40F8-A05C-7F1A0653DE83}
		{DA3FAF88-98DE-4ADD-93B3-FE0373F103B0} = {84DD6EDF-747D-40F8-A05C-7F1A0653DE83}
		{04F5D589-B239-46D4-A8CF-0AF0E2EEEF96} = {84DD6EDF-747D-40F8-A05C-7F1A0653DE83}
		{F01CC145-761E-475A-B9B1-A2550964BDC4} = {84DD6EDF-747D-40F8-A05C-7F1A0653DE83}
		{AED3D682-2EB3-4375-9520-5B1D21869A02} = {84DD6EDF-747D-40F8-A05C-7F1A0653DE83}
		{34789055-786A-420B-A6DC-1A0D8EA303BD} = {84DD6EDF-747D-40F8-A05C-7F1A0653DE83}
		{3FCFD876-1396-4EB1-8A1D-2229E7161D1F} = {84DD6EDF-747D-40F8-A05C-7F1A0653DE83}
		{EDB40FD4-A62B-4D88-9B99-9B0C548BB257} = {84DD6EDF-747D-40F8-A05C-7F1A0653DE83}
		{3553157D-36A4-4973-90B0-1659D268F563} = {84DD6EDF-747D-40F8-A05C-7F1A0653DE83}
		{684DA9AD-00D5-4764-87BF-52745931C153} = {84DD6EDF-747D-40F8-A05C-7F1A0653DE83}
		{80A081A1-2D11-42F6-BB54-ADDB4CFB29BE} = {9993308C-CD81-4DFA-B595-14FCAE1826B7}
		{35D81231-6719-4351-AE22-4CE0DAAD2D3D} = {84DD6EDF-747D-40F8-A05C-7F1A0653DE83}
		{2F04CD76-7FFF-4107-89B4-A865A27E1DE0} = {84DD6EDF-747D-40F8-A05C-7F1A0653DE83}
		{35DA80BB-B1F6-42CC-99CD-FB7FE7525911} = {84DD6EDF-747D-40F8-A05C-7F1A0653DE83}
		{3C75DD6C-7955-4ECD-9A26-0187BE76B918} = {84DD6EDF-747D-40F8-A05C-7F1A0653DE83}
		{36C1E620-42E5-4CE9-8DDD-8F1BCAFFA32B} = {84DD6EDF-747D-40F8-A05C-7F1A0653DE83}
		{990BD9AC-A225-463B-A723-F4DFFC7A7C6B} = {84DD6EDF-747D-40F8-A05C-7F1A0653DE83}
		{49DA985E-BD81-4989-B1F8-6C0A983DB88A} = {84DD6EDF-747D-40F8-A05C-7F1A0653DE83}
		{186C4866-6BC0-4F79-9EE5-E47C94D2D3AD} = {84DD6EDF-747D-40F8-A05C-7F1A0653DE83}
		{42221D54-246D-43FD-AF2D-D36A12B368C2} = {3A7F9367-4D80-4967-9CA2-23465868E2DB}
		{8B47A4E2-7FEA-46AC-B751-794F01755FB8} = {3A7F9367-4D80-4967-9CA2-23465868E2DB}
		{48AE6671-3AE4-4192-9BA4-70869DB4E383} = {3A7F9367-4D80-4967-9CA2-23465868E2DB}
		{54CB0229-F5A7-4CF2-9AC0-9AC3F0213F26} = {3A7F9367-4D80-4967-9CA2-23465868E2DB}
		{5DCC0F43-2482-48B3-B44D-B5C821133861} = {3A7F9367-4D80-4967-9CA2-23465868E2DB}
		{E25902FF-BC57-45A7-4B33-EE419C70DB67} = {02EA681E-C7D8-13C7-8484-4AC65E1B71E8}
		{AEE78276-A1FE-A6B3-3496-D344C03F4BA4} = {02EA681E-C7D8-13C7-8484-4AC65E1B71E8}
		{BA1724CC-0906-B0C1-3BEA-9189B0359169} = {02EA681E-C7D8-13C7-8484-4AC65E1B71E8}
		{7298EB04-4FD9-CEBB-C7D0-24A4B3414C09} = {02EA681E-C7D8-13C7-8484-4AC65E1B71E8}
		{58E9D0D3-30E0-73BF-E9A5-8B2F7FEB6F00} = {02EA681E-C7D8-13C7-8484-4AC65E1B71E8}
	EndGlobalSection
	GlobalSection(ExtensibilityGlobals) = postSolution
		SolutionGuid = {6B275C1A-10DA-4B8D-9F86-5F20E89E9F3E}
	EndGlobalSection
EndGlobal
