
Microsoft Visual Studio Solution File, Format Version 12.00
# Visual Studio Version 17
VisualStudioVersion = 17.11.35222.181
MinimumVisualStudioVersion = 10.0.40219.1
Project("{2150E333-8FDC-42A3-9474-1A3956D46DE8}") = "YPHF.Airspace", "YPHF.Airspace", "{B58BB604-4FF2-457C-9E12-1EFAA82B9108}"
EndProject
Project("{9A19103F-16F7-4668-BE54-9A1E7A4F7556}") = "YPHF.Airspace.Serice", "src\YPHF.Airspace\YPHF.Airspace.Serice\YPHF.Airspace.Serice.csproj", "{AD32C394-C921-4F5B-8A3B-558F1D2C60D4}"
EndProject
Project("{9A19103F-16F7-4668-BE54-9A1E7A4F7556}") = "YPHF.Airspace.Bll", "src\YPHF.Airspace\YPHF.Airspace.Bll\YPHF.Airspace.Bll.csproj", "{C7B03FC4-06D0-4B6D-A7A4-7B823CB19984}"
EndProject
Project("{9A19103F-16F7-4668-BE54-9A1E7A4F7556}") = "YPHF.Airspace.Dal", "src\YPHF.Airspace\YPHF.Airspace.Dal\YPHF.Airspace.Dal.csproj", "{B2C6C062-3BBE-4D15-8607-BE37D4B5D7AB}"
EndProject
Project("{9A19103F-16F7-4668-BE54-9A1E7A4F7556}") = "YPHF.Airspace.Model", "src\YPHF.Airspace\YPHF.Airspace.Model\YPHF.Airspace.Model.csproj", "{15941FF9-50E2-4776-B82A-8DBEE9FDA413}"
EndProject
Project("{9A19103F-16F7-4668-BE54-9A1E7A4F7556}") = "YPHF.Airspace.Dto", "src\YPHF.Dto\YPHF.Airspace.Dto\YPHF.Airspace.Dto.csproj", "{84D51187-8D86-4D6B-A917-7447DE868203}"
EndProject
Project("{2150E333-8FDC-42A3-9474-1A3956D46DE8}") = "YPHF.Auth", "YPHF.Auth", "{41ADE7B6-3C77-4E4A-A906-0A1A6ECD2125}"
EndProject
Project("{2150E333-8FDC-42A3-9474-1A3956D46DE8}") = "YPHF.Basic", "YPHF.Basic", "{303A1D70-DB08-4946-ADBD-8339D706AE84}"
EndProject
Project("{2150E333-8FDC-42A3-9474-1A3956D46DE8}") = "YPHF.Core", "YPHF.Core", "{84DD6EDF-747D-40F8-A05C-7F1A0653DE83}"
EndProject
Project("{2150E333-8FDC-42A3-9474-1A3956D46DE8}") = "YPHF.Events", "YPHF.Events", "{5128987D-F0C1-4DD2-A30E-AFC7826C8567}"
EndProject
Project("{2150E333-8FDC-42A3-9474-1A3956D46DE8}") = "YPHF.Files", "YPHF.Files", "{9E5694F4-63B6-4F52-BEAE-252977C68BC1}"
EndProject
Project("{2150E333-8FDC-42A3-9474-1A3956D46DE8}") = "YPHF.Gen", "YPHF.Gen", "{6E9CF512-D5F5-4060-A451-E92BF52B47DA}"
EndProject
Project("{2150E333-8FDC-42A3-9474-1A3956D46DE8}") = "YPHF.Gov", "YPHF.Gov", "{A4B8F0BA-8DE8-4ECC-BF00-0F4C7D6ADF91}"
EndProject
Project("{2150E333-8FDC-42A3-9474-1A3956D46DE8}") = "YPHF.Job", "YPHF.Job", "{519BA94B-1F2D-4A92-8BBB-C6E1251864AD}"
EndProject
Project("{2150E333-8FDC-42A3-9474-1A3956D46DE8}") = "YPHF.Plan", "YPHF.Plan", "{E60685A3-8A41-4BE9-A61C-8859173A717C}"
EndProject
Project("{2150E333-8FDC-42A3-9474-1A3956D46DE8}") = "YPHF.Push", "YPHF.Push", "{062D0218-57CB-44D2-B129-9B74EE19AAA0}"
EndProject
Project("{2150E333-8FDC-42A3-9474-1A3956D46DE8}") = "YPHF.Signal", "YPHF.Signal", "{618B5521-502C-45B6-9B56-5323222A9E3D}"
EndProject
Project("{2150E333-8FDC-42A3-9474-1A3956D46DE8}") = "YPHF.Statistics", "YPHF.Statistics", "{A083FED7-72F8-49AB-80A0-CEA7D37512CB}"
EndProject
Project("{2150E333-8FDC-42A3-9474-1A3956D46DE8}") = "YPHF.Weather", "YPHF.Weather", "{60D1FCDC-1AD6-4A5A-ACBB-3A21ED1181AB}"
EndProject
Project("{9A19103F-16F7-4668-BE54-9A1E7A4F7556}") = "YPHF.Auth.Dto", "src\YPHF.Dto\YPHF.Auth.Dto\YPHF.Auth.Dto.csproj", "{1FDA66EF-3D20-4229-AF73-548B84EAC9C8}"
EndProject
Project("{9A19103F-16F7-4668-BE54-9A1E7A4F7556}") = "YPHF.Basic.Dto", "src\YPHF.Dto\YPHF.Basic.Dto\YPHF.Basic.Dto.csproj", "{78E06FF0-105A-46EB-8FF2-F8EB0482B32D}"
EndProject
Project("{9A19103F-16F7-4668-BE54-9A1E7A4F7556}") = "YPHF.Events.Dto", "src\YPHF.Dto\YPHF.Events.Dto\YPHF.Events.Dto.csproj", "{532DB7D7-CE80-4A15-962A-3D0874A0BE64}"
EndProject
Project("{9A19103F-16F7-4668-BE54-9A1E7A4F7556}") = "YPHF.Files.Dto", "src\YPHF.Dto\YPHF.Files.Dto\YPHF.Files.Dto.csproj", "{58A87A84-BAF8-458F-BE58-324FA7B4F5C2}"
EndProject
Project("{9A19103F-16F7-4668-BE54-9A1E7A4F7556}") = "YPHF.Gen.Dto", "src\YPHF.Dto\YPHF.Gen.Dto\YPHF.Gen.Dto.csproj", "{DAB4E748-E33A-4FD5-88AF-07092A3546EC}"
EndProject
Project("{9A19103F-16F7-4668-BE54-9A1E7A4F7556}") = "YPHF.Gov.Dto", "src\YPHF.Dto\YPHF.Gov.Dto\YPHF.Gov.Dto.csproj", "{AE500734-569E-447C-A275-CE2222AB0455}"
EndProject
Project("{9A19103F-16F7-4668-BE54-9A1E7A4F7556}") = "YPHF.Job.Dto", "src\YPHF.Dto\YPHF.Job.Dto\YPHF.Job.Dto.csproj", "{11B54544-6380-42E3-8135-F4483A8990DC}"
EndProject
Project("{9A19103F-16F7-4668-BE54-9A1E7A4F7556}") = "YPHF.Plan.Dto", "src\YPHF.Dto\YPHF.Plan.Dto\YPHF.Plan.Dto.csproj", "{18DC0F10-130C-459A-B98A-F0092423F6DA}"
EndProject
Project("{9A19103F-16F7-4668-BE54-9A1E7A4F7556}") = "YPHF.Push.Dto", "src\YPHF.Dto\YPHF.Push.Dto\YPHF.Push.Dto.csproj", "{A715A6EC-9679-44A6-85D5-4B551AACB6D7}"
EndProject
Project("{9A19103F-16F7-4668-BE54-9A1E7A4F7556}") = "YPHF.Signal.Dto", "src\YPHF.Dto\YPHF.Signal.Dto\YPHF.Signal.Dto.csproj", "{E2DFF1AB-AE21-4F4E-940E-5D1C7ABD6BD8}"
EndProject
Project("{9A19103F-16F7-4668-BE54-9A1E7A4F7556}") = "YPHF.Statistics.Dto", "src\YPHF.Dto\YPHF.Statistics.Dto\YPHF.Statistics.Dto.csproj", "{15FB4E2B-281B-4D6E-8E80-DEB863D8A309}"
EndProject
Project("{9A19103F-16F7-4668-BE54-9A1E7A4F7556}") = "YPHF.Weather.Dto", "src\YPHF.Dto\YPHF.Weather.Dto\YPHF.Weather.Dto.csproj", "{EE73DD0C-C27B-4455-A287-670F59197506}"
EndProject
Project("{9A19103F-16F7-4668-BE54-9A1E7A4F7556}") = "YPHF.Auth.Bll", "src\YPHF.Auth\YPHF.Auth.Bll\YPHF.Auth.Bll.csproj", "{408C089D-105E-482E-8D8E-393EEBDFD880}"
EndProject
Project("{9A19103F-16F7-4668-BE54-9A1E7A4F7556}") = "YPHF.Auth.Dal", "src\YPHF.Auth\YPHF.Auth.Dal\YPHF.Auth.Dal.csproj", "{6195442E-8058-41F2-8551-C30D42DF5508}"
EndProject
Project("{9A19103F-16F7-4668-BE54-9A1E7A4F7556}") = "YPHF.Auth.Model", "src\YPHF.Auth\YPHF.Auth.Model\YPHF.Auth.Model.csproj", "{4C72F3DD-5621-499C-8204-7BDACA14BC90}"
EndProject
Project("{9A19103F-16F7-4668-BE54-9A1E7A4F7556}") = "YPHF.Auth.Service", "src\YPHF.Auth\YPHF.Auth.Service\YPHF.Auth.Service.csproj", "{BF29FE6D-70EF-470D-AAC8-2F872D24576C}"
EndProject
Project("{9A19103F-16F7-4668-BE54-9A1E7A4F7556}") = "YPHF.Basic.Bll", "src\YPHF.Basic\YPHF.Basic.Bll\YPHF.Basic.Bll.csproj", "{DF820B49-CCF1-41CD-9AC7-89DFAEDF72F5}"
EndProject
Project("{9A19103F-16F7-4668-BE54-9A1E7A4F7556}") = "YPHF.Basic.Dal", "src\YPHF.Basic\YPHF.Basic.Dal\YPHF.Basic.Dal.csproj", "{E442E54E-60B3-4D82-ADFB-CE40665647BB}"
EndProject
Project("{9A19103F-16F7-4668-BE54-9A1E7A4F7556}") = "YPHF.Basic.Model", "src\YPHF.Basic\YPHF.Basic.Model\YPHF.Basic.Model.csproj", "{238B0B71-A1CC-4258-821B-C614C84CE0D8}"
EndProject
Project("{9A19103F-16F7-4668-BE54-9A1E7A4F7556}") = "YPHF.Basic.Service", "src\YPHF.Basic\YPHF.Basic.Service\YPHF.Basic.Service.csproj", "{7F7DF2E9-271C-4255-B308-EECE274D0E6F}"
EndProject
Project("{9A19103F-16F7-4668-BE54-9A1E7A4F7556}") = "YPHF.Events.Bll", "src\YPHF.Events\YPHF.Events.Bll\YPHF.Events.Bll.csproj", "{9448A013-345F-465A-AEB0-DA246E49DD35}"
EndProject
Project("{9A19103F-16F7-4668-BE54-9A1E7A4F7556}") = "YPHF.Events.Dal", "src\YPHF.Events\YPHF.Events.Dal\YPHF.Events.Dal.csproj", "{A83C1BA4-4A74-4E74-8654-B2778A69FBD2}"
EndProject
Project("{9A19103F-16F7-4668-BE54-9A1E7A4F7556}") = "YPHF.Events.Model", "src\YPHF.Events\YPHF.Events.Model\YPHF.Events.Model.csproj", "{C63387AB-77D6-4457-A7B5-0F553D1A62DA}"
EndProject
Project("{9A19103F-16F7-4668-BE54-9A1E7A4F7556}") = "YPHF.Events.Services", "src\YPHF.Events\YPHF.Events.Services\YPHF.Events.Services.csproj", "{D8F7B2BD-3161-4915-A2F7-855A65846300}"
EndProject
Project("{9A19103F-16F7-4668-BE54-9A1E7A4F7556}") = "YPHF.Files.Service", "src\YPHF.Files\YPHF.Files.Service\YPHF.Files.Service.csproj", "{C41DCDF4-85AE-4BED-A9ED-50E2392F56A4}"
EndProject
Project("{9A19103F-16F7-4668-BE54-9A1E7A4F7556}") = "YPHF.Gen.Bll", "src\YPHF.Gen\YPHF.Gen.Bll\YPHF.Gen.Bll.csproj", "{A9F02FD5-F56E-4A61-8CFB-BA5415AB0C8A}"
EndProject
Project("{9A19103F-16F7-4668-BE54-9A1E7A4F7556}") = "YPHF.Gen.Dal", "src\YPHF.Gen\YPHF.Gen.Dal\YPHF.Gen.Dal.csproj", "{D4A04F1D-351E-419A-9510-139A06DA9907}"
EndProject
Project("{9A19103F-16F7-4668-BE54-9A1E7A4F7556}") = "YPHF.Gen.Model", "src\YPHF.Gen\YPHF.Gen.Model\YPHF.Gen.Model.csproj", "{A548C145-DED7-496F-B88E-CC4CB183C435}"
EndProject
Project("{9A19103F-16F7-4668-BE54-9A1E7A4F7556}") = "YPHF.Gen.Service", "src\YPHF.Gen\YPHF.Gen.Service\YPHF.Gen.Service.csproj", "{A00E9F58-4A8D-4DCF-A0DE-1BAEB54F4200}"
EndProject
Project("{9A19103F-16F7-4668-BE54-9A1E7A4F7556}") = "YPHF.Gov.Bll", "src\YPHF.Gov\YPHF.Gov.Bll\YPHF.Gov.Bll.csproj", "{8DC72A64-5AC4-4D54-B66C-830E0DDDEDB2}"
EndProject
Project("{9A19103F-16F7-4668-BE54-9A1E7A4F7556}") = "YPHF.Gov.Dal", "src\YPHF.Gov\YPHF.Gov.Dal\YPHF.Gov.Dal.csproj", "{19627A2D-5BD5-4B64-9E70-377514252ECC}"
EndProject
Project("{9A19103F-16F7-4668-BE54-9A1E7A4F7556}") = "YPHF.Gov.Model", "src\YPHF.Gov\YPHF.Gov.Model\YPHF.Gov.Model.csproj", "{8E13D98B-93F6-414F-A276-CDB086717C12}"
EndProject
Project("{9A19103F-16F7-4668-BE54-9A1E7A4F7556}") = "YPHF.Gov.Service", "src\YPHF.Gov\YPHF.Gov.Service\YPHF.Gov.Service.csproj", "{23DA552D-E939-41E4-BF27-1E7764AA2171}"
EndProject
Project("{9A19103F-16F7-4668-BE54-9A1E7A4F7556}") = "YPHF.Job.Bll", "src\YPHF.Job\YPHF.Job.Bll\YPHF.Job.Bll.csproj", "{7504EC63-D281-46A8-9AF3-38C109127FB8}"
EndProject
Project("{9A19103F-16F7-4668-BE54-9A1E7A4F7556}") = "YPHF.Job.Dal", "src\YPHF.Job\YPHF.Job.Dal\YPHF.Job.Dal.csproj", "{3D5692F3-07DB-4801-AECE-C8D900CBD3D0}"
EndProject
Project("{9A19103F-16F7-4668-BE54-9A1E7A4F7556}") = "YPHF.Job.Service", "src\YPHF.Job\YPHF.Job.Service\YPHF.Job.Service.csproj", "{C9BE3655-034A-4E6D-AC3F-508D1BDA4A0C}"
EndProject
Project("{9A19103F-16F7-4668-BE54-9A1E7A4F7556}") = "YPHF.Job.Model", "src\YPHF.Job\YPHF.Job.Model\YPHF.Job.Model.csproj", "{58F63BCF-D874-40D6-A47B-18771571484F}"
EndProject
Project("{9A19103F-16F7-4668-BE54-9A1E7A4F7556}") = "YPHF.Plan.Service", "src\YPHF.Plan\YPHF.Plan.Service\YPHF.Plan.Service.csproj", "{E9927C9D-AA72-47C5-8A63-D2BDF0B7792A}"
EndProject
Project("{9A19103F-16F7-4668-BE54-9A1E7A4F7556}") = "YPHF.Plan.Bll", "src\YPHF.Plan\YPHF.Plan.Bll\YPHF.Plan.Bll.csproj", "{635EF452-1D6E-4899-89D7-4617F5898F1D}"
EndProject
Project("{9A19103F-16F7-4668-BE54-9A1E7A4F7556}") = "YPHF.Plan.Dal", "src\YPHF.Plan\YPHF.Plan.Dal\YPHF.Plan.Dal.csproj", "{14D6042D-B7F7-4A16-BE77-74D2B19259B2}"
EndProject
Project("{9A19103F-16F7-4668-BE54-9A1E7A4F7556}") = "YPHF.Plan.Model", "src\YPHF.Plan\YPHF.Plan.Model\YPHF.Plan.Model.csproj", "{CDFDDD60-A9D6-477F-9432-718600D63F67}"
EndProject
Project("{9A19103F-16F7-4668-BE54-9A1E7A4F7556}") = "YPHF.Push.Service", "src\YPHF.Push\YPHF.Push.Service\YPHF.Push.Service.csproj", "{D76A4B37-D2E9-4E48-BADA-FF63748E432E}"
EndProject
Project("{9A19103F-16F7-4668-BE54-9A1E7A4F7556}") = "YPHF.Signal.Service", "src\YPHF.Signal\YPHF.Signal.Service\YPHF.Signal.Service.csproj", "{E93D2EBF-D99A-4CD7-8BDD-C6BA6AE40C89}"
EndProject
Project("{9A19103F-16F7-4668-BE54-9A1E7A4F7556}") = "YPHF.Signal.Dal", "src\YPHF.Signal\YPHF.Signal.Dal\YPHF.Signal.Dal.csproj", "{46F38891-E693-4C8C-877B-31C0E443C106}"
EndProject
Project("{9A19103F-16F7-4668-BE54-9A1E7A4F7556}") = "YPHF.Signal.Model", "src\YPHF.Signal\YPHF.Signal.Model\YPHF.Signal.Model.csproj", "{BC8A7881-D2EE-4572-B41C-E1FAD73D3A75}"
EndProject
Project("{9A19103F-16F7-4668-BE54-9A1E7A4F7556}") = "YPHF.Statistics.Service", "src\YPHF.Statistics\YPHF.Statistics.Service\YPHF.Statistics.Service.csproj", "{99FDCA0A-D32B-4452-B63C-1A45A5AAA205}"
EndProject
Project("{9A19103F-16F7-4668-BE54-9A1E7A4F7556}") = "YPHF.Weather.Service", "src\YPHF.Weather\YPHF.Weather.Service\YPHF.Weather.Service.csproj", "{0C7045B1-D72C-44B4-ADE7-9905BC99E3C1}"
EndProject
Project("{9A19103F-16F7-4668-BE54-9A1E7A4F7556}") = "YPHF.Weather.Bll", "src\YPHF.Weather\YPHF.Weather.Bll\YPHF.Weather.Bll.csproj", "{2CCA7318-E93E-42C2-B8F8-E8EB7A27B22A}"
EndProject
Project("{9A19103F-16F7-4668-BE54-9A1E7A4F7556}") = "YPHF.Weather.Dal", "src\YPHF.Weather\YPHF.Weather.Dal\YPHF.Weather.Dal.csproj", "{E31F28E2-4473-4948-822A-C95282005C71}"
EndProject
Project("{9A19103F-16F7-4668-BE54-9A1E7A4F7556}") = "YPHF.Weather.Model", "src\YPHF.Weather\YPHF.Weather.Model\YPHF.Weather.Model.csproj", "{B66215E4-A559-4D82-BF0E-12CC7FFC86FE}"
EndProject
Project("{9A19103F-16F7-4668-BE54-9A1E7A4F7556}") = "YPHF.Signal.Bll", "src\YPHF.Signal\YPHF.Signal.Bll\YPHF.Signal.Bll.csproj", "{3CC9C2A0-D0B4-4AE7-ADFF-8136F11D2336}"
EndProject
Project("{9A19103F-16F7-4668-BE54-9A1E7A4F7556}") = "YPHF.Core", "src\YPHF.Core\YPHF.Core\YPHF.Core.csproj", "{7C437348-290C-467D-8B30-63D64C26974E}"
EndProject
Project("{9A19103F-16F7-4668-BE54-9A1E7A4F7556}") = "YPHF.Core.Cache", "src\YPHF.Core\YPHF.Core.Cache\YPHF.Core.Cache.csproj", "{DA3FAF88-98DE-4ADD-93B3-FE0373F103B0}"
EndProject
Project("{9A19103F-16F7-4668-BE54-9A1E7A4F7556}") = "YPHF.Core.Cache.Redis", "src\YPHF.Core\YPHF.Core.Cache.Redis\YPHF.Core.Cache.Redis.csproj", "{04F5D589-B239-46D4-A8CF-0AF0E2EEEF96}"
EndProject
Project("{9A19103F-16F7-4668-BE54-9A1E7A4F7556}") = "YPHF.Core.Logging", "src\YPHF.Core\YPHF.Core.Logging\YPHF.Core.Logging.csproj", "{F01CC145-761E-475A-B9B1-A2550964BDC4}"
EndProject
Project("{9A19103F-16F7-4668-BE54-9A1E7A4F7556}") = "YPHF.Core.Logging.Log4Net", "src\YPHF.Core\YPHF.Core.Logging.Log4Net\YPHF.Core.Logging.Log4Net.csproj", "{AED3D682-2EB3-4375-9520-5B1D21869A02}"
EndProject
Project("{9A19103F-16F7-4668-BE54-9A1E7A4F7556}") = "YPHF.Core.Orm", "src\YPHF.Core\YPHF.Core.Orm\YPHF.Core.Orm.csproj", "{34789055-786A-420B-A6DC-1A0D8EA303BD}"
EndProject
Project("{9A19103F-16F7-4668-BE54-9A1E7A4F7556}") = "YPHF.Core.Orm.SqlSugar", "src\YPHF.Core\YPHF.Core.Orm.SqlSugar\YPHF.Core.Orm.SqlSugar.csproj", "{3FCFD876-1396-4EB1-8A1D-2229E7161D1F}"
EndProject
Project("{9A19103F-16F7-4668-BE54-9A1E7A4F7556}") = "YPHF.Core.Register", "src\YPHF.Core\YPHF.Core.Register\YPHF.Core.Register.csproj", "{EDB40FD4-A62B-4D88-9B99-9B0C548BB257}"
EndProject
Project("{9A19103F-16F7-4668-BE54-9A1E7A4F7556}") = "YPHF.Core.Register.Consul", "src\YPHF.Core\YPHF.Core.Register.Consul\YPHF.Core.Register.Consul.csproj", "{3553157D-36A4-4973-90B0-1659D268F563}"
EndProject
Project("{9A19103F-16F7-4668-BE54-9A1E7A4F7556}") = "YPHF.Core.Web", "src\YPHF.Core\YPHF.Core.Web\YPHF.Core.Web.csproj", "{684DA9AD-00D5-4764-87BF-52745931C153}"
EndProject
Project("{2150E333-8FDC-42A3-9474-1A3956D46DE8}") = "YPHF.Gateway", "YPHF.Gateway", "{9993308C-CD81-4DFA-B595-14FCAE1826B7}"
EndProject
Project("{9A19103F-16F7-4668-BE54-9A1E7A4F7556}") = "YPHF.Gateway.Service", "src\YPHF.Gateway\YPHF.Gateway.Service\YPHF.Gateway.Service.csproj", "{80A081A1-2D11-42F6-BB54-ADDB4CFB29BE}"
EndProject
Project("{9A19103F-16F7-4668-BE54-9A1E7A4F7556}") = "YPHF.Core.Trace", "src\YPHF.Core\YPHF.Core.Trace\YPHF.Core.Trace.csproj", "{35D81231-6719-4351-AE22-4CE0DAAD2D3D}"
EndProject
Project("{9A19103F-16F7-4668-BE54-9A1E7A4F7556}") = "YPHF.Core.Trace.Zipkin", "src\YPHF.Core\YPHF.Core.Trace.Zipkin\YPHF.Core.Trace.Zipkin.csproj", "{2F04CD76-7FFF-4107-89B4-A865A27E1DE0}"
EndProject
Project("{FAE04EC0-301F-11D3-BF4B-00C04F79EFBC}") = "YPHF.Core.Job", "src\YPHF.Core\YPHF.Core.Job\YPHF.Core.Job.csproj", "{35DA80BB-B1F6-42CC-99CD-FB7FE7525911}"
EndProject
Project("{FAE04EC0-301F-11D3-BF4B-00C04F79EFBC}") = "YPHF.Core.Job.Quartz", "src\YPHF.Core\YPHF.Core.Job.Quartz\YPHF.Core.Job.Quartz.csproj", "{3C75DD6C-7955-4ECD-9A26-0187BE76B918}"
EndProject
Project("{FAE04EC0-301F-11D3-BF4B-00C04F79EFBC}") = "YPHF.Core.Api", "src\YPHF.Core\YPHF.Core.Api\YPHF.Core.Api.csproj", "{36C1E620-42E5-4CE9-8DDD-8F1BCAFFA32B}"
EndProject
Project("{FAE04EC0-301F-11D3-BF4B-00C04F79EFBC}") = "YPHF.Core.Api.Swagger", "src\YPHF.Core\YPHF.Core.Api.Swagger\YPHF.Core.Api.Swagger.csproj", "{990BD9AC-A225-463B-A723-F4DFFC7A7C6B}"
EndProject
Project("{E53339B2-1760-4266-BCC7-CA923CBCF16C}") = "docker-compose", "docker-compose.dcproj", "{79050854-3323-407C-8989-31BCB46067F5}"
EndProject
Global
	GlobalSection(SolutionConfigurationPlatforms) = preSolution
		Debug|Any CPU = Debug|Any CPU
		Release|Any CPU = Release|Any CPU
	EndGlobalSection
	GlobalSection(ProjectConfigurationPlatforms) = postSolution
		{AD32C394-C921-4F5B-8A3B-558F1D2C60D4}.Debug|Any CPU.ActiveCfg = Debug|Any CPU
		{AD32C394-C921-4F5B-8A3B-558F1D2C60D4}.Debug|Any CPU.Build.0 = Debug|Any CPU
		{AD32C394-C921-4F5B-8A3B-558F1D2C60D4}.Release|Any CPU.ActiveCfg = Release|Any CPU
		{AD32C394-C921-4F5B-8A3B-558F1D2C60D4}.Release|Any CPU.Build.0 = Release|Any CPU
		{C7B03FC4-06D0-4B6D-A7A4-7B823CB19984}.Debug|Any CPU.ActiveCfg = Debug|Any CPU
		{C7B03FC4-06D0-4B6D-A7A4-7B823CB19984}.Debug|Any CPU.Build.0 = Debug|Any CPU
		{C7B03FC4-06D0-4B6D-A7A4-7B823CB19984}.Release|Any CPU.ActiveCfg = Release|Any CPU
		{C7B03FC4-06D0-4B6D-A7A4-7B823CB19984}.Release|Any CPU.Build.0 = Release|Any CPU
		{B2C6C062-3BBE-4D15-8607-BE37D4B5D7AB}.Debug|Any CPU.ActiveCfg = Debug|Any CPU
		{B2C6C062-3BBE-4D15-8607-BE37D4B5D7AB}.Debug|Any CPU.Build.0 = Debug|Any CPU
		{B2C6C062-3BBE-4D15-8607-BE37D4B5D7AB}.Release|Any CPU.ActiveCfg = Release|Any CPU
		{B2C6C062-3BBE-4D15-8607-BE37D4B5D7AB}.Release|Any CPU.Build.0 = Release|Any CPU
		{15941FF9-50E2-4776-B82A-8DBEE9FDA413}.Debug|Any CPU.ActiveCfg = Debug|Any CPU
		{15941FF9-50E2-4776-B82A-8DBEE9FDA413}.Debug|Any CPU.Build.0 = Debug|Any CPU
		{15941FF9-50E2-4776-B82A-8DBEE9FDA413}.Release|Any CPU.ActiveCfg = Release|Any CPU
		{15941FF9-50E2-4776-B82A-8DBEE9FDA413}.Release|Any CPU.Build.0 = Release|Any CPU
		{84D51187-8D86-4D6B-A917-7447DE868203}.Debug|Any CPU.ActiveCfg = Debug|Any CPU
		{84D51187-8D86-4D6B-A917-7447DE868203}.Debug|Any CPU.Build.0 = Debug|Any CPU
		{84D51187-8D86-4D6B-A917-7447DE868203}.Release|Any CPU.ActiveCfg = Release|Any CPU
		{84D51187-8D86-4D6B-A917-7447DE868203}.Release|Any CPU.Build.0 = Release|Any CPU
		{1FDA66EF-3D20-4229-AF73-548B84EAC9C8}.Debug|Any CPU.ActiveCfg = Debug|Any CPU
		{1FDA66EF-3D20-4229-AF73-548B84EAC9C8}.Debug|Any CPU.Build.0 = Debug|Any CPU
		{1FDA66EF-3D20-4229-AF73-548B84EAC9C8}.Release|Any CPU.ActiveCfg = Release|Any CPU
		{1FDA66EF-3D20-4229-AF73-548B84EAC9C8}.Release|Any CPU.Build.0 = Release|Any CPU
		{78E06FF0-105A-46EB-8FF2-F8EB0482B32D}.Debug|Any CPU.ActiveCfg = Debug|Any CPU
		{78E06FF0-105A-46EB-8FF2-F8EB0482B32D}.Debug|Any CPU.Build.0 = Debug|Any CPU
		{78E06FF0-105A-46EB-8FF2-F8EB0482B32D}.Release|Any CPU.ActiveCfg = Release|Any CPU
		{78E06FF0-105A-46EB-8FF2-F8EB0482B32D}.Release|Any CPU.Build.0 = Release|Any CPU
		{532DB7D7-CE80-4A15-962A-3D0874A0BE64}.Debug|Any CPU.ActiveCfg = Debug|Any CPU
		{532DB7D7-CE80-4A15-962A-3D0874A0BE64}.Debug|Any CPU.Build.0 = Debug|Any CPU
		{532DB7D7-CE80-4A15-962A-3D0874A0BE64}.Release|Any CPU.ActiveCfg = Release|Any CPU
		{532DB7D7-CE80-4A15-962A-3D0874A0BE64}.Release|Any CPU.Build.0 = Release|Any CPU
		{58A87A84-BAF8-458F-BE58-324FA7B4F5C2}.Debug|Any CPU.ActiveCfg = Debug|Any CPU
		{58A87A84-BAF8-458F-BE58-324FA7B4F5C2}.Debug|Any CPU.Build.0 = Debug|Any CPU
		{58A87A84-BAF8-458F-BE58-324FA7B4F5C2}.Release|Any CPU.ActiveCfg = Release|Any CPU
		{58A87A84-BAF8-458F-BE58-324FA7B4F5C2}.Release|Any CPU.Build.0 = Release|Any CPU
		{DAB4E748-E33A-4FD5-88AF-07092A3546EC}.Debug|Any CPU.ActiveCfg = Debug|Any CPU
		{DAB4E748-E33A-4FD5-88AF-07092A3546EC}.Debug|Any CPU.Build.0 = Debug|Any CPU
		{DAB4E748-E33A-4FD5-88AF-07092A3546EC}.Release|Any CPU.ActiveCfg = Release|Any CPU
		{DAB4E748-E33A-4FD5-88AF-07092A3546EC}.Release|Any CPU.Build.0 = Release|Any CPU
		{AE500734-569E-447C-A275-CE2222AB0455}.Debug|Any CPU.ActiveCfg = Debug|Any CPU
		{AE500734-569E-447C-A275-CE2222AB0455}.Debug|Any CPU.Build.0 = Debug|Any CPU
		{AE500734-569E-447C-A275-CE2222AB0455}.Release|Any CPU.ActiveCfg = Release|Any CPU
		{AE500734-569E-447C-A275-CE2222AB0455}.Release|Any CPU.Build.0 = Release|Any CPU
		{11B54544-6380-42E3-8135-F4483A8990DC}.Debug|Any CPU.ActiveCfg = Debug|Any CPU
		{11B54544-6380-42E3-8135-F4483A8990DC}.Debug|Any CPU.Build.0 = Debug|Any CPU
		{11B54544-6380-42E3-8135-F4483A8990DC}.Release|Any CPU.ActiveCfg = Release|Any CPU
		{11B54544-6380-42E3-8135-F4483A8990DC}.Release|Any CPU.Build.0 = Release|Any CPU
		{18DC0F10-130C-459A-B98A-F0092423F6DA}.Debug|Any CPU.ActiveCfg = Debug|Any CPU
		{18DC0F10-130C-459A-B98A-F0092423F6DA}.Debug|Any CPU.Build.0 = Debug|Any CPU
		{18DC0F10-130C-459A-B98A-F0092423F6DA}.Release|Any CPU.ActiveCfg = Release|Any CPU
		{18DC0F10-130C-459A-B98A-F0092423F6DA}.Release|Any CPU.Build.0 = Release|Any CPU
		{A715A6EC-9679-44A6-85D5-4B551AACB6D7}.Debug|Any CPU.ActiveCfg = Debug|Any CPU
		{A715A6EC-9679-44A6-85D5-4B551AACB6D7}.Debug|Any CPU.Build.0 = Debug|Any CPU
		{A715A6EC-9679-44A6-85D5-4B551AACB6D7}.Release|Any CPU.ActiveCfg = Release|Any CPU
		{A715A6EC-9679-44A6-85D5-4B551AACB6D7}.Release|Any CPU.Build.0 = Release|Any CPU
		{E2DFF1AB-AE21-4F4E-940E-5D1C7ABD6BD8}.Debug|Any CPU.ActiveCfg = Debug|Any CPU
		{E2DFF1AB-AE21-4F4E-940E-5D1C7ABD6BD8}.Debug|Any CPU.Build.0 = Debug|Any CPU
		{E2DFF1AB-AE21-4F4E-940E-5D1C7ABD6BD8}.Release|Any CPU.ActiveCfg = Release|Any CPU
		{E2DFF1AB-AE21-4F4E-940E-5D1C7ABD6BD8}.Release|Any CPU.Build.0 = Release|Any CPU
		{15FB4E2B-281B-4D6E-8E80-DEB863D8A309}.Debug|Any CPU.ActiveCfg = Debug|Any CPU
		{15FB4E2B-281B-4D6E-8E80-DEB863D8A309}.Debug|Any CPU.Build.0 = Debug|Any CPU
		{15FB4E2B-281B-4D6E-8E80-DEB863D8A309}.Release|Any CPU.ActiveCfg = Release|Any CPU
		{15FB4E2B-281B-4D6E-8E80-DEB863D8A309}.Release|Any CPU.Build.0 = Release|Any CPU
		{EE73DD0C-C27B-4455-A287-670F59197506}.Debug|Any CPU.ActiveCfg = Debug|Any CPU
		{EE73DD0C-C27B-4455-A287-670F59197506}.Debug|Any CPU.Build.0 = Debug|Any CPU
		{EE73DD0C-C27B-4455-A287-670F59197506}.Release|Any CPU.ActiveCfg = Release|Any CPU
		{EE73DD0C-C27B-4455-A287-670F59197506}.Release|Any CPU.Build.0 = Release|Any CPU
		{408C089D-105E-482E-8D8E-393EEBDFD880}.Debug|Any CPU.ActiveCfg = Debug|Any CPU
		{408C089D-105E-482E-8D8E-393EEBDFD880}.Debug|Any CPU.Build.0 = Debug|Any CPU
		{408C089D-105E-482E-8D8E-393EEBDFD880}.Release|Any CPU.ActiveCfg = Release|Any CPU
		{408C089D-105E-482E-8D8E-393EEBDFD880}.Release|Any CPU.Build.0 = Release|Any CPU
		{6195442E-8058-41F2-8551-C30D42DF5508}.Debug|Any CPU.ActiveCfg = Debug|Any CPU
		{6195442E-8058-41F2-8551-C30D42DF5508}.Debug|Any CPU.Build.0 = Debug|Any CPU
		{6195442E-8058-41F2-8551-C30D42DF5508}.Release|Any CPU.ActiveCfg = Release|Any CPU
		{6195442E-8058-41F2-8551-C30D42DF5508}.Release|Any CPU.Build.0 = Release|Any CPU
		{4C72F3DD-5621-499C-8204-7BDACA14BC90}.Debug|Any CPU.ActiveCfg = Debug|Any CPU
		{4C72F3DD-5621-499C-8204-7BDACA14BC90}.Debug|Any CPU.Build.0 = Debug|Any CPU
		{4C72F3DD-5621-499C-8204-7BDACA14BC90}.Release|Any CPU.ActiveCfg = Release|Any CPU
		{4C72F3DD-5621-499C-8204-7BDACA14BC90}.Release|Any CPU.Build.0 = Release|Any CPU
		{BF29FE6D-70EF-470D-AAC8-2F872D24576C}.Debug|Any CPU.ActiveCfg = Debug|Any CPU
		{BF29FE6D-70EF-470D-AAC8-2F872D24576C}.Debug|Any CPU.Build.0 = Debug|Any CPU
		{BF29FE6D-70EF-470D-AAC8-2F872D24576C}.Release|Any CPU.ActiveCfg = Release|Any CPU
		{BF29FE6D-70EF-470D-AAC8-2F872D24576C}.Release|Any CPU.Build.0 = Release|Any CPU
		{DF820B49-CCF1-41CD-9AC7-89DFAEDF72F5}.Debug|Any CPU.ActiveCfg = Debug|Any CPU
		{DF820B49-CCF1-41CD-9AC7-89DFAEDF72F5}.Debug|Any CPU.Build.0 = Debug|Any CPU
		{DF820B49-CCF1-41CD-9AC7-89DFAEDF72F5}.Release|Any CPU.ActiveCfg = Release|Any CPU
		{DF820B49-CCF1-41CD-9AC7-89DFAEDF72F5}.Release|Any CPU.Build.0 = Release|Any CPU
		{E442E54E-60B3-4D82-ADFB-CE40665647BB}.Debug|Any CPU.ActiveCfg = Debug|Any CPU
		{E442E54E-60B3-4D82-ADFB-CE40665647BB}.Debug|Any CPU.Build.0 = Debug|Any CPU
		{E442E54E-60B3-4D82-ADFB-CE40665647BB}.Release|Any CPU.ActiveCfg = Release|Any CPU
		{E442E54E-60B3-4D82-ADFB-CE40665647BB}.Release|Any CPU.Build.0 = Release|Any CPU
		{238B0B71-A1CC-4258-821B-C614C84CE0D8}.Debug|Any CPU.ActiveCfg = Debug|Any CPU
		{238B0B71-A1CC-4258-821B-C614C84CE0D8}.Debug|Any CPU.Build.0 = Debug|Any CPU
		{238B0B71-A1CC-4258-821B-C614C84CE0D8}.Release|Any CPU.ActiveCfg = Release|Any CPU
		{238B0B71-A1CC-4258-821B-C614C84CE0D8}.Release|Any CPU.Build.0 = Release|Any CPU
		{7F7DF2E9-271C-4255-B308-EECE274D0E6F}.Debug|Any CPU.ActiveCfg = Debug|Any CPU
		{7F7DF2E9-271C-4255-B308-EECE274D0E6F}.Debug|Any CPU.Build.0 = Debug|Any CPU
		{7F7DF2E9-271C-4255-B308-EECE274D0E6F}.Release|Any CPU.ActiveCfg = Release|Any CPU
		{7F7DF2E9-271C-4255-B308-EECE274D0E6F}.Release|Any CPU.Build.0 = Release|Any CPU
		{9448A013-345F-465A-AEB0-DA246E49DD35}.Debug|Any CPU.ActiveCfg = Debug|Any CPU
		{9448A013-345F-465A-AEB0-DA246E49DD35}.Debug|Any CPU.Build.0 = Debug|Any CPU
		{9448A013-345F-465A-AEB0-DA246E49DD35}.Release|Any CPU.ActiveCfg = Release|Any CPU
		{9448A013-345F-465A-AEB0-DA246E49DD35}.Release|Any CPU.Build.0 = Release|Any CPU
		{A83C1BA4-4A74-4E74-8654-B2778A69FBD2}.Debug|Any CPU.ActiveCfg = Debug|Any CPU
		{A83C1BA4-4A74-4E74-8654-B2778A69FBD2}.Debug|Any CPU.Build.0 = Debug|Any CPU
		{A83C1BA4-4A74-4E74-8654-B2778A69FBD2}.Release|Any CPU.ActiveCfg = Release|Any CPU
		{A83C1BA4-4A74-4E74-8654-B2778A69FBD2}.Release|Any CPU.Build.0 = Release|Any CPU
		{C63387AB-77D6-4457-A7B5-0F553D1A62DA}.Debug|Any CPU.ActiveCfg = Debug|Any CPU
		{C63387AB-77D6-4457-A7B5-0F553D1A62DA}.Debug|Any CPU.Build.0 = Debug|Any CPU
		{C63387AB-77D6-4457-A7B5-0F553D1A62DA}.Release|Any CPU.ActiveCfg = Release|Any CPU
		{C63387AB-77D6-4457-A7B5-0F553D1A62DA}.Release|Any CPU.Build.0 = Release|Any CPU
		{D8F7B2BD-3161-4915-A2F7-855A65846300}.Debug|Any CPU.ActiveCfg = Debug|Any CPU
		{D8F7B2BD-3161-4915-A2F7-855A65846300}.Debug|Any CPU.Build.0 = Debug|Any CPU
		{D8F7B2BD-3161-4915-A2F7-855A65846300}.Release|Any CPU.ActiveCfg = Release|Any CPU
		{D8F7B2BD-3161-4915-A2F7-855A65846300}.Release|Any CPU.Build.0 = Release|Any CPU
		{C41DCDF4-85AE-4BED-A9ED-50E2392F56A4}.Debug|Any CPU.ActiveCfg = Debug|Any CPU
		{C41DCDF4-85AE-4BED-A9ED-50E2392F56A4}.Debug|Any CPU.Build.0 = Debug|Any CPU
		{C41DCDF4-85AE-4BED-A9ED-50E2392F56A4}.Release|Any CPU.ActiveCfg = Release|Any CPU
		{C41DCDF4-85AE-4BED-A9ED-50E2392F56A4}.Release|Any CPU.Build.0 = Release|Any CPU
		{A9F02FD5-F56E-4A61-8CFB-BA5415AB0C8A}.Debug|Any CPU.ActiveCfg = Debug|Any CPU
		{A9F02FD5-F56E-4A61-8CFB-BA5415AB0C8A}.Debug|Any CPU.Build.0 = Debug|Any CPU
		{A9F02FD5-F56E-4A61-8CFB-BA5415AB0C8A}.Release|Any CPU.ActiveCfg = Release|Any CPU
		{A9F02FD5-F56E-4A61-8CFB-BA5415AB0C8A}.Release|Any CPU.Build.0 = Release|Any CPU
		{D4A04F1D-351E-419A-9510-139A06DA9907}.Debug|Any CPU.ActiveCfg = Debug|Any CPU
		{D4A04F1D-351E-419A-9510-139A06DA9907}.Debug|Any CPU.Build.0 = Debug|Any CPU
		{D4A04F1D-351E-419A-9510-139A06DA9907}.Release|Any CPU.ActiveCfg = Release|Any CPU
		{D4A04F1D-351E-419A-9510-139A06DA9907}.Release|Any CPU.Build.0 = Release|Any CPU
		{A548C145-DED7-496F-B88E-CC4CB183C435}.Debug|Any CPU.ActiveCfg = Debug|Any CPU
		{A548C145-DED7-496F-B88E-CC4CB183C435}.Debug|Any CPU.Build.0 = Debug|Any CPU
		{A548C145-DED7-496F-B88E-CC4CB183C435}.Release|Any CPU.ActiveCfg = Release|Any CPU
		{A548C145-DED7-496F-B88E-CC4CB183C435}.Release|Any CPU.Build.0 = Release|Any CPU
		{A00E9F58-4A8D-4DCF-A0DE-1BAEB54F4200}.Debug|Any CPU.ActiveCfg = Debug|Any CPU
		{A00E9F58-4A8D-4DCF-A0DE-1BAEB54F4200}.Debug|Any CPU.Build.0 = Debug|Any CPU
		{A00E9F58-4A8D-4DCF-A0DE-1BAEB54F4200}.Release|Any CPU.ActiveCfg = Release|Any CPU
		{A00E9F58-4A8D-4DCF-A0DE-1BAEB54F4200}.Release|Any CPU.Build.0 = Release|Any CPU
		{8DC72A64-5AC4-4D54-B66C-830E0DDDEDB2}.Debug|Any CPU.ActiveCfg = Debug|Any CPU
		{8DC72A64-5AC4-4D54-B66C-830E0DDDEDB2}.Debug|Any CPU.Build.0 = Debug|Any CPU
		{8DC72A64-5AC4-4D54-B66C-830E0DDDEDB2}.Release|Any CPU.ActiveCfg = Release|Any CPU
		{8DC72A64-5AC4-4D54-B66C-830E0DDDEDB2}.Release|Any CPU.Build.0 = Release|Any CPU
		{19627A2D-5BD5-4B64-9E70-377514252ECC}.Debug|Any CPU.ActiveCfg = Debug|Any CPU
		{19627A2D-5BD5-4B64-9E70-377514252ECC}.Debug|Any CPU.Build.0 = Debug|Any CPU
		{19627A2D-5BD5-4B64-9E70-377514252ECC}.Release|Any CPU.ActiveCfg = Release|Any CPU
		{19627A2D-5BD5-4B64-9E70-377514252ECC}.Release|Any CPU.Build.0 = Release|Any CPU
		{8E13D98B-93F6-414F-A276-CDB086717C12}.Debug|Any CPU.ActiveCfg = Debug|Any CPU
		{8E13D98B-93F6-414F-A276-CDB086717C12}.Debug|Any CPU.Build.0 = Debug|Any CPU
		{8E13D98B-93F6-414F-A276-CDB086717C12}.Release|Any CPU.ActiveCfg = Release|Any CPU
		{8E13D98B-93F6-414F-A276-CDB086717C12}.Release|Any CPU.Build.0 = Release|Any CPU
		{23DA552D-E939-41E4-BF27-1E7764AA2171}.Debug|Any CPU.ActiveCfg = Debug|Any CPU
		{23DA552D-E939-41E4-BF27-1E7764AA2171}.Debug|Any CPU.Build.0 = Debug|Any CPU
		{23DA552D-E939-41E4-BF27-1E7764AA2171}.Release|Any CPU.ActiveCfg = Release|Any CPU
		{23DA552D-E939-41E4-BF27-1E7764AA2171}.Release|Any CPU.Build.0 = Release|Any CPU
		{7504EC63-D281-46A8-9AF3-38C109127FB8}.Debug|Any CPU.ActiveCfg = Debug|Any CPU
		{7504EC63-D281-46A8-9AF3-38C109127FB8}.Debug|Any CPU.Build.0 = Debug|Any CPU
		{7504EC63-D281-46A8-9AF3-38C109127FB8}.Release|Any CPU.ActiveCfg = Release|Any CPU
		{7504EC63-D281-46A8-9AF3-38C109127FB8}.Release|Any CPU.Build.0 = Release|Any CPU
		{3D5692F3-07DB-4801-AECE-C8D900CBD3D0}.Debug|Any CPU.ActiveCfg = Debug|Any CPU
		{3D5692F3-07DB-4801-AECE-C8D900CBD3D0}.Debug|Any CPU.Build.0 = Debug|Any CPU
		{3D5692F3-07DB-4801-AECE-C8D900CBD3D0}.Release|Any CPU.ActiveCfg = Release|Any CPU
		{3D5692F3-07DB-4801-AECE-C8D900CBD3D0}.Release|Any CPU.Build.0 = Release|Any CPU
		{C9BE3655-034A-4E6D-AC3F-508D1BDA4A0C}.Debug|Any CPU.ActiveCfg = Debug|Any CPU
		{C9BE3655-034A-4E6D-AC3F-508D1BDA4A0C}.Debug|Any CPU.Build.0 = Debug|Any CPU
		{C9BE3655-034A-4E6D-AC3F-508D1BDA4A0C}.Release|Any CPU.ActiveCfg = Release|Any CPU
		{C9BE3655-034A-4E6D-AC3F-508D1BDA4A0C}.Release|Any CPU.Build.0 = Release|Any CPU
		{58F63BCF-D874-40D6-A47B-18771571484F}.Debug|Any CPU.ActiveCfg = Debug|Any CPU
		{58F63BCF-D874-40D6-A47B-18771571484F}.Debug|Any CPU.Build.0 = Debug|Any CPU
		{58F63BCF-D874-40D6-A47B-18771571484F}.Release|Any CPU.ActiveCfg = Release|Any CPU
		{58F63BCF-D874-40D6-A47B-18771571484F}.Release|Any CPU.Build.0 = Release|Any CPU
		{E9927C9D-AA72-47C5-8A63-D2BDF0B7792A}.Debug|Any CPU.ActiveCfg = Debug|Any CPU
		{E9927C9D-AA72-47C5-8A63-D2BDF0B7792A}.Debug|Any CPU.Build.0 = Debug|Any CPU
		{E9927C9D-AA72-47C5-8A63-D2BDF0B7792A}.Release|Any CPU.ActiveCfg = Release|Any CPU
		{E9927C9D-AA72-47C5-8A63-D2BDF0B7792A}.Release|Any CPU.Build.0 = Release|Any CPU
		{635EF452-1D6E-4899-89D7-4617F5898F1D}.Debug|Any CPU.ActiveCfg = Debug|Any CPU
		{635EF452-1D6E-4899-89D7-4617F5898F1D}.Debug|Any CPU.Build.0 = Debug|Any CPU
		{635EF452-1D6E-4899-89D7-4617F5898F1D}.Release|Any CPU.ActiveCfg = Release|Any CPU
		{635EF452-1D6E-4899-89D7-4617F5898F1D}.Release|Any CPU.Build.0 = Release|Any CPU
		{14D6042D-B7F7-4A16-BE77-74D2B19259B2}.Debug|Any CPU.ActiveCfg = Debug|Any CPU
		{14D6042D-B7F7-4A16-BE77-74D2B19259B2}.Debug|Any CPU.Build.0 = Debug|Any CPU
		{14D6042D-B7F7-4A16-BE77-74D2B19259B2}.Release|Any CPU.ActiveCfg = Release|Any CPU
		{14D6042D-B7F7-4A16-BE77-74D2B19259B2}.Release|Any CPU.Build.0 = Release|Any CPU
		{CDFDDD60-A9D6-477F-9432-718600D63F67}.Debug|Any CPU.ActiveCfg = Debug|Any CPU
		{CDFDDD60-A9D6-477F-9432-718600D63F67}.Debug|Any CPU.Build.0 = Debug|Any CPU
		{CDFDDD60-A9D6-477F-9432-718600D63F67}.Release|Any CPU.ActiveCfg = Release|Any CPU
		{CDFDDD60-A9D6-477F-9432-718600D63F67}.Release|Any CPU.Build.0 = Release|Any CPU
		{D76A4B37-D2E9-4E48-BADA-FF63748E432E}.Debug|Any CPU.ActiveCfg = Debug|Any CPU
		{D76A4B37-D2E9-4E48-BADA-FF63748E432E}.Debug|Any CPU.Build.0 = Debug|Any CPU
		{D76A4B37-D2E9-4E48-BADA-FF63748E432E}.Release|Any CPU.ActiveCfg = Release|Any CPU
		{D76A4B37-D2E9-4E48-BADA-FF63748E432E}.Release|Any CPU.Build.0 = Release|Any CPU
		{E93D2EBF-D99A-4CD7-8BDD-C6BA6AE40C89}.Debug|Any CPU.ActiveCfg = Debug|Any CPU
		{E93D2EBF-D99A-4CD7-8BDD-C6BA6AE40C89}.Debug|Any CPU.Build.0 = Debug|Any CPU
		{E93D2EBF-D99A-4CD7-8BDD-C6BA6AE40C89}.Release|Any CPU.ActiveCfg = Release|Any CPU
		{E93D2EBF-D99A-4CD7-8BDD-C6BA6AE40C89}.Release|Any CPU.Build.0 = Release|Any CPU
		{46F38891-E693-4C8C-877B-31C0E443C106}.Debug|Any CPU.ActiveCfg = Debug|Any CPU
		{46F38891-E693-4C8C-877B-31C0E443C106}.Debug|Any CPU.Build.0 = Debug|Any CPU
		{46F38891-E693-4C8C-877B-31C0E443C106}.Release|Any CPU.ActiveCfg = Release|Any CPU
		{46F38891-E693-4C8C-877B-31C0E443C106}.Release|Any CPU.Build.0 = Release|Any CPU
		{BC8A7881-D2EE-4572-B41C-E1FAD73D3A75}.Debug|Any CPU.ActiveCfg = Debug|Any CPU
		{BC8A7881-D2EE-4572-B41C-E1FAD73D3A75}.Debug|Any CPU.Build.0 = Debug|Any CPU
		{BC8A7881-D2EE-4572-B41C-E1FAD73D3A75}.Release|Any CPU.ActiveCfg = Release|Any CPU
		{BC8A7881-D2EE-4572-B41C-E1FAD73D3A75}.Release|Any CPU.Build.0 = Release|Any CPU
		{99FDCA0A-D32B-4452-B63C-1A45A5AAA205}.Debug|Any CPU.ActiveCfg = Debug|Any CPU
		{99FDCA0A-D32B-4452-B63C-1A45A5AAA205}.Debug|Any CPU.Build.0 = Debug|Any CPU
		{99FDCA0A-D32B-4452-B63C-1A45A5AAA205}.Release|Any CPU.ActiveCfg = Release|Any CPU
		{99FDCA0A-D32B-4452-B63C-1A45A5AAA205}.Release|Any CPU.Build.0 = Release|Any CPU
		{0C7045B1-D72C-44B4-ADE7-9905BC99E3C1}.Debug|Any CPU.ActiveCfg = Debug|Any CPU
		{0C7045B1-D72C-44B4-ADE7-9905BC99E3C1}.Debug|Any CPU.Build.0 = Debug|Any CPU
		{0C7045B1-D72C-44B4-ADE7-9905BC99E3C1}.Release|Any CPU.ActiveCfg = Release|Any CPU
		{0C7045B1-D72C-44B4-ADE7-9905BC99E3C1}.Release|Any CPU.Build.0 = Release|Any CPU
		{2CCA7318-E93E-42C2-B8F8-E8EB7A27B22A}.Debug|Any CPU.ActiveCfg = Debug|Any CPU
		{2CCA7318-E93E-42C2-B8F8-E8EB7A27B22A}.Debug|Any CPU.Build.0 = Debug|Any CPU
		{2CCA7318-E93E-42C2-B8F8-E8EB7A27B22A}.Release|Any CPU.ActiveCfg = Release|Any CPU
		{2CCA7318-E93E-42C2-B8F8-E8EB7A27B22A}.Release|Any CPU.Build.0 = Release|Any CPU
		{E31F28E2-4473-4948-822A-C95282005C71}.Debug|Any CPU.ActiveCfg = Debug|Any CPU
		{E31F28E2-4473-4948-822A-C95282005C71}.Debug|Any CPU.Build.0 = Debug|Any CPU
		{E31F28E2-4473-4948-822A-C95282005C71}.Release|Any CPU.ActiveCfg = Release|Any CPU
		{E31F28E2-4473-4948-822A-C95282005C71}.Release|Any CPU.Build.0 = Release|Any CPU
		{B66215E4-A559-4D82-BF0E-12CC7FFC86FE}.Debug|Any CPU.ActiveCfg = Debug|Any CPU
		{B66215E4-A559-4D82-BF0E-12CC7FFC86FE}.Debug|Any CPU.Build.0 = Debug|Any CPU
		{B66215E4-A559-4D82-BF0E-12CC7FFC86FE}.Release|Any CPU.ActiveCfg = Release|Any CPU
		{B66215E4-A559-4D82-BF0E-12CC7FFC86FE}.Release|Any CPU.Build.0 = Release|Any CPU
		{3CC9C2A0-D0B4-4AE7-ADFF-8136F11D2336}.Debug|Any CPU.ActiveCfg = Debug|Any CPU
		{3CC9C2A0-D0B4-4AE7-ADFF-8136F11D2336}.Debug|Any CPU.Build.0 = Debug|Any CPU
		{3CC9C2A0-D0B4-4AE7-ADFF-8136F11D2336}.Release|Any CPU.ActiveCfg = Release|Any CPU
		{3CC9C2A0-D0B4-4AE7-ADFF-8136F11D2336}.Release|Any CPU.Build.0 = Release|Any CPU
		{7C437348-290C-467D-8B30-63D64C26974E}.Debug|Any CPU.ActiveCfg = Debug|Any CPU
		{7C437348-290C-467D-8B30-63D64C26974E}.Debug|Any CPU.Build.0 = Debug|Any CPU
		{7C437348-290C-467D-8B30-63D64C26974E}.Release|Any CPU.ActiveCfg = Release|Any CPU
		{7C437348-290C-467D-8B30-63D64C26974E}.Release|Any CPU.Build.0 = Release|Any CPU
		{DA3FAF88-98DE-4ADD-93B3-FE0373F103B0}.Debug|Any CPU.ActiveCfg = Debug|Any CPU
		{DA3FAF88-98DE-4ADD-93B3-FE0373F103B0}.Debug|Any CPU.Build.0 = Debug|Any CPU
		{DA3FAF88-98DE-4ADD-93B3-FE0373F103B0}.Release|Any CPU.ActiveCfg = Release|Any CPU
		{DA3FAF88-98DE-4ADD-93B3-FE0373F103B0}.Release|Any CPU.Build.0 = Release|Any CPU
		{04F5D589-B239-46D4-A8CF-0AF0E2EEEF96}.Debug|Any CPU.ActiveCfg = Debug|Any CPU
		{04F5D589-B239-46D4-A8CF-0AF0E2EEEF96}.Debug|Any CPU.Build.0 = Debug|Any CPU
		{04F5D589-B239-46D4-A8CF-0AF0E2EEEF96}.Release|Any CPU.ActiveCfg = Release|Any CPU
		{04F5D589-B239-46D4-A8CF-0AF0E2EEEF96}.Release|Any CPU.Build.0 = Release|Any CPU
		{F01CC145-761E-475A-B9B1-A2550964BDC4}.Debug|Any CPU.ActiveCfg = Debug|Any CPU
		{F01CC145-761E-475A-B9B1-A2550964BDC4}.Debug|Any CPU.Build.0 = Debug|Any CPU
		{F01CC145-761E-475A-B9B1-A2550964BDC4}.Release|Any CPU.ActiveCfg = Release|Any CPU
		{F01CC145-761E-475A-B9B1-A2550964BDC4}.Release|Any CPU.Build.0 = Release|Any CPU
		{AED3D682-2EB3-4375-9520-5B1D21869A02}.Debug|Any CPU.ActiveCfg = Debug|Any CPU
		{AED3D682-2EB3-4375-9520-5B1D21869A02}.Debug|Any CPU.Build.0 = Debug|Any CPU
		{AED3D682-2EB3-4375-9520-5B1D21869A02}.Release|Any CPU.ActiveCfg = Release|Any CPU
		{AED3D682-2EB3-4375-9520-5B1D21869A02}.Release|Any CPU.Build.0 = Release|Any CPU
		{34789055-786A-420B-A6DC-1A0D8EA303BD}.Debug|Any CPU.ActiveCfg = Debug|Any CPU
		{34789055-786A-420B-A6DC-1A0D8EA303BD}.Debug|Any CPU.Build.0 = Debug|Any CPU
		{34789055-786A-420B-A6DC-1A0D8EA303BD}.Release|Any CPU.ActiveCfg = Release|Any CPU
		{34789055-786A-420B-A6DC-1A0D8EA303BD}.Release|Any CPU.Build.0 = Release|Any CPU
		{3FCFD876-1396-4EB1-8A1D-2229E7161D1F}.Debug|Any CPU.ActiveCfg = Debug|Any CPU
		{3FCFD876-1396-4EB1-8A1D-2229E7161D1F}.Debug|Any CPU.Build.0 = Debug|Any CPU
		{3FCFD876-1396-4EB1-8A1D-2229E7161D1F}.Release|Any CPU.ActiveCfg = Release|Any CPU
		{3FCFD876-1396-4EB1-8A1D-2229E7161D1F}.Release|Any CPU.Build.0 = Release|Any CPU
		{EDB40FD4-A62B-4D88-9B99-9B0C548BB257}.Debug|Any CPU.ActiveCfg = Debug|Any CPU
		{EDB40FD4-A62B-4D88-9B99-9B0C548BB257}.Debug|Any CPU.Build.0 = Debug|Any CPU
		{EDB40FD4-A62B-4D88-9B99-9B0C548BB257}.Release|Any CPU.ActiveCfg = Release|Any CPU
		{EDB40FD4-A62B-4D88-9B99-9B0C548BB257}.Release|Any CPU.Build.0 = Release|Any CPU
		{3553157D-36A4-4973-90B0-1659D268F563}.Debug|Any CPU.ActiveCfg = Debug|Any CPU
		{3553157D-36A4-4973-90B0-1659D268F563}.Debug|Any CPU.Build.0 = Debug|Any CPU
		{3553157D-36A4-4973-90B0-1659D268F563}.Release|Any CPU.ActiveCfg = Release|Any CPU
		{3553157D-36A4-4973-90B0-1659D268F563}.Release|Any CPU.Build.0 = Release|Any CPU
		{684DA9AD-00D5-4764-87BF-52745931C153}.Debug|Any CPU.ActiveCfg = Debug|Any CPU
		{684DA9AD-00D5-4764-87BF-52745931C153}.Debug|Any CPU.Build.0 = Debug|Any CPU
		{684DA9AD-00D5-4764-87BF-52745931C153}.Release|Any CPU.ActiveCfg = Release|Any CPU
		{684DA9AD-00D5-4764-87BF-52745931C153}.Release|Any CPU.Build.0 = Release|Any CPU
		{80A081A1-2D11-42F6-BB54-ADDB4CFB29BE}.Debug|Any CPU.ActiveCfg = Debug|Any CPU
		{80A081A1-2D11-42F6-BB54-ADDB4CFB29BE}.Debug|Any CPU.Build.0 = Debug|Any CPU
		{80A081A1-2D11-42F6-BB54-ADDB4CFB29BE}.Release|Any CPU.ActiveCfg = Release|Any CPU
		{80A081A1-2D11-42F6-BB54-ADDB4CFB29BE}.Release|Any CPU.Build.0 = Release|Any CPU
		{35D81231-6719-4351-AE22-4CE0DAAD2D3D}.Debug|Any CPU.ActiveCfg = Debug|Any CPU
		{35D81231-6719-4351-AE22-4CE0DAAD2D3D}.Debug|Any CPU.Build.0 = Debug|Any CPU
		{35D81231-6719-4351-AE22-4CE0DAAD2D3D}.Release|Any CPU.ActiveCfg = Release|Any CPU
		{35D81231-6719-4351-AE22-4CE0DAAD2D3D}.Release|Any CPU.Build.0 = Release|Any CPU
		{2F04CD76-7FFF-4107-89B4-A865A27E1DE0}.Debug|Any CPU.ActiveCfg = Debug|Any CPU
		{2F04CD76-7FFF-4107-89B4-A865A27E1DE0}.Debug|Any CPU.Build.0 = Debug|Any CPU
		{2F04CD76-7FFF-4107-89B4-A865A27E1DE0}.Release|Any CPU.ActiveCfg = Release|Any CPU
		{2F04CD76-7FFF-4107-89B4-A865A27E1DE0}.Release|Any CPU.Build.0 = Release|Any CPU
		{35DA80BB-B1F6-42CC-99CD-FB7FE7525911}.Debug|Any CPU.ActiveCfg = Debug|Any CPU
		{35DA80BB-B1F6-42CC-99CD-FB7FE7525911}.Debug|Any CPU.Build.0 = Debug|Any CPU
		{35DA80BB-B1F6-42CC-99CD-FB7FE7525911}.Release|Any CPU.ActiveCfg = Release|Any CPU
		{35DA80BB-B1F6-42CC-99CD-FB7FE7525911}.Release|Any CPU.Build.0 = Release|Any CPU
		{3C75DD6C-7955-4ECD-9A26-0187BE76B918}.Debug|Any CPU.ActiveCfg = Debug|Any CPU
		{3C75DD6C-7955-4ECD-9A26-0187BE76B918}.Debug|Any CPU.Build.0 = Debug|Any CPU
		{3C75DD6C-7955-4ECD-9A26-0187BE76B918}.Release|Any CPU.ActiveCfg = Release|Any CPU
		{3C75DD6C-7955-4ECD-9A26-0187BE76B918}.Release|Any CPU.Build.0 = Release|Any CPU
		{36C1E620-42E5-4CE9-8DDD-8F1BCAFFA32B}.Debug|Any CPU.ActiveCfg = Debug|Any CPU
		{36C1E620-42E5-4CE9-8DDD-8F1BCAFFA32B}.Debug|Any CPU.Build.0 = Debug|Any CPU
		{36C1E620-42E5-4CE9-8DDD-8F1BCAFFA32B}.Release|Any CPU.ActiveCfg = Release|Any CPU
		{36C1E620-42E5-4CE9-8DDD-8F1BCAFFA32B}.Release|Any CPU.Build.0 = Release|Any CPU
		{990BD9AC-A225-463B-A723-F4DFFC7A7C6B}.Debug|Any CPU.ActiveCfg = Debug|Any CPU
		{990BD9AC-A225-463B-A723-F4DFFC7A7C6B}.Debug|Any CPU.Build.0 = Debug|Any CPU
		{990BD9AC-A225-463B-A723-F4DFFC7A7C6B}.Release|Any CPU.ActiveCfg = Release|Any CPU
		{990BD9AC-A225-463B-A723-F4DFFC7A7C6B}.Release|Any CPU.Build.0 = Release|Any CPU
		{79050854-3323-407C-8989-31BCB46067F5}.Debug|Any CPU.ActiveCfg = Debug|Any CPU
		{79050854-3323-407C-8989-31BCB46067F5}.Debug|Any CPU.Build.0 = Debug|Any CPU
		{79050854-3323-407C-8989-31BCB46067F5}.Release|Any CPU.ActiveCfg = Release|Any CPU
		{79050854-3323-407C-8989-31BCB46067F5}.Release|Any CPU.Build.0 = Release|Any CPU
	EndGlobalSection
	GlobalSection(SolutionProperties) = preSolution
		HideSolutionNode = FALSE
	EndGlobalSection
	GlobalSection(NestedProjects) = preSolution
		{AD32C394-C921-4F5B-8A3B-558F1D2C60D4} = {B58BB604-4FF2-457C-9E12-1EFAA82B9108}
		{C7B03FC4-06D0-4B6D-A7A4-7B823CB19984} = {B58BB604-4FF2-457C-9E12-1EFAA82B9108}
		{B2C6C062-3BBE-4D15-8607-BE37D4B5D7AB} = {B58BB604-4FF2-457C-9E12-1EFAA82B9108}
		{15941FF9-50E2-4776-B82A-8DBEE9FDA413} = {B58BB604-4FF2-457C-9E12-1EFAA82B9108}
		{84D51187-8D86-4D6B-A917-7447DE868203} = {B58BB604-4FF2-457C-9E12-1EFAA82B9108}
		{1FDA66EF-3D20-4229-AF73-548B84EAC9C8} = {41ADE7B6-3C77-4E4A-A906-0A1A6ECD2125}
		{78E06FF0-105A-46EB-8FF2-F8EB0482B32D} = {303A1D70-DB08-4946-ADBD-8339D706AE84}
		{532DB7D7-CE80-4A15-962A-3D0874A0BE64} = {5128987D-F0C1-4DD2-A30E-AFC7826C8567}
		{58A87A84-BAF8-458F-BE58-324FA7B4F5C2} = {9E5694F4-63B6-4F52-BEAE-252977C68BC1}
		{DAB4E748-E33A-4FD5-88AF-07092A3546EC} = {6E9CF512-D5F5-4060-A451-E92BF52B47DA}
		{AE500734-569E-447C-A275-CE2222AB0455} = {A4B8F0BA-8DE8-4ECC-BF00-0F4C7D6ADF91}
		{11B54544-6380-42E3-8135-F4483A8990DC} = {519BA94B-1F2D-4A92-8BBB-C6E1251864AD}
		{18DC0F10-130C-459A-B98A-F0092423F6DA} = {E60685A3-8A41-4BE9-A61C-8859173A717C}
		{A715A6EC-9679-44A6-85D5-4B551AACB6D7} = {062D0218-57CB-44D2-B129-9B74EE19AAA0}
		{E2DFF1AB-AE21-4F4E-940E-5D1C7ABD6BD8} = {618B5521-502C-45B6-9B56-5323222A9E3D}
		{15FB4E2B-281B-4D6E-8E80-DEB863D8A309} = {A083FED7-72F8-49AB-80A0-CEA7D37512CB}
		{EE73DD0C-C27B-4455-A287-670F59197506} = {60D1FCDC-1AD6-4A5A-ACBB-3A21ED1181AB}
		{408C089D-105E-482E-8D8E-393EEBDFD880} = {41ADE7B6-3C77-4E4A-A906-0A1A6ECD2125}
		{6195442E-8058-41F2-8551-C30D42DF5508} = {41ADE7B6-3C77-4E4A-A906-0A1A6ECD2125}
		{4C72F3DD-5621-499C-8204-7BDACA14BC90} = {41ADE7B6-3C77-4E4A-A906-0A1A6ECD2125}
		{BF29FE6D-70EF-470D-AAC8-2F872D24576C} = {41ADE7B6-3C77-4E4A-A906-0A1A6ECD2125}
		{DF820B49-CCF1-41CD-9AC7-89DFAEDF72F5} = {303A1D70-DB08-4946-ADBD-8339D706AE84}
		{E442E54E-60B3-4D82-ADFB-CE40665647BB} = {303A1D70-DB08-4946-ADBD-8339D706AE84}
		{238B0B71-A1CC-4258-821B-C614C84CE0D8} = {303A1D70-DB08-4946-ADBD-8339D706AE84}
		{7F7DF2E9-271C-4255-B308-EECE274D0E6F} = {303A1D70-DB08-4946-ADBD-8339D706AE84}
		{9448A013-345F-465A-AEB0-DA246E49DD35} = {5128987D-F0C1-4DD2-A30E-AFC7826C8567}
		{A83C1BA4-4A74-4E74-8654-B2778A69FBD2} = {5128987D-F0C1-4DD2-A30E-AFC7826C8567}
		{C63387AB-77D6-4457-A7B5-0F553D1A62DA} = {5128987D-F0C1-4DD2-A30E-AFC7826C8567}
		{D8F7B2BD-3161-4915-A2F7-855A65846300} = {5128987D-F0C1-4DD2-A30E-AFC7826C8567}
		{C41DCDF4-85AE-4BED-A9ED-50E2392F56A4} = {9E5694F4-63B6-4F52-BEAE-252977C68BC1}
		{A9F02FD5-F56E-4A61-8CFB-BA5415AB0C8A} = {6E9CF512-D5F5-4060-A451-E92BF52B47DA}
		{D4A04F1D-351E-419A-9510-139A06DA9907} = {6E9CF512-D5F5-4060-A451-E92BF52B47DA}
		{A548C145-DED7-496F-B88E-CC4CB183C435} = {6E9CF512-D5F5-4060-A451-E92BF52B47DA}
		{A00E9F58-4A8D-4DCF-A0DE-1BAEB54F4200} = {6E9CF512-D5F5-4060-A451-E92BF52B47DA}
		{8DC72A64-5AC4-4D54-B66C-830E0DDDEDB2} = {A4B8F0BA-8DE8-4ECC-BF00-0F4C7D6ADF91}
		{19627A2D-5BD5-4B64-9E70-377514252ECC} = {A4B8F0BA-8DE8-4ECC-BF00-0F4C7D6ADF91}
		{8E13D98B-93F6-414F-A276-CDB086717C12} = {A4B8F0BA-8DE8-4ECC-BF00-0F4C7D6ADF91}
		{23DA552D-E939-41E4-BF27-1E7764AA2171} = {A4B8F0BA-8DE8-4ECC-BF00-0F4C7D6ADF91}
		{7504EC63-D281-46A8-9AF3-38C109127FB8} = {519BA94B-1F2D-4A92-8BBB-C6E1251864AD}
		{3D5692F3-07DB-4801-AECE-C8D900CBD3D0} = {519BA94B-1F2D-4A92-8BBB-C6E1251864AD}
		{C9BE3655-034A-4E6D-AC3F-508D1BDA4A0C} = {519BA94B-1F2D-4A92-8BBB-C6E1251864AD}
		{58F63BCF-D874-40D6-A47B-18771571484F} = {519BA94B-1F2D-4A92-8BBB-C6E1251864AD}
		{E9927C9D-AA72-47C5-8A63-D2BDF0B7792A} = {E60685A3-8A41-4BE9-A61C-8859173A717C}
		{635EF452-1D6E-4899-89D7-4617F5898F1D} = {E60685A3-8A41-4BE9-A61C-8859173A717C}
		{14D6042D-B7F7-4A16-BE77-74D2B19259B2} = {E60685A3-8A41-4BE9-A61C-8859173A717C}
		{CDFDDD60-A9D6-477F-9432-718600D63F67} = {E60685A3-8A41-4BE9-A61C-8859173A717C}
		{D76A4B37-D2E9-4E48-BADA-FF63748E432E} = {062D0218-57CB-44D2-B129-9B74EE19AAA0}
		{E93D2EBF-D99A-4CD7-8BDD-C6BA6AE40C89} = {618B5521-502C-45B6-9B56-5323222A9E3D}
		{46F38891-E693-4C8C-877B-31C0E443C106} = {618B5521-502C-45B6-9B56-5323222A9E3D}
		{BC8A7881-D2EE-4572-B41C-E1FAD73D3A75} = {618B5521-502C-45B6-9B56-5323222A9E3D}
		{99FDCA0A-D32B-4452-B63C-1A45A5AAA205} = {A083FED7-72F8-49AB-80A0-CEA7D37512CB}
		{0C7045B1-D72C-44B4-ADE7-9905BC99E3C1} = {60D1FCDC-1AD6-4A5A-ACBB-3A21ED1181AB}
		{2CCA7318-E93E-42C2-B8F8-E8EB7A27B22A} = {60D1FCDC-1AD6-4A5A-ACBB-3A21ED1181AB}
		{E31F28E2-4473-4948-822A-C95282005C71} = {60D1FCDC-1AD6-4A5A-ACBB-3A21ED1181AB}
		{B66215E4-A559-4D82-BF0E-12CC7FFC86FE} = {60D1FCDC-1AD6-4A5A-ACBB-3A21ED1181AB}
		{3CC9C2A0-D0B4-4AE7-ADFF-8136F11D2336} = {618B5521-502C-45B6-9B56-5323222A9E3D}
		{7C437348-290C-467D-8B30-63D64C26974E} = {84DD6EDF-747D-40F8-A05C-7F1A0653DE83}
		{DA3FAF88-98DE-4ADD-93B3-FE0373F103B0} = {84DD6EDF-747D-40F8-A05C-7F1A0653DE83}
		{04F5D589-B239-46D4-A8CF-0AF0E2EEEF96} = {84DD6EDF-747D-40F8-A05C-7F1A0653DE83}
		{F01CC145-761E-475A-B9B1-A2550964BDC4} = {84DD6EDF-747D-40F8-A05C-7F1A0653DE83}
		{AED3D682-2EB3-4375-9520-5B1D21869A02} = {84DD6EDF-747D-40F8-A05C-7F1A0653DE83}
		{34789055-786A-420B-A6DC-1A0D8EA303BD} = {84DD6EDF-747D-40F8-A05C-7F1A0653DE83}
		{3FCFD876-1396-4EB1-8A1D-2229E7161D1F} = {84DD6EDF-747D-40F8-A05C-7F1A0653DE83}
		{EDB40FD4-A62B-4D88-9B99-9B0C548BB257} = {84DD6EDF-747D-40F8-A05C-7F1A0653DE83}
		{3553157D-36A4-4973-90B0-1659D268F563} = {84DD6EDF-747D-40F8-A05C-7F1A0653DE83}
		{684DA9AD-00D5-4764-87BF-52745931C153} = {84DD6EDF-747D-40F8-A05C-7F1A0653DE83}
		{80A081A1-2D11-42F6-BB54-ADDB4CFB29BE} = {9993308C-CD81-4DFA-B595-14FCAE1826B7}
		{35D81231-6719-4351-AE22-4CE0DAAD2D3D} = {84DD6EDF-747D-40F8-A05C-7F1A0653DE83}
		{2F04CD76-7FFF-4107-89B4-A865A27E1DE0} = {84DD6EDF-747D-40F8-A05C-7F1A0653DE83}
		{35DA80BB-B1F6-42CC-99CD-FB7FE7525911} = {84DD6EDF-747D-40F8-A05C-7F1A0653DE83}
		{3C75DD6C-7955-4ECD-9A26-0187BE76B918} = {84DD6EDF-747D-40F8-A05C-7F1A0653DE83}
		{36C1E620-42E5-4CE9-8DDD-8F1BCAFFA32B} = {84DD6EDF-747D-40F8-A05C-7F1A0653DE83}
		{990BD9AC-A225-463B-A723-F4DFFC7A7C6B} = {84DD6EDF-747D-40F8-A05C-7F1A0653DE83}
	EndGlobalSection
	GlobalSection(ExtensibilityGlobals) = postSolution
		SolutionGuid = {6B275C1A-10DA-4B8D-9F86-5F20E89E9F3E}
	EndGlobalSection
EndGlobal
