
Microsoft Visual Studio Solution File, Format Version 12.00
# Visual Studio Version 17
VisualStudioVersion = 17.11.35222.181
MinimumVisualStudioVersion = 10.0.40219.1
Project("{2150E333-8FDC-42A3-9474-1A3956D46DE8}") = "YPHF.Service", "YPHF.Service", "{B58BB604-4FF2-457C-9E12-1EFAA82B9108}"
EndProject
Project("{9A19103F-16F7-4668-BE54-9A1E7A4F7556}") = "YPHF.Service.Service", "src\YPHF.Service\YPHF.Service.Service\YPHF.Service.Service.csproj", "{AD32C394-C921-4F5B-8A3B-558F1D2C60D4}"
EndProject
Project("{9A19103F-16F7-4668-BE54-9A1E7A4F7556}") = "YPHF.Service.Bll", "src\YPHF.Service\YPHF.Service.Bll\YPHF.Service.Bll.csproj", "{C7B03FC4-06D0-4B6D-A7A4-7B823CB19984}"
EndProject
Project("{9A19103F-16F7-4668-BE54-9A1E7A4F7556}") = "YPHF.Service.Dal", "src\YPHF.Service\YPHF.Service.Dal\YPHF.Service.Dal.csproj", "{B2C6C062-3BBE-4D15-8607-BE37D4B5D7AB}"
EndProject
Project("{9A19103F-16F7-4668-BE54-9A1E7A4F7556}") = "YPHF.Service.Model", "src\YPHF.Service\YPHF.Service.Model\YPHF.Service.Model.csproj", "{15941FF9-50E2-4776-B82A-8DBEE9FDA413}"
EndProject
Project("{9A19103F-16F7-4668-BE54-9A1E7A4F7556}") = "YPHF.Service.Dto", "src\YPHF.Dto\YPHF.Service.Dto\YPHF.Service.Dto.csproj", "{84D51187-8D86-4D6B-A917-7447DE868203}"
EndProject
Project("{2150E333-8FDC-42A3-9474-1A3956D46DE8}") = "YPHF.Core", "YPHF.Core", "{84DD6EDF-747D-40F8-A05C-7F1A0653DE83}"
EndProject
Project("{2150E333-8FDC-42A3-9474-1A3956D46DE8}") = "YPHF.Files", "YPHF.Files", "{9E5694F4-63B6-4F52-BEAE-252977C68BC1}"
EndProject
Project("{2150E333-8FDC-42A3-9474-1A3956D46DE8}") = "YPHF.Job", "YPHF.Job", "{519BA94B-1F2D-4A92-8BBB-C6E1251864AD}"
EndProject
Project("{9A19103F-16F7-4668-BE54-9A1E7A4F7556}") = "YPHF.Files.Dto", "src\YPHF.Dto\YPHF.Files.Dto\YPHF.Files.Dto.csproj", "{58A87A84-BAF8-458F-BE58-324FA7B4F5C2}"
EndProject
Project("{9A19103F-16F7-4668-BE54-9A1E7A4F7556}") = "YPHF.Job.Dto", "src\YPHF.Dto\YPHF.Job.Dto\YPHF.Job.Dto.csproj", "{11B54544-6380-42E3-8135-F4483A8990DC}"
EndProject
Project("{9A19103F-16F7-4668-BE54-9A1E7A4F7556}") = "YPHF.Files.Service", "src\YPHF.Files\YPHF.Files.Service\YPHF.Files.Service.csproj", "{C41DCDF4-85AE-4BED-A9ED-50E2392F56A4}"
EndProject
Project("{9A19103F-16F7-4668-BE54-9A1E7A4F7556}") = "YPHF.Job.Bll", "src\YPHF.Job\YPHF.Job.Bll\YPHF.Job.Bll.csproj", "{7504EC63-D281-46A8-9AF3-38C109127FB8}"
EndProject
Project("{9A19103F-16F7-4668-BE54-9A1E7A4F7556}") = "YPHF.Job.Dal", "src\YPHF.Job\YPHF.Job.Dal\YPHF.Job.Dal.csproj", "{3D5692F3-07DB-4801-AECE-C8D900CBD3D0}"
EndProject
Project("{9A19103F-16F7-4668-BE54-9A1E7A4F7556}") = "YPHF.Job.Service", "src\YPHF.Job\YPHF.Job.Service\YPHF.Job.Service.csproj", "{C9BE3655-034A-4E6D-AC3F-508D1BDA4A0C}"
EndProject
Project("{9A19103F-16F7-4668-BE54-9A1E7A4F7556}") = "YPHF.Job.Model", "src\YPHF.Job\YPHF.Job.Model\YPHF.Job.Model.csproj", "{58F63BCF-D874-40D6-A47B-18771571484F}"
EndProject
Project("{9A19103F-16F7-4668-BE54-9A1E7A4F7556}") = "YPHF.Core", "src\YPHF.Core\YPHF.Core\YPHF.Core.csproj", "{7C437348-290C-467D-8B30-63D64C26974E}"
EndProject
Project("{9A19103F-16F7-4668-BE54-9A1E7A4F7556}") = "YPHF.Core.Cache", "src\YPHF.Core\YPHF.Core.Cache\YPHF.Core.Cache.csproj", "{DA3FAF88-98DE-4ADD-93B3-FE0373F103B0}"
EndProject
Project("{9A19103F-16F7-4668-BE54-9A1E7A4F7556}") = "YPHF.Core.Cache.Redis", "src\YPHF.Core\YPHF.Core.Cache.Redis\YPHF.Core.Cache.Redis.csproj", "{04F5D589-B239-46D4-A8CF-0AF0E2EEEF96}"
EndProject
Project("{9A19103F-16F7-4668-BE54-9A1E7A4F7556}") = "YPHF.Core.Logging", "src\YPHF.Core\YPHF.Core.Logging\YPHF.Core.Logging.csproj", "{F01CC145-761E-475A-B9B1-A2550964BDC4}"
EndProject
Project("{9A19103F-16F7-4668-BE54-9A1E7A4F7556}") = "YPHF.Core.Logging.Log4Net", "src\YPHF.Core\YPHF.Core.Logging.Log4Net\YPHF.Core.Logging.Log4Net.csproj", "{AED3D682-2EB3-4375-9520-5B1D21869A02}"
EndProject
Project("{9A19103F-16F7-4668-BE54-9A1E7A4F7556}") = "YPHF.Core.Orm", "src\YPHF.Core\YPHF.Core.Orm\YPHF.Core.Orm.csproj", "{34789055-786A-420B-A6DC-1A0D8EA303BD}"
EndProject
Project("{9A19103F-16F7-4668-BE54-9A1E7A4F7556}") = "YPHF.Core.Orm.SqlSugar", "src\YPHF.Core\YPHF.Core.Orm.SqlSugar\YPHF.Core.Orm.SqlSugar.csproj", "{3FCFD876-1396-4EB1-8A1D-2229E7161D1F}"
EndProject
Project("{9A19103F-16F7-4668-BE54-9A1E7A4F7556}") = "YPHF.Core.Register", "src\YPHF.Core\YPHF.Core.Register\YPHF.Core.Register.csproj", "{EDB40FD4-A62B-4D88-9B99-9B0C548BB257}"
EndProject
Project("{9A19103F-16F7-4668-BE54-9A1E7A4F7556}") = "YPHF.Core.Register.Consul", "src\YPHF.Core\YPHF.Core.Register.Consul\YPHF.Core.Register.Consul.csproj", "{3553157D-36A4-4973-90B0-1659D268F563}"
EndProject
Project("{9A19103F-16F7-4668-BE54-9A1E7A4F7556}") = "YPHF.Core.Web", "src\YPHF.Core\YPHF.Core.Web\YPHF.Core.Web.csproj", "{684DA9AD-00D5-4764-87BF-52745931C153}"
EndProject
Project("{2150E333-8FDC-42A3-9474-1A3956D46DE8}") = "YPHF.Gateway", "YPHF.Gateway", "{9993308C-CD81-4DFA-B595-14FCAE1826B7}"
EndProject
Project("{9A19103F-16F7-4668-BE54-9A1E7A4F7556}") = "YPHF.Gateway.Service", "src\YPHF.Gateway\YPHF.Gateway.Service\YPHF.Gateway.Service.csproj", "{80A081A1-2D11-42F6-BB54-ADDB4CFB29BE}"
EndProject
Project("{9A19103F-16F7-4668-BE54-9A1E7A4F7556}") = "YPHF.Core.Trace", "src\YPHF.Core\YPHF.Core.Trace\YPHF.Core.Trace.csproj", "{35D81231-6719-4351-AE22-4CE0DAAD2D3D}"
EndProject
Project("{9A19103F-16F7-4668-BE54-9A1E7A4F7556}") = "YPHF.Core.Trace.Zipkin", "src\YPHF.Core\YPHF.Core.Trace.Zipkin\YPHF.Core.Trace.Zipkin.csproj", "{2F04CD76-7FFF-4107-89B4-A865A27E1DE0}"
EndProject
Project("{FAE04EC0-301F-11D3-BF4B-00C04F79EFBC}") = "YPHF.Core.Job", "src\YPHF.Core\YPHF.Core.Job\YPHF.Core.Job.csproj", "{35DA80BB-B1F6-42CC-99CD-FB7FE7525911}"
EndProject
Project("{FAE04EC0-301F-11D3-BF4B-00C04F79EFBC}") = "YPHF.Core.Job.Quartz", "src\YPHF.Core\YPHF.Core.Job.Quartz\YPHF.Core.Job.Quartz.csproj", "{3C75DD6C-7955-4ECD-9A26-0187BE76B918}"
EndProject
Project("{FAE04EC0-301F-11D3-BF4B-00C04F79EFBC}") = "YPHF.Core.Api", "src\YPHF.Core\YPHF.Core.Api\YPHF.Core.Api.csproj", "{36C1E620-42E5-4CE9-8DDD-8F1BCAFFA32B}"
EndProject
Project("{FAE04EC0-301F-11D3-BF4B-00C04F79EFBC}") = "YPHF.Core.Api.Swagger", "src\YPHF.Core\YPHF.Core.Api.Swagger\YPHF.Core.Api.Swagger.csproj", "{990BD9AC-A225-463B-A723-F4DFFC7A7C6B}"
EndProject
Project("{E53339B2-1760-4266-BCC7-CA923CBCF16C}") = "docker-compose", "docker-compose.dcproj", "{79050854-3323-407C-8989-31BCB46067F5}"
EndProject
Global
	GlobalSection(SolutionConfigurationPlatforms) = preSolution
		Debug|Any CPU = Debug|Any CPU
		Release|Any CPU = Release|Any CPU
	EndGlobalSection
	GlobalSection(ProjectConfigurationPlatforms) = postSolution
		{AD32C394-C921-4F5B-8A3B-558F1D2C60D4}.Debug|Any CPU.ActiveCfg = Debug|Any CPU
		{AD32C394-C921-4F5B-8A3B-558F1D2C60D4}.Debug|Any CPU.Build.0 = Debug|Any CPU
		{AD32C394-C921-4F5B-8A3B-558F1D2C60D4}.Release|Any CPU.ActiveCfg = Release|Any CPU
		{AD32C394-C921-4F5B-8A3B-558F1D2C60D4}.Release|Any CPU.Build.0 = Release|Any CPU
		{C7B03FC4-06D0-4B6D-A7A4-7B823CB19984}.Debug|Any CPU.ActiveCfg = Debug|Any CPU
		{C7B03FC4-06D0-4B6D-A7A4-7B823CB19984}.Debug|Any CPU.Build.0 = Debug|Any CPU
		{C7B03FC4-06D0-4B6D-A7A4-7B823CB19984}.Release|Any CPU.ActiveCfg = Release|Any CPU
		{C7B03FC4-06D0-4B6D-A7A4-7B823CB19984}.Release|Any CPU.Build.0 = Release|Any CPU
		{B2C6C062-3BBE-4D15-8607-BE37D4B5D7AB}.Debug|Any CPU.ActiveCfg = Debug|Any CPU
		{B2C6C062-3BBE-4D15-8607-BE37D4B5D7AB}.Debug|Any CPU.Build.0 = Debug|Any CPU
		{B2C6C062-3BBE-4D15-8607-BE37D4B5D7AB}.Release|Any CPU.ActiveCfg = Release|Any CPU
		{B2C6C062-3BBE-4D15-8607-BE37D4B5D7AB}.Release|Any CPU.Build.0 = Release|Any CPU
		{15941FF9-50E2-4776-B82A-8DBEE9FDA413}.Debug|Any CPU.ActiveCfg = Debug|Any CPU
		{15941FF9-50E2-4776-B82A-8DBEE9FDA413}.Debug|Any CPU.Build.0 = Debug|Any CPU
		{15941FF9-50E2-4776-B82A-8DBEE9FDA413}.Release|Any CPU.ActiveCfg = Release|Any CPU
		{15941FF9-50E2-4776-B82A-8DBEE9FDA413}.Release|Any CPU.Build.0 = Release|Any CPU
		{84D51187-8D86-4D6B-A917-7447DE868203}.Debug|Any CPU.ActiveCfg = Debug|Any CPU
		{84D51187-8D86-4D6B-A917-7447DE868203}.Debug|Any CPU.Build.0 = Debug|Any CPU
		{84D51187-8D86-4D6B-A917-7447DE868203}.Release|Any CPU.ActiveCfg = Release|Any CPU
		{84D51187-8D86-4D6B-A917-7447DE868203}.Release|Any CPU.Build.0 = Release|Any CPU
		{58A87A84-BAF8-458F-BE58-324FA7B4F5C2}.Debug|Any CPU.ActiveCfg = Debug|Any CPU
		{58A87A84-BAF8-458F-BE58-324FA7B4F5C2}.Debug|Any CPU.Build.0 = Debug|Any CPU
		{58A87A84-BAF8-458F-BE58-324FA7B4F5C2}.Release|Any CPU.ActiveCfg = Release|Any CPU
		{58A87A84-BAF8-458F-BE58-324FA7B4F5C2}.Release|Any CPU.Build.0 = Release|Any CPU
		{11B54544-6380-42E3-8135-F4483A8990DC}.Debug|Any CPU.ActiveCfg = Debug|Any CPU
		{11B54544-6380-42E3-8135-F4483A8990DC}.Debug|Any CPU.Build.0 = Debug|Any CPU
		{11B54544-6380-42E3-8135-F4483A8990DC}.Release|Any CPU.ActiveCfg = Release|Any CPU
		{11B54544-6380-42E3-8135-F4483A8990DC}.Release|Any CPU.Build.0 = Release|Any CPU
		{C41DCDF4-85AE-4BED-A9ED-50E2392F56A4}.Debug|Any CPU.ActiveCfg = Debug|Any CPU
		{C41DCDF4-85AE-4BED-A9ED-50E2392F56A4}.Debug|Any CPU.Build.0 = Debug|Any CPU
		{C41DCDF4-85AE-4BED-A9ED-50E2392F56A4}.Release|Any CPU.ActiveCfg = Release|Any CPU
		{C41DCDF4-85AE-4BED-A9ED-50E2392F56A4}.Release|Any CPU.Build.0 = Release|Any CPU
		{7504EC63-D281-46A8-9AF3-38C109127FB8}.Debug|Any CPU.ActiveCfg = Debug|Any CPU
		{7504EC63-D281-46A8-9AF3-38C109127FB8}.Debug|Any CPU.Build.0 = Debug|Any CPU
		{7504EC63-D281-46A8-9AF3-38C109127FB8}.Release|Any CPU.ActiveCfg = Release|Any CPU
		{7504EC63-D281-46A8-9AF3-38C109127FB8}.Release|Any CPU.Build.0 = Release|Any CPU
		{3D5692F3-07DB-4801-AECE-C8D900CBD3D0}.Debug|Any CPU.ActiveCfg = Debug|Any CPU
		{3D5692F3-07DB-4801-AECE-C8D900CBD3D0}.Debug|Any CPU.Build.0 = Debug|Any CPU
		{3D5692F3-07DB-4801-AECE-C8D900CBD3D0}.Release|Any CPU.ActiveCfg = Release|Any CPU
		{3D5692F3-07DB-4801-AECE-C8D900CBD3D0}.Release|Any CPU.Build.0 = Release|Any CPU
		{C9BE3655-034A-4E6D-AC3F-508D1BDA4A0C}.Debug|Any CPU.ActiveCfg = Debug|Any CPU
		{C9BE3655-034A-4E6D-AC3F-508D1BDA4A0C}.Debug|Any CPU.Build.0 = Debug|Any CPU
		{C9BE3655-034A-4E6D-AC3F-508D1BDA4A0C}.Release|Any CPU.ActiveCfg = Release|Any CPU
		{C9BE3655-034A-4E6D-AC3F-508D1BDA4A0C}.Release|Any CPU.Build.0 = Release|Any CPU
		{58F63BCF-D874-40D6-A47B-18771571484F}.Debug|Any CPU.ActiveCfg = Debug|Any CPU
		{58F63BCF-D874-40D6-A47B-18771571484F}.Debug|Any CPU.Build.0 = Debug|Any CPU
		{58F63BCF-D874-40D6-A47B-18771571484F}.Release|Any CPU.ActiveCfg = Release|Any CPU
		{58F63BCF-D874-40D6-A47B-18771571484F}.Release|Any CPU.Build.0 = Release|Any CPU
		{7C437348-290C-467D-8B30-63D64C26974E}.Debug|Any CPU.ActiveCfg = Debug|Any CPU
		{7C437348-290C-467D-8B30-63D64C26974E}.Debug|Any CPU.Build.0 = Debug|Any CPU
		{7C437348-290C-467D-8B30-63D64C26974E}.Release|Any CPU.ActiveCfg = Release|Any CPU
		{7C437348-290C-467D-8B30-63D64C26974E}.Release|Any CPU.Build.0 = Release|Any CPU
		{DA3FAF88-98DE-4ADD-93B3-FE0373F103B0}.Debug|Any CPU.ActiveCfg = Debug|Any CPU
		{DA3FAF88-98DE-4ADD-93B3-FE0373F103B0}.Debug|Any CPU.Build.0 = Debug|Any CPU
		{DA3FAF88-98DE-4ADD-93B3-FE0373F103B0}.Release|Any CPU.ActiveCfg = Release|Any CPU
		{DA3FAF88-98DE-4ADD-93B3-FE0373F103B0}.Release|Any CPU.Build.0 = Release|Any CPU
		{04F5D589-B239-46D4-A8CF-0AF0E2EEEF96}.Debug|Any CPU.ActiveCfg = Debug|Any CPU
		{04F5D589-B239-46D4-A8CF-0AF0E2EEEF96}.Debug|Any CPU.Build.0 = Debug|Any CPU
		{04F5D589-B239-46D4-A8CF-0AF0E2EEEF96}.Release|Any CPU.ActiveCfg = Release|Any CPU
		{04F5D589-B239-46D4-A8CF-0AF0E2EEEF96}.Release|Any CPU.Build.0 = Release|Any CPU
		{F01CC145-761E-475A-B9B1-A2550964BDC4}.Debug|Any CPU.ActiveCfg = Debug|Any CPU
		{F01CC145-761E-475A-B9B1-A2550964BDC4}.Debug|Any CPU.Build.0 = Debug|Any CPU
		{F01CC145-761E-475A-B9B1-A2550964BDC4}.Release|Any CPU.ActiveCfg = Release|Any CPU
		{F01CC145-761E-475A-B9B1-A2550964BDC4}.Release|Any CPU.Build.0 = Release|Any CPU
		{AED3D682-2EB3-4375-9520-5B1D21869A02}.Debug|Any CPU.ActiveCfg = Debug|Any CPU
		{AED3D682-2EB3-4375-9520-5B1D21869A02}.Debug|Any CPU.Build.0 = Debug|Any CPU
		{AED3D682-2EB3-4375-9520-5B1D21869A02}.Release|Any CPU.ActiveCfg = Release|Any CPU
		{AED3D682-2EB3-4375-9520-5B1D21869A02}.Release|Any CPU.Build.0 = Release|Any CPU
		{34789055-786A-420B-A6DC-1A0D8EA303BD}.Debug|Any CPU.ActiveCfg = Debug|Any CPU
		{34789055-786A-420B-A6DC-1A0D8EA303BD}.Debug|Any CPU.Build.0 = Debug|Any CPU
		{34789055-786A-420B-A6DC-1A0D8EA303BD}.Release|Any CPU.ActiveCfg = Release|Any CPU
		{34789055-786A-420B-A6DC-1A0D8EA303BD}.Release|Any CPU.Build.0 = Release|Any CPU
		{3FCFD876-1396-4EB1-8A1D-2229E7161D1F}.Debug|Any CPU.ActiveCfg = Debug|Any CPU
		{3FCFD876-1396-4EB1-8A1D-2229E7161D1F}.Debug|Any CPU.Build.0 = Debug|Any CPU
		{3FCFD876-1396-4EB1-8A1D-2229E7161D1F}.Release|Any CPU.ActiveCfg = Release|Any CPU
		{3FCFD876-1396-4EB1-8A1D-2229E7161D1F}.Release|Any CPU.Build.0 = Release|Any CPU
		{EDB40FD4-A62B-4D88-9B99-9B0C548BB257}.Debug|Any CPU.ActiveCfg = Debug|Any CPU
		{EDB40FD4-A62B-4D88-9B99-9B0C548BB257}.Debug|Any CPU.Build.0 = Debug|Any CPU
		{EDB40FD4-A62B-4D88-9B99-9B0C548BB257}.Release|Any CPU.ActiveCfg = Release|Any CPU
		{EDB40FD4-A62B-4D88-9B99-9B0C548BB257}.Release|Any CPU.Build.0 = Release|Any CPU
		{3553157D-36A4-4973-90B0-1659D268F563}.Debug|Any CPU.ActiveCfg = Debug|Any CPU
		{3553157D-36A4-4973-90B0-1659D268F563}.Debug|Any CPU.Build.0 = Debug|Any CPU
		{3553157D-36A4-4973-90B0-1659D268F563}.Release|Any CPU.ActiveCfg = Release|Any CPU
		{3553157D-36A4-4973-90B0-1659D268F563}.Release|Any CPU.Build.0 = Release|Any CPU
		{684DA9AD-00D5-4764-87BF-52745931C153}.Debug|Any CPU.ActiveCfg = Debug|Any CPU
		{684DA9AD-00D5-4764-87BF-52745931C153}.Debug|Any CPU.Build.0 = Debug|Any CPU
		{684DA9AD-00D5-4764-87BF-52745931C153}.Release|Any CPU.ActiveCfg = Release|Any CPU
		{684DA9AD-00D5-4764-87BF-52745931C153}.Release|Any CPU.Build.0 = Release|Any CPU
		{80A081A1-2D11-42F6-BB54-ADDB4CFB29BE}.Debug|Any CPU.ActiveCfg = Debug|Any CPU
		{80A081A1-2D11-42F6-BB54-ADDB4CFB29BE}.Debug|Any CPU.Build.0 = Debug|Any CPU
		{80A081A1-2D11-42F6-BB54-ADDB4CFB29BE}.Release|Any CPU.ActiveCfg = Release|Any CPU
		{80A081A1-2D11-42F6-BB54-ADDB4CFB29BE}.Release|Any CPU.Build.0 = Release|Any CPU
		{35D81231-6719-4351-AE22-4CE0DAAD2D3D}.Debug|Any CPU.ActiveCfg = Debug|Any CPU
		{35D81231-6719-4351-AE22-4CE0DAAD2D3D}.Debug|Any CPU.Build.0 = Debug|Any CPU
		{35D81231-6719-4351-AE22-4CE0DAAD2D3D}.Release|Any CPU.ActiveCfg = Release|Any CPU
		{35D81231-6719-4351-AE22-4CE0DAAD2D3D}.Release|Any CPU.Build.0 = Release|Any CPU
		{2F04CD76-7FFF-4107-89B4-A865A27E1DE0}.Debug|Any CPU.ActiveCfg = Debug|Any CPU
		{2F04CD76-7FFF-4107-89B4-A865A27E1DE0}.Debug|Any CPU.Build.0 = Debug|Any CPU
		{2F04CD76-7FFF-4107-89B4-A865A27E1DE0}.Release|Any CPU.ActiveCfg = Release|Any CPU
		{2F04CD76-7FFF-4107-89B4-A865A27E1DE0}.Release|Any CPU.Build.0 = Release|Any CPU
		{35DA80BB-B1F6-42CC-99CD-FB7FE7525911}.Debug|Any CPU.ActiveCfg = Debug|Any CPU
		{35DA80BB-B1F6-42CC-99CD-FB7FE7525911}.Debug|Any CPU.Build.0 = Debug|Any CPU
		{35DA80BB-B1F6-42CC-99CD-FB7FE7525911}.Release|Any CPU.ActiveCfg = Release|Any CPU
		{35DA80BB-B1F6-42CC-99CD-FB7FE7525911}.Release|Any CPU.Build.0 = Release|Any CPU
		{3C75DD6C-7955-4ECD-9A26-0187BE76B918}.Debug|Any CPU.ActiveCfg = Debug|Any CPU
		{3C75DD6C-7955-4ECD-9A26-0187BE76B918}.Debug|Any CPU.Build.0 = Debug|Any CPU
		{3C75DD6C-7955-4ECD-9A26-0187BE76B918}.Release|Any CPU.ActiveCfg = Release|Any CPU
		{3C75DD6C-7955-4ECD-9A26-0187BE76B918}.Release|Any CPU.Build.0 = Release|Any CPU
		{36C1E620-42E5-4CE9-8DDD-8F1BCAFFA32B}.Debug|Any CPU.ActiveCfg = Debug|Any CPU
		{36C1E620-42E5-4CE9-8DDD-8F1BCAFFA32B}.Debug|Any CPU.Build.0 = Debug|Any CPU
		{36C1E620-42E5-4CE9-8DDD-8F1BCAFFA32B}.Release|Any CPU.ActiveCfg = Release|Any CPU
		{36C1E620-42E5-4CE9-8DDD-8F1BCAFFA32B}.Release|Any CPU.Build.0 = Release|Any CPU
		{990BD9AC-A225-463B-A723-F4DFFC7A7C6B}.Debug|Any CPU.ActiveCfg = Debug|Any CPU
		{990BD9AC-A225-463B-A723-F4DFFC7A7C6B}.Debug|Any CPU.Build.0 = Debug|Any CPU
		{990BD9AC-A225-463B-A723-F4DFFC7A7C6B}.Release|Any CPU.ActiveCfg = Release|Any CPU
		{990BD9AC-A225-463B-A723-F4DFFC7A7C6B}.Release|Any CPU.Build.0 = Release|Any CPU
		{79050854-3323-407C-8989-31BCB46067F5}.Debug|Any CPU.ActiveCfg = Debug|Any CPU
		{79050854-3323-407C-8989-31BCB46067F5}.Debug|Any CPU.Build.0 = Debug|Any CPU
		{79050854-3323-407C-8989-31BCB46067F5}.Release|Any CPU.ActiveCfg = Release|Any CPU
		{79050854-3323-407C-8989-31BCB46067F5}.Release|Any CPU.Build.0 = Release|Any CPU
	EndGlobalSection
	GlobalSection(SolutionProperties) = preSolution
		HideSolutionNode = FALSE
	EndGlobalSection
	GlobalSection(NestedProjects) = preSolution
		{AD32C394-C921-4F5B-8A3B-558F1D2C60D4} = {B58BB604-4FF2-457C-9E12-1EFAA82B9108}
		{C7B03FC4-06D0-4B6D-A7A4-7B823CB19984} = {B58BB604-4FF2-457C-9E12-1EFAA82B9108}
		{B2C6C062-3BBE-4D15-8607-BE37D4B5D7AB} = {B58BB604-4FF2-457C-9E12-1EFAA82B9108}
		{15941FF9-50E2-4776-B82A-8DBEE9FDA413} = {B58BB604-4FF2-457C-9E12-1EFAA82B9108}
		{84D51187-8D86-4D6B-A917-7447DE868203} = {B58BB604-4FF2-457C-9E12-1EFAA82B9108}
		{58A87A84-BAF8-458F-BE58-324FA7B4F5C2} = {9E5694F4-63B6-4F52-BEAE-252977C68BC1}
		{11B54544-6380-42E3-8135-F4483A8990DC} = {519BA94B-1F2D-4A92-8BBB-C6E1251864AD}
		{C41DCDF4-85AE-4BED-A9ED-50E2392F56A4} = {9E5694F4-63B6-4F52-BEAE-252977C68BC1}
		{7504EC63-D281-46A8-9AF3-38C109127FB8} = {519BA94B-1F2D-4A92-8BBB-C6E1251864AD}
		{3D5692F3-07DB-4801-AECE-C8D900CBD3D0} = {519BA94B-1F2D-4A92-8BBB-C6E1251864AD}
		{C9BE3655-034A-4E6D-AC3F-508D1BDA4A0C} = {519BA94B-1F2D-4A92-8BBB-C6E1251864AD}
		{58F63BCF-D874-40D6-A47B-18771571484F} = {519BA94B-1F2D-4A92-8BBB-C6E1251864AD}
		{7C437348-290C-467D-8B30-63D64C26974E} = {84DD6EDF-747D-40F8-A05C-7F1A0653DE83}
		{DA3FAF88-98DE-4ADD-93B3-FE0373F103B0} = {84DD6EDF-747D-40F8-A05C-7F1A0653DE83}
		{04F5D589-B239-46D4-A8CF-0AF0E2EEEF96} = {84DD6EDF-747D-40F8-A05C-7F1A0653DE83}
		{F01CC145-761E-475A-B9B1-A2550964BDC4} = {84DD6EDF-747D-40F8-A05C-7F1A0653DE83}
		{AED3D682-2EB3-4375-9520-5B1D21869A02} = {84DD6EDF-747D-40F8-A05C-7F1A0653DE83}
		{34789055-786A-420B-A6DC-1A0D8EA303BD} = {84DD6EDF-747D-40F8-A05C-7F1A0653DE83}
		{3FCFD876-1396-4EB1-8A1D-2229E7161D1F} = {84DD6EDF-747D-40F8-A05C-7F1A0653DE83}
		{EDB40FD4-A62B-4D88-9B99-9B0C548BB257} = {84DD6EDF-747D-40F8-A05C-7F1A0653DE83}
		{3553157D-36A4-4973-90B0-1659D268F563} = {84DD6EDF-747D-40F8-A05C-7F1A0653DE83}
		{684DA9AD-00D5-4764-87BF-52745931C153} = {84DD6EDF-747D-40F8-A05C-7F1A0653DE83}
		{80A081A1-2D11-42F6-BB54-ADDB4CFB29BE} = {9993308C-CD81-4DFA-B595-14FCAE1826B7}
		{35D81231-6719-4351-AE22-4CE0DAAD2D3D} = {84DD6EDF-747D-40F8-A05C-7F1A0653DE83}
		{2F04CD76-7FFF-4107-89B4-A865A27E1DE0} = {84DD6EDF-747D-40F8-A05C-7F1A0653DE83}
		{35DA80BB-B1F6-42CC-99CD-FB7FE7525911} = {84DD6EDF-747D-40F8-A05C-7F1A0653DE83}
		{3C75DD6C-7955-4ECD-9A26-0187BE76B918} = {84DD6EDF-747D-40F8-A05C-7F1A0653DE83}
		{36C1E620-42E5-4CE9-8DDD-8F1BCAFFA32B} = {84DD6EDF-747D-40F8-A05C-7F1A0653DE83}
		{990BD9AC-A225-463B-A723-F4DFFC7A7C6B} = {84DD6EDF-747D-40F8-A05C-7F1A0653DE83}
	EndGlobalSection
	GlobalSection(ExtensibilityGlobals) = postSolution
		SolutionGuid = {6B275C1A-10DA-4B8D-9F86-5F20E89E9F3E}
	EndGlobalSection
EndGlobal
