
Microsoft Visual Studio Solution File, Format Version 12.00
# Visual Studio Version 17
VisualStudioVersion = 17.11.35222.181
MinimumVisualStudioVersion = 10.0.40219.1
Project("{9A19103F-16F7-4668-BE54-9A1E7A4F7556}") = "YPHF.Basic.Bll", "YPHF.Basic.Bll\YPHF.Basic.Bll.csproj", "{4EBFC5EB-8B84-456F-A14E-18719A73364F}"
EndProject
Project("{9A19103F-16F7-4668-BE54-9A1E7A4F7556}") = "YPHF.Basic.Dal", "YPHF.Basic.Dal\YPHF.Basic.Dal.csproj", "{2D8B1ED4-0492-4E61-BFA5-3164709D0AF1}"
EndProject
Project("{9A19103F-16F7-4668-BE54-9A1E7A4F7556}") = "YPHF.Basic.Model", "YPHF.Basic.Model\YPHF.Basic.Model.csproj", "{3CF0BDEF-42E9-481C-9AF6-F6B6FF96D1EE}"
EndProject
Project("{9A19103F-16F7-4668-BE54-9A1E7A4F7556}") = "YPHF.Basic.Service", "YPHF.Basic.Service\YPHF.Basic.Service.csproj", "{54CF7D76-DCE6-4D81-B0BF-3C79AA3D55A0}"
EndProject
Project("{9A19103F-16F7-4668-BE54-9A1E7A4F7556}") = "YPHF.Basic.Dto", "..\YPHF.Dto\YPHF.Basic.Dto\YPHF.Basic.Dto.csproj", "{AB52B199-0E91-443F-BA57-A9B840AD0970}"
EndProject
Global
	GlobalSection(SolutionConfigurationPlatforms) = preSolution
		Debug|Any CPU = Debug|Any CPU
		Release|Any CPU = Release|Any CPU
	EndGlobalSection
	GlobalSection(ProjectConfigurationPlatforms) = postSolution
		{4EBFC5EB-8B84-456F-A14E-18719A73364F}.Debug|Any CPU.ActiveCfg = Debug|Any CPU
		{4EBFC5EB-8B84-456F-A14E-18719A73364F}.Debug|Any CPU.Build.0 = Debug|Any CPU
		{4EBFC5EB-8B84-456F-A14E-18719A73364F}.Release|Any CPU.ActiveCfg = Release|Any CPU
		{4EBFC5EB-8B84-456F-A14E-18719A73364F}.Release|Any CPU.Build.0 = Release|Any CPU
		{2D8B1ED4-0492-4E61-BFA5-3164709D0AF1}.Debug|Any CPU.ActiveCfg = Debug|Any CPU
		{2D8B1ED4-0492-4E61-BFA5-3164709D0AF1}.Debug|Any CPU.Build.0 = Debug|Any CPU
		{2D8B1ED4-0492-4E61-BFA5-3164709D0AF1}.Release|Any CPU.ActiveCfg = Release|Any CPU
		{2D8B1ED4-0492-4E61-BFA5-3164709D0AF1}.Release|Any CPU.Build.0 = Release|Any CPU
		{3CF0BDEF-42E9-481C-9AF6-F6B6FF96D1EE}.Debug|Any CPU.ActiveCfg = Debug|Any CPU
		{3CF0BDEF-42E9-481C-9AF6-F6B6FF96D1EE}.Debug|Any CPU.Build.0 = Debug|Any CPU
		{3CF0BDEF-42E9-481C-9AF6-F6B6FF96D1EE}.Release|Any CPU.ActiveCfg = Release|Any CPU
		{3CF0BDEF-42E9-481C-9AF6-F6B6FF96D1EE}.Release|Any CPU.Build.0 = Release|Any CPU
		{54CF7D76-DCE6-4D81-B0BF-3C79AA3D55A0}.Debug|Any CPU.ActiveCfg = Debug|Any CPU
		{54CF7D76-DCE6-4D81-B0BF-3C79AA3D55A0}.Debug|Any CPU.Build.0 = Debug|Any CPU
		{54CF7D76-DCE6-4D81-B0BF-3C79AA3D55A0}.Release|Any CPU.ActiveCfg = Release|Any CPU
		{54CF7D76-DCE6-4D81-B0BF-3C79AA3D55A0}.Release|Any CPU.Build.0 = Release|Any CPU
		{AB52B199-0E91-443F-BA57-A9B840AD0970}.Debug|Any CPU.ActiveCfg = Debug|Any CPU
		{AB52B199-0E91-443F-BA57-A9B840AD0970}.Debug|Any CPU.Build.0 = Debug|Any CPU
		{AB52B199-0E91-443F-BA57-A9B840AD0970}.Release|Any CPU.ActiveCfg = Release|Any CPU
		{AB52B199-0E91-443F-BA57-A9B840AD0970}.Release|Any CPU.Build.0 = Release|Any CPU
	EndGlobalSection
	GlobalSection(SolutionProperties) = preSolution
		HideSolutionNode = FALSE
	EndGlobalSection
	GlobalSection(ExtensibilityGlobals) = postSolution
		SolutionGuid = {6B275C1A-10DA-4B8D-9F86-5F20E89E9F3E}
	EndGlobalSection
EndGlobal
