
Microsoft Visual Studio Solution File, Format Version 12.00
# Visual Studio Version 17
VisualStudioVersion = 17.11.35222.181
MinimumVisualStudioVersion = 10.0.40219.1
Project("{DBDFE8F8-CF71-497A-B27B-CC86BA502689}") = "ViteCent.Basic.Api", "ViteCent.Basic.Api\ViteCent.Basic.Api.csproj", "{CB52AE13-D25A-4F9D-9A27-23B17A8338F0}"
EndProject
Project("{DBDFE8F8-CF71-497A-B27B-CC86BA502689}") = "ViteCent.Basic.Application", "ViteCent.Basic.Application\ViteCent.Basic.Application.csproj", "{CB9DE706-7426-480C-8DF9-4394D77418C6}"
EndProject
Project("{DBDFE8F8-CF71-497A-B27B-CC86BA502689}") = "ViteCent.Basic.Domain", "ViteCent.Basic.Domain\ViteCent.Basic.Domain.csproj", "{2252C980-16AB-41F6-98F7-E2D0F97F39BF}"
EndProject
Project("{DBDFE8F8-CF71-497A-B27B-CC86BA502689}") = "ViteCent.Basic.Entity", "ViteCent.Basic.Entity\ViteCent.Basic.Entity.csproj", "{0AA3A6DC-B9E5-4669-8A26-F2D03542517A}"
EndProject
Project("{DBDFE8F8-CF71-497A-B27B-CC86BA502689}") = "ViteCent.Basic.Data", "..\ViteCent.Data\ViteCent.Basic.Data\ViteCent.Basic.Data.csproj", "{138B0AEB-97B5-472B-BA6D-A37F4530CF44}"
EndProject
Global
	GlobalSection(SolutionConfigurationPlatforms) = preSolution
		Debug|Any CPU = Debug|Any CPU
		Release|Any CPU = Release|Any CPU
	EndGlobalSection
	GlobalSection(ProjectConfigurationPlatforms) = postSolution
		{CB52AE13-D25A-4F9D-9A27-23B17A8338F0}.Debug|Any CPU.ActiveCfg = Debug|Any CPU
		{CB52AE13-D25A-4F9D-9A27-23B17A8338F0}.Debug|Any CPU.Build.0 = Debug|Any CPU
		{CB52AE13-D25A-4F9D-9A27-23B17A8338F0}.Release|Any CPU.ActiveCfg = Release|Any CPU
		{CB52AE13-D25A-4F9D-9A27-23B17A8338F0}.Release|Any CPU.Build.0 = Release|Any CPU
		{CB9DE706-7426-480C-8DF9-4394D77418C6}.Debug|Any CPU.ActiveCfg = Debug|Any CPU
		{CB9DE706-7426-480C-8DF9-4394D77418C6}.Debug|Any CPU.Build.0 = Debug|Any CPU
		{CB9DE706-7426-480C-8DF9-4394D77418C6}.Release|Any CPU.ActiveCfg = Release|Any CPU
		{CB9DE706-7426-480C-8DF9-4394D77418C6}.Release|Any CPU.Build.0 = Release|Any CPU
		{2252C980-16AB-41F6-98F7-E2D0F97F39BF}.Debug|Any CPU.ActiveCfg = Debug|Any CPU
		{2252C980-16AB-41F6-98F7-E2D0F97F39BF}.Debug|Any CPU.Build.0 = Debug|Any CPU
		{2252C980-16AB-41F6-98F7-E2D0F97F39BF}.Release|Any CPU.ActiveCfg = Release|Any CPU
		{2252C980-16AB-41F6-98F7-E2D0F97F39BF}.Release|Any CPU.Build.0 = Release|Any CPU
		{0AA3A6DC-B9E5-4669-8A26-F2D03542517A}.Debug|Any CPU.ActiveCfg = Debug|Any CPU
		{0AA3A6DC-B9E5-4669-8A26-F2D03542517A}.Debug|Any CPU.Build.0 = Debug|Any CPU
		{0AA3A6DC-B9E5-4669-8A26-F2D03542517A}.Release|Any CPU.ActiveCfg = Release|Any CPU
		{0AA3A6DC-B9E5-4669-8A26-F2D03542517A}.Release|Any CPU.Build.0 = Release|Any CPU
		{138B0AEB-97B5-472B-BA6D-A37F4530CF44}.Debug|Any CPU.ActiveCfg = Debug|Any CPU
		{138B0AEB-97B5-472B-BA6D-A37F4530CF44}.Debug|Any CPU.Build.0 = Debug|Any CPU
		{138B0AEB-97B5-472B-BA6D-A37F4530CF44}.Release|Any CPU.ActiveCfg = Release|Any CPU
		{138B0AEB-97B5-472B-BA6D-A37F4530CF44}.Release|Any CPU.Build.0 = Release|Any CPU
	EndGlobalSection
	GlobalSection(SolutionProperties) = preSolution
		HideSolutionNode = FALSE
	EndGlobalSection
	GlobalSection(ExtensibilityGlobals) = postSolution
		SolutionGuid = {{DBDFE8F8-CF71-497A-B27B-CC86BA502689}}
	EndGlobalSection
EndGlobal
