
Microsoft Visual Studio Solution File, Format Version 12.00
# Visual Studio Version 17
VisualStudioVersion = 17.11.35222.181
MinimumVisualStudioVersion = 10.0.40219.1
Project("{6A088EDF-8508-463F-A9EA-9EB48122E0EA}") = "ViteCent.Basic.Api", "ViteCent.Basic.Api\ViteCent.Basic.Api.csproj", "{B74757F7-031D-4801-A35E-B2F779784F81}"
EndProject
Project("{6A088EDF-8508-463F-A9EA-9EB48122E0EA}") = "ViteCent.Basic.Application", "ViteCent.Basic.Application\ViteCent.Basic.Application.csproj", "{0FEA76DF-C665-42EE-9D99-F7026D10B448}"
EndProject
Project("{6A088EDF-8508-463F-A9EA-9EB48122E0EA}") = "ViteCent.Basic.Domain", "ViteCent.Basic.Domain\ViteCent.Basic.Domain.csproj", "{64221C5E-81A5-48D0-BAB8-87AEBBF1E8F6}"
EndProject
Project("{6A088EDF-8508-463F-A9EA-9EB48122E0EA}") = "ViteCent.Basic.Entity", "ViteCent.Basic.Entity\ViteCent.Basic.Entity.csproj", "{CF52AD1E-3CF1-479F-9AC2-BFED7D05096A}"
EndProject
Project("{6A088EDF-8508-463F-A9EA-9EB48122E0EA}") = "ViteCent.Basic.Data", "..\ViteCent.Data\ViteCent.Basic.Data\ViteCent.Basic.Data.csproj", "{418F3314-9595-45AA-87B2-095BC291C5A2}"
EndProject
Global
	GlobalSection(SolutionConfigurationPlatforms) = preSolution
		Debug|Any CPU = Debug|Any CPU
		Release|Any CPU = Release|Any CPU
	EndGlobalSection
	GlobalSection(ProjectConfigurationPlatforms) = postSolution
		{B74757F7-031D-4801-A35E-B2F779784F81}.Debug|Any CPU.ActiveCfg = Debug|Any CPU
		{B74757F7-031D-4801-A35E-B2F779784F81}.Debug|Any CPU.Build.0 = Debug|Any CPU
		{B74757F7-031D-4801-A35E-B2F779784F81}.Release|Any CPU.ActiveCfg = Release|Any CPU
		{B74757F7-031D-4801-A35E-B2F779784F81}.Release|Any CPU.Build.0 = Release|Any CPU
		{0FEA76DF-C665-42EE-9D99-F7026D10B448}.Debug|Any CPU.ActiveCfg = Debug|Any CPU
		{0FEA76DF-C665-42EE-9D99-F7026D10B448}.Debug|Any CPU.Build.0 = Debug|Any CPU
		{0FEA76DF-C665-42EE-9D99-F7026D10B448}.Release|Any CPU.ActiveCfg = Release|Any CPU
		{0FEA76DF-C665-42EE-9D99-F7026D10B448}.Release|Any CPU.Build.0 = Release|Any CPU
		{64221C5E-81A5-48D0-BAB8-87AEBBF1E8F6}.Debug|Any CPU.ActiveCfg = Debug|Any CPU
		{64221C5E-81A5-48D0-BAB8-87AEBBF1E8F6}.Debug|Any CPU.Build.0 = Debug|Any CPU
		{64221C5E-81A5-48D0-BAB8-87AEBBF1E8F6}.Release|Any CPU.ActiveCfg = Release|Any CPU
		{64221C5E-81A5-48D0-BAB8-87AEBBF1E8F6}.Release|Any CPU.Build.0 = Release|Any CPU
		{CF52AD1E-3CF1-479F-9AC2-BFED7D05096A}.Debug|Any CPU.ActiveCfg = Debug|Any CPU
		{CF52AD1E-3CF1-479F-9AC2-BFED7D05096A}.Debug|Any CPU.Build.0 = Debug|Any CPU
		{CF52AD1E-3CF1-479F-9AC2-BFED7D05096A}.Release|Any CPU.ActiveCfg = Release|Any CPU
		{CF52AD1E-3CF1-479F-9AC2-BFED7D05096A}.Release|Any CPU.Build.0 = Release|Any CPU
		{418F3314-9595-45AA-87B2-095BC291C5A2}.Debug|Any CPU.ActiveCfg = Debug|Any CPU
		{418F3314-9595-45AA-87B2-095BC291C5A2}.Debug|Any CPU.Build.0 = Debug|Any CPU
		{418F3314-9595-45AA-87B2-095BC291C5A2}.Release|Any CPU.ActiveCfg = Release|Any CPU
		{418F3314-9595-45AA-87B2-095BC291C5A2}.Release|Any CPU.Build.0 = Release|Any CPU
	EndGlobalSection
	GlobalSection(SolutionProperties) = preSolution
		HideSolutionNode = FALSE
	EndGlobalSection
	GlobalSection(ExtensibilityGlobals) = postSolution
		SolutionGuid = {{6A088EDF-8508-463F-A9EA-9EB48122E0EA}}
	EndGlobalSection
EndGlobal
