
Microsoft Visual Studio Solution File, Format Version 12.00
# Visual Studio Version 17
VisualStudioVersion = 17.11.35222.181
MinimumVisualStudioVersion = 10.0.40219.1
Project("{9A19103F-16F7-4668-BE54-9A1E7A4F7556}") = "Template.Airspace.Data", "Template.Airspace.Data\Template.Airspace.Data.csproj", "{70B9EC18-FB03-47F3-9333-6F172A53F7DB}"
EndProject
Project("{9A19103F-16F7-4668-BE54-9A1E7A4F7556}") = "Template.Auth.Data", "Template.Auth.Data\Template.Auth.Data.csproj", "{5577E133-14FF-4F8E-BE5F-9B973FA0A9CB}"
EndProject
Project("{9A19103F-16F7-4668-BE54-9A1E7A4F7556}") = "Template.Basic.Data", "Template.Basic.Data\Template.Basic.Data.csproj", "{7D955EDF-FCCE-4455-BF7F-2E4868569528}"
EndProject
Project("{9A19103F-16F7-4668-BE54-9A1E7A4F7556}") = "Template.Events.Data", "Template.Events.Data\Template.Events.Data.csproj", "{367C7D0A-2D42-4D6F-9280-10DF7697BA9B}"
EndProject
Project("{9A19103F-16F7-4668-BE54-9A1E7A4F7556}") = "Template.Gen.Data", "Template.Gen.Data\Template.Gen.Data.csproj", "{EE590E33-9713-4E9C-9848-249898E643A7}"
EndProject
Project("{9A19103F-16F7-4668-BE54-9A1E7A4F7556}") = "Template.Gov.Data", "Template.Gov.Data\Template.Gov.Data.csproj", "{F90E4D78-5291-455E-9512-8AC86B432376}"
EndProject
Project("{FAE04EC0-301F-11D3-BF4B-00C04F79EFBC}") = "Template.Job.Data", "Template.Job.Data\Template.Job.Data.csproj", "{6EE22A2F-141E-4E13-99D9-1DB5D67E5D0B}"
EndProject
Project("{FAE04EC0-301F-11D3-BF4B-00C04F79EFBC}") = "Template.Plan.Data", "Template.Plan.Data\Template.Plan.Data.csproj", "{20D6EC26-5E26-4D47-BE33-069B776BA1D1}"
EndProject
Project("{FAE04EC0-301F-11D3-BF4B-00C04F79EFBC}") = "Template.Push.Data", "Template.Push.Data\Template.Push.Data.csproj", "{67850583-9531-4E90-8406-0F4E8D81A6B6}"
EndProject
Project("{FAE04EC0-301F-11D3-BF4B-00C04F79EFBC}") = "Template.Signal.Data", "Template.Signal.Data\Template.Signal.Data.csproj", "{8DAA3597-4255-4B81-837B-C79B11FBF4CD}"
EndProject
Project("{FAE04EC0-301F-11D3-BF4B-00C04F79EFBC}") = "Template.Weather.Data", "Template.Weather.Data\Template.Weather.Data.csproj", "{68805D3D-1403-442F-BB00-70FD9BB527BC}"
EndProject
Project("{FAE04EC0-301F-11D3-BF4B-00C04F79EFBC}") = "Template.Statistics.Data", "Template.Statistics.Data\Template.Statistics.Data.csproj", "{DF5E80BC-2DB8-436F-BBB5-BEBA4CF1863F}"
EndProject
Project("{FAE04EC0-301F-11D3-BF4B-00C04F79EFBC}") = "Template.Files.Data", "Template.Files.Data\Template.Files.Data.csproj", "{F70D0AAC-7A4F-4D3B-AFA4-8E77DE26F32B}"
EndProject
Global
	GlobalSection(SolutionConfigurationPlatforms) = preSolution
		Debug|Any CPU = Debug|Any CPU
		Release|Any CPU = Release|Any CPU
	EndGlobalSection
	GlobalSection(ProjectConfigurationPlatforms) = postSolution
		{70B9EC18-FB03-47F3-9333-6F172A53F7DB}.Debug|Any CPU.ActiveCfg = Debug|Any CPU
		{70B9EC18-FB03-47F3-9333-6F172A53F7DB}.Debug|Any CPU.Build.0 = Debug|Any CPU
		{70B9EC18-FB03-47F3-9333-6F172A53F7DB}.Release|Any CPU.ActiveCfg = Release|Any CPU
		{70B9EC18-FB03-47F3-9333-6F172A53F7DB}.Release|Any CPU.Build.0 = Release|Any CPU
		{5577E133-14FF-4F8E-BE5F-9B973FA0A9CB}.Debug|Any CPU.ActiveCfg = Debug|Any CPU
		{5577E133-14FF-4F8E-BE5F-9B973FA0A9CB}.Debug|Any CPU.Build.0 = Debug|Any CPU
		{5577E133-14FF-4F8E-BE5F-9B973FA0A9CB}.Release|Any CPU.ActiveCfg = Release|Any CPU
		{5577E133-14FF-4F8E-BE5F-9B973FA0A9CB}.Release|Any CPU.Build.0 = Release|Any CPU
		{7D955EDF-FCCE-4455-BF7F-2E4868569528}.Debug|Any CPU.ActiveCfg = Debug|Any CPU
		{7D955EDF-FCCE-4455-BF7F-2E4868569528}.Debug|Any CPU.Build.0 = Debug|Any CPU
		{7D955EDF-FCCE-4455-BF7F-2E4868569528}.Release|Any CPU.ActiveCfg = Release|Any CPU
		{7D955EDF-FCCE-4455-BF7F-2E4868569528}.Release|Any CPU.Build.0 = Release|Any CPU
		{367C7D0A-2D42-4D6F-9280-10DF7697BA9B}.Debug|Any CPU.ActiveCfg = Debug|Any CPU
		{367C7D0A-2D42-4D6F-9280-10DF7697BA9B}.Debug|Any CPU.Build.0 = Debug|Any CPU
		{367C7D0A-2D42-4D6F-9280-10DF7697BA9B}.Release|Any CPU.ActiveCfg = Release|Any CPU
		{367C7D0A-2D42-4D6F-9280-10DF7697BA9B}.Release|Any CPU.Build.0 = Release|Any CPU
		{EE590E33-9713-4E9C-9848-249898E643A7}.Debug|Any CPU.ActiveCfg = Debug|Any CPU
		{EE590E33-9713-4E9C-9848-249898E643A7}.Debug|Any CPU.Build.0 = Debug|Any CPU
		{EE590E33-9713-4E9C-9848-249898E643A7}.Release|Any CPU.ActiveCfg = Release|Any CPU
		{EE590E33-9713-4E9C-9848-249898E643A7}.Release|Any CPU.Build.0 = Release|Any CPU
		{F90E4D78-5291-455E-9512-8AC86B432376}.Debug|Any CPU.ActiveCfg = Debug|Any CPU
		{F90E4D78-5291-455E-9512-8AC86B432376}.Debug|Any CPU.Build.0 = Debug|Any CPU
		{F90E4D78-5291-455E-9512-8AC86B432376}.Release|Any CPU.ActiveCfg = Release|Any CPU
		{F90E4D78-5291-455E-9512-8AC86B432376}.Release|Any CPU.Build.0 = Release|Any CPU
		{6EE22A2F-141E-4E13-99D9-1DB5D67E5D0B}.Debug|Any CPU.ActiveCfg = Debug|Any CPU
		{6EE22A2F-141E-4E13-99D9-1DB5D67E5D0B}.Debug|Any CPU.Build.0 = Debug|Any CPU
		{6EE22A2F-141E-4E13-99D9-1DB5D67E5D0B}.Release|Any CPU.ActiveCfg = Release|Any CPU
		{6EE22A2F-141E-4E13-99D9-1DB5D67E5D0B}.Release|Any CPU.Build.0 = Release|Any CPU
		{20D6EC26-5E26-4D47-BE33-069B776BA1D1}.Debug|Any CPU.ActiveCfg = Debug|Any CPU
		{20D6EC26-5E26-4D47-BE33-069B776BA1D1}.Debug|Any CPU.Build.0 = Debug|Any CPU
		{20D6EC26-5E26-4D47-BE33-069B776BA1D1}.Release|Any CPU.ActiveCfg = Release|Any CPU
		{20D6EC26-5E26-4D47-BE33-069B776BA1D1}.Release|Any CPU.Build.0 = Release|Any CPU
		{67850583-9531-4E90-8406-0F4E8D81A6B6}.Debug|Any CPU.ActiveCfg = Debug|Any CPU
		{67850583-9531-4E90-8406-0F4E8D81A6B6}.Debug|Any CPU.Build.0 = Debug|Any CPU
		{67850583-9531-4E90-8406-0F4E8D81A6B6}.Release|Any CPU.ActiveCfg = Release|Any CPU
		{67850583-9531-4E90-8406-0F4E8D81A6B6}.Release|Any CPU.Build.0 = Release|Any CPU
		{8DAA3597-4255-4B81-837B-C79B11FBF4CD}.Debug|Any CPU.ActiveCfg = Debug|Any CPU
		{8DAA3597-4255-4B81-837B-C79B11FBF4CD}.Debug|Any CPU.Build.0 = Debug|Any CPU
		{8DAA3597-4255-4B81-837B-C79B11FBF4CD}.Release|Any CPU.ActiveCfg = Release|Any CPU
		{8DAA3597-4255-4B81-837B-C79B11FBF4CD}.Release|Any CPU.Build.0 = Release|Any CPU
		{68805D3D-1403-442F-BB00-70FD9BB527BC}.Debug|Any CPU.ActiveCfg = Debug|Any CPU
		{68805D3D-1403-442F-BB00-70FD9BB527BC}.Debug|Any CPU.Build.0 = Debug|Any CPU
		{68805D3D-1403-442F-BB00-70FD9BB527BC}.Release|Any CPU.ActiveCfg = Release|Any CPU
		{68805D3D-1403-442F-BB00-70FD9BB527BC}.Release|Any CPU.Build.0 = Release|Any CPU
		{DF5E80BC-2DB8-436F-BBB5-BEBA4CF1863F}.Debug|Any CPU.ActiveCfg = Debug|Any CPU
		{DF5E80BC-2DB8-436F-BBB5-BEBA4CF1863F}.Debug|Any CPU.Build.0 = Debug|Any CPU
		{DF5E80BC-2DB8-436F-BBB5-BEBA4CF1863F}.Release|Any CPU.ActiveCfg = Release|Any CPU
		{DF5E80BC-2DB8-436F-BBB5-BEBA4CF1863F}.Release|Any CPU.Build.0 = Release|Any CPU
		{F70D0AAC-7A4F-4D3B-AFA4-8E77DE26F32B}.Debug|Any CPU.ActiveCfg = Debug|Any CPU
		{F70D0AAC-7A4F-4D3B-AFA4-8E77DE26F32B}.Debug|Any CPU.Build.0 = Debug|Any CPU
		{F70D0AAC-7A4F-4D3B-AFA4-8E77DE26F32B}.Release|Any CPU.ActiveCfg = Release|Any CPU
		{F70D0AAC-7A4F-4D3B-AFA4-8E77DE26F32B}.Release|Any CPU.Build.0 = Release|Any CPU
	EndGlobalSection
	GlobalSection(SolutionProperties) = preSolution
		HideSolutionNode = FALSE
	EndGlobalSection
	GlobalSection(ExtensibilityGlobals) = postSolution
		SolutionGuid = {6B275C1A-10DA-4B8D-9F86-5F20E89E9F3E}
	EndGlobalSection
EndGlobal
