
Microsoft Visual Studio Solution File, Format Version 12.00
# Visual Studio Version 17
VisualStudioVersion = 17.11.35222.181
MinimumVisualStudioVersion = 10.0.40219.1
Project("{9A19103F-16F7-4668-BE54-9A1E7A4F7556}") = "YPHF.Events.Bll", "YPHF.Events.Bll\YPHF.Events.Bll.csproj", "{B71CEAD3-5DF5-4DE3-9424-AAA765A11AD1}"
EndProject
Project("{9A19103F-16F7-4668-BE54-9A1E7A4F7556}") = "YPHF.Events.Dal", "YPHF.Events.Dal\YPHF.Events.Dal.csproj", "{A46F00D9-5AB9-41C9-907C-28BDEC44F345}"
EndProject
Project("{9A19103F-16F7-4668-BE54-9A1E7A4F7556}") = "YPHF.Events.Model", "YPHF.Events.Model\YPHF.Events.Model.csproj", "{3840FB52-4436-4D5B-A83E-3A65AE7A3F8B}"
EndProject
Project("{9A19103F-16F7-4668-BE54-9A1E7A4F7556}") = "YPHF.Events.Services", "YPHF.Events.Services\YPHF.Events.Services.csproj", "{647C6BD7-788C-4533-A26A-7427F8545761}"
EndProject
Project("{9A19103F-16F7-4668-BE54-9A1E7A4F7556}") = "YPHF.Events.Dto", "..\YPHF.Dto\YPHF.Events.Dto\YPHF.Events.Dto.csproj", "{91738C3D-107D-44F0-AA60-10D3E609090A}"
EndProject
Global
	GlobalSection(SolutionConfigurationPlatforms) = preSolution
		Debug|Any CPU = Debug|Any CPU
		Release|Any CPU = Release|Any CPU
	EndGlobalSection
	GlobalSection(ProjectConfigurationPlatforms) = postSolution
		{B71CEAD3-5DF5-4DE3-9424-AAA765A11AD1}.Debug|Any CPU.ActiveCfg = Debug|Any CPU
		{B71CEAD3-5DF5-4DE3-9424-AAA765A11AD1}.Debug|Any CPU.Build.0 = Debug|Any CPU
		{B71CEAD3-5DF5-4DE3-9424-AAA765A11AD1}.Release|Any CPU.ActiveCfg = Release|Any CPU
		{B71CEAD3-5DF5-4DE3-9424-AAA765A11AD1}.Release|Any CPU.Build.0 = Release|Any CPU
		{A46F00D9-5AB9-41C9-907C-28BDEC44F345}.Debug|Any CPU.ActiveCfg = Debug|Any CPU
		{A46F00D9-5AB9-41C9-907C-28BDEC44F345}.Debug|Any CPU.Build.0 = Debug|Any CPU
		{A46F00D9-5AB9-41C9-907C-28BDEC44F345}.Release|Any CPU.ActiveCfg = Release|Any CPU
		{A46F00D9-5AB9-41C9-907C-28BDEC44F345}.Release|Any CPU.Build.0 = Release|Any CPU
		{3840FB52-4436-4D5B-A83E-3A65AE7A3F8B}.Debug|Any CPU.ActiveCfg = Debug|Any CPU
		{3840FB52-4436-4D5B-A83E-3A65AE7A3F8B}.Debug|Any CPU.Build.0 = Debug|Any CPU
		{3840FB52-4436-4D5B-A83E-3A65AE7A3F8B}.Release|Any CPU.ActiveCfg = Release|Any CPU
		{3840FB52-4436-4D5B-A83E-3A65AE7A3F8B}.Release|Any CPU.Build.0 = Release|Any CPU
		{647C6BD7-788C-4533-A26A-7427F8545761}.Debug|Any CPU.ActiveCfg = Debug|Any CPU
		{647C6BD7-788C-4533-A26A-7427F8545761}.Debug|Any CPU.Build.0 = Debug|Any CPU
		{647C6BD7-788C-4533-A26A-7427F8545761}.Release|Any CPU.ActiveCfg = Release|Any CPU
		{647C6BD7-788C-4533-A26A-7427F8545761}.Release|Any CPU.Build.0 = Release|Any CPU
		{91738C3D-107D-44F0-AA60-10D3E609090A}.Debug|Any CPU.ActiveCfg = Debug|Any CPU
		{91738C3D-107D-44F0-AA60-10D3E609090A}.Debug|Any CPU.Build.0 = Debug|Any CPU
		{91738C3D-107D-44F0-AA60-10D3E609090A}.Release|Any CPU.ActiveCfg = Release|Any CPU
		{91738C3D-107D-44F0-AA60-10D3E609090A}.Release|Any CPU.Build.0 = Release|Any CPU
	EndGlobalSection
	GlobalSection(SolutionProperties) = preSolution
		HideSolutionNode = FALSE
	EndGlobalSection
	GlobalSection(ExtensibilityGlobals) = postSolution
		SolutionGuid = {6B275C1A-10DA-4B8D-9F86-5F20E89E9F3E}
	EndGlobalSection
EndGlobal
