
Microsoft Visual Studio Solution File, Format Version 12.00
# Visual Studio Version 17
VisualStudioVersion = 17.11.35222.181
MinimumVisualStudioVersion = 10.0.40219.1
Project("{918A6151-45EC-4174-A979-0ED789832186}") = "ViteCent.Auth.Api", "ViteCent.Auth.Api\ViteCent.Auth.Api.csproj", "{610B5771-FAEA-4139-843D-D13798E59C94}"
EndProject
Project("{918A6151-45EC-4174-A979-0ED789832186}") = "ViteCent.Auth.Application", "ViteCent.Auth.Application\ViteCent.Auth.Application.csproj", "{44462002-EA60-469C-930A-E444B837D441}"
EndProject
Project("{918A6151-45EC-4174-A979-0ED789832186}") = "ViteCent.Auth.Domain", "ViteCent.Auth.Domain\ViteCent.Auth.Domain.csproj", "{3B3FAC25-F849-4AA1-A207-156F73DD33C1}"
EndProject
Project("{918A6151-45EC-4174-A979-0ED789832186}") = "ViteCent.Auth.Entity", "ViteCent.Auth.Entity\ViteCent.Auth.Entity.csproj", "{2D49EA9E-7AC5-4F26-93F1-55AE952CD2A7}"
EndProject
Project("{918A6151-45EC-4174-A979-0ED789832186}") = "ViteCent.Auth.Data", "..\ViteCent.Data\ViteCent.Auth.Data\ViteCent.Auth.Data.csproj", "{99D5DDEB-8EC4-4732-997A-55A4BE183599}"
EndProject
Global
	GlobalSection(SolutionConfigurationPlatforms) = preSolution
		Debug|Any CPU = Debug|Any CPU
		Release|Any CPU = Release|Any CPU
	EndGlobalSection
	GlobalSection(ProjectConfigurationPlatforms) = postSolution
		{610B5771-FAEA-4139-843D-D13798E59C94}.Debug|Any CPU.ActiveCfg = Debug|Any CPU
		{610B5771-FAEA-4139-843D-D13798E59C94}.Debug|Any CPU.Build.0 = Debug|Any CPU
		{610B5771-FAEA-4139-843D-D13798E59C94}.Release|Any CPU.ActiveCfg = Release|Any CPU
		{610B5771-FAEA-4139-843D-D13798E59C94}.Release|Any CPU.Build.0 = Release|Any CPU
		{44462002-EA60-469C-930A-E444B837D441}.Debug|Any CPU.ActiveCfg = Debug|Any CPU
		{44462002-EA60-469C-930A-E444B837D441}.Debug|Any CPU.Build.0 = Debug|Any CPU
		{44462002-EA60-469C-930A-E444B837D441}.Release|Any CPU.ActiveCfg = Release|Any CPU
		{44462002-EA60-469C-930A-E444B837D441}.Release|Any CPU.Build.0 = Release|Any CPU
		{3B3FAC25-F849-4AA1-A207-156F73DD33C1}.Debug|Any CPU.ActiveCfg = Debug|Any CPU
		{3B3FAC25-F849-4AA1-A207-156F73DD33C1}.Debug|Any CPU.Build.0 = Debug|Any CPU
		{3B3FAC25-F849-4AA1-A207-156F73DD33C1}.Release|Any CPU.ActiveCfg = Release|Any CPU
		{3B3FAC25-F849-4AA1-A207-156F73DD33C1}.Release|Any CPU.Build.0 = Release|Any CPU
		{2D49EA9E-7AC5-4F26-93F1-55AE952CD2A7}.Debug|Any CPU.ActiveCfg = Debug|Any CPU
		{2D49EA9E-7AC5-4F26-93F1-55AE952CD2A7}.Debug|Any CPU.Build.0 = Debug|Any CPU
		{2D49EA9E-7AC5-4F26-93F1-55AE952CD2A7}.Release|Any CPU.ActiveCfg = Release|Any CPU
		{2D49EA9E-7AC5-4F26-93F1-55AE952CD2A7}.Release|Any CPU.Build.0 = Release|Any CPU
		{99D5DDEB-8EC4-4732-997A-55A4BE183599}.Debug|Any CPU.ActiveCfg = Debug|Any CPU
		{99D5DDEB-8EC4-4732-997A-55A4BE183599}.Debug|Any CPU.Build.0 = Debug|Any CPU
		{99D5DDEB-8EC4-4732-997A-55A4BE183599}.Release|Any CPU.ActiveCfg = Release|Any CPU
		{99D5DDEB-8EC4-4732-997A-55A4BE183599}.Release|Any CPU.Build.0 = Release|Any CPU
	EndGlobalSection
	GlobalSection(SolutionProperties) = preSolution
		HideSolutionNode = FALSE
	EndGlobalSection
	GlobalSection(ExtensibilityGlobals) = postSolution
		SolutionGuid = {{918A6151-45EC-4174-A979-0ED789832186}}
	EndGlobalSection
EndGlobal
