
Microsoft Visual Studio Solution File, Format Version 12.00
# Visual Studio Version 17
VisualStudioVersion = 17.11.35222.181
MinimumVisualStudioVersion = 10.0.40219.1
Project("{4416B108-6409-410D-899B-4D1BC830E84E}") = "ViteCent.Auth.Api", "ViteCent.Auth.Api\ViteCent.Auth.Api.csproj", "{4EB8998E-C79B-4A30-997E-E4F973D06B8E}"
EndProject
Project("{4416B108-6409-410D-899B-4D1BC830E84E}") = "ViteCent.Auth.Application", "ViteCent.Auth.Application\ViteCent.Auth.Application.csproj", "{D6FFA490-D05C-4F61-9A09-0C1BAD6650CC}"
EndProject
Project("{4416B108-6409-410D-899B-4D1BC830E84E}") = "ViteCent.Auth.Domain", "ViteCent.Auth.Domain\ViteCent.Auth.Domain.csproj", "{4BD9EF3D-EBEA-489A-B8B9-1DF8B47116E2}"
EndProject
Project("{4416B108-6409-410D-899B-4D1BC830E84E}") = "ViteCent.Auth.Entity", "ViteCent.Auth.Entity\ViteCent.Auth.Entity.csproj", "{4C6F3690-1AB8-4939-A520-3F3DC763831D}"
EndProject
Project("{4416B108-6409-410D-899B-4D1BC830E84E}") = "ViteCent.Auth.Data", "..\ViteCent.Data\ViteCent.Auth.Data\ViteCent.Auth.Data.csproj", "{949A9585-7A15-425E-A644-B9E2C89FE126}"
EndProject
Global
	GlobalSection(SolutionConfigurationPlatforms) = preSolution
		Debug|Any CPU = Debug|Any CPU
		Release|Any CPU = Release|Any CPU
	EndGlobalSection
	GlobalSection(ProjectConfigurationPlatforms) = postSolution
		{4EB8998E-C79B-4A30-997E-E4F973D06B8E}.Debug|Any CPU.ActiveCfg = Debug|Any CPU
		{4EB8998E-C79B-4A30-997E-E4F973D06B8E}.Debug|Any CPU.Build.0 = Debug|Any CPU
		{4EB8998E-C79B-4A30-997E-E4F973D06B8E}.Release|Any CPU.ActiveCfg = Release|Any CPU
		{4EB8998E-C79B-4A30-997E-E4F973D06B8E}.Release|Any CPU.Build.0 = Release|Any CPU
		{D6FFA490-D05C-4F61-9A09-0C1BAD6650CC}.Debug|Any CPU.ActiveCfg = Debug|Any CPU
		{D6FFA490-D05C-4F61-9A09-0C1BAD6650CC}.Debug|Any CPU.Build.0 = Debug|Any CPU
		{D6FFA490-D05C-4F61-9A09-0C1BAD6650CC}.Release|Any CPU.ActiveCfg = Release|Any CPU
		{D6FFA490-D05C-4F61-9A09-0C1BAD6650CC}.Release|Any CPU.Build.0 = Release|Any CPU
		{4BD9EF3D-EBEA-489A-B8B9-1DF8B47116E2}.Debug|Any CPU.ActiveCfg = Debug|Any CPU
		{4BD9EF3D-EBEA-489A-B8B9-1DF8B47116E2}.Debug|Any CPU.Build.0 = Debug|Any CPU
		{4BD9EF3D-EBEA-489A-B8B9-1DF8B47116E2}.Release|Any CPU.ActiveCfg = Release|Any CPU
		{4BD9EF3D-EBEA-489A-B8B9-1DF8B47116E2}.Release|Any CPU.Build.0 = Release|Any CPU
		{4C6F3690-1AB8-4939-A520-3F3DC763831D}.Debug|Any CPU.ActiveCfg = Debug|Any CPU
		{4C6F3690-1AB8-4939-A520-3F3DC763831D}.Debug|Any CPU.Build.0 = Debug|Any CPU
		{4C6F3690-1AB8-4939-A520-3F3DC763831D}.Release|Any CPU.ActiveCfg = Release|Any CPU
		{4C6F3690-1AB8-4939-A520-3F3DC763831D}.Release|Any CPU.Build.0 = Release|Any CPU
		{949A9585-7A15-425E-A644-B9E2C89FE126}.Debug|Any CPU.ActiveCfg = Debug|Any CPU
		{949A9585-7A15-425E-A644-B9E2C89FE126}.Debug|Any CPU.Build.0 = Debug|Any CPU
		{949A9585-7A15-425E-A644-B9E2C89FE126}.Release|Any CPU.ActiveCfg = Release|Any CPU
		{949A9585-7A15-425E-A644-B9E2C89FE126}.Release|Any CPU.Build.0 = Release|Any CPU
	EndGlobalSection
	GlobalSection(SolutionProperties) = preSolution
		HideSolutionNode = FALSE
	EndGlobalSection
	GlobalSection(ExtensibilityGlobals) = postSolution
		SolutionGuid = {{4416B108-6409-410D-899B-4D1BC830E84E}}
	EndGlobalSection
EndGlobal
