
Microsoft Visual Studio Solution File, Format Version 12.00
# Visual Studio Version 17
VisualStudioVersion = 17.11.35222.181
MinimumVisualStudioVersion = 10.0.40219.1
Project("{9A19103F-16F7-4668-BE54-9A1E7A4F7556}") = "YPHF.Gov.Bll", "YPHF.Gov.Bll\YPHF.Gov.Bll.csproj", "{71CBF4A9-6A5C-459F-8977-C4AC70A79CE8}"
EndProject
Project("{9A19103F-16F7-4668-BE54-9A1E7A4F7556}") = "YPHF.Gov.Dal", "YPHF.Gov.Dal\YPHF.Gov.Dal.csproj", "{9DBCCCFF-40EA-4083-BA14-C15433481C6A}"
EndProject
Project("{9A19103F-16F7-4668-BE54-9A1E7A4F7556}") = "YPHF.Gov.Model", "YPHF.Gov.Model\YPHF.Gov.Model.csproj", "{AC598E87-D619-42CC-AB79-EB039294FF8C}"
EndProject
Project("{9A19103F-16F7-4668-BE54-9A1E7A4F7556}") = "YPHF.Gov.Service", "YPHF.Gov.Service\YPHF.Gov.Service.csproj", "{4E4BEF26-E026-415D-A612-43538A68DCD1}"
EndProject
Project("{9A19103F-16F7-4668-BE54-9A1E7A4F7556}") = "YPHF.Gov.Dto", "..\YPHF.Dto\YPHF.Gov.Dto\YPHF.Gov.Dto.csproj", "{DC9F890C-1700-46D6-ADC2-DD9AD5A2B4C6}"
EndProject
Global
	GlobalSection(SolutionConfigurationPlatforms) = preSolution
		Debug|Any CPU = Debug|Any CPU
		Release|Any CPU = Release|Any CPU
	EndGlobalSection
	GlobalSection(ProjectConfigurationPlatforms) = postSolution
		{71CBF4A9-6A5C-459F-8977-C4AC70A79CE8}.Debug|Any CPU.ActiveCfg = Debug|Any CPU
		{71CBF4A9-6A5C-459F-8977-C4AC70A79CE8}.Debug|Any CPU.Build.0 = Debug|Any CPU
		{71CBF4A9-6A5C-459F-8977-C4AC70A79CE8}.Release|Any CPU.ActiveCfg = Release|Any CPU
		{71CBF4A9-6A5C-459F-8977-C4AC70A79CE8}.Release|Any CPU.Build.0 = Release|Any CPU
		{9DBCCCFF-40EA-4083-BA14-C15433481C6A}.Debug|Any CPU.ActiveCfg = Debug|Any CPU
		{9DBCCCFF-40EA-4083-BA14-C15433481C6A}.Debug|Any CPU.Build.0 = Debug|Any CPU
		{9DBCCCFF-40EA-4083-BA14-C15433481C6A}.Release|Any CPU.ActiveCfg = Release|Any CPU
		{9DBCCCFF-40EA-4083-BA14-C15433481C6A}.Release|Any CPU.Build.0 = Release|Any CPU
		{AC598E87-D619-42CC-AB79-EB039294FF8C}.Debug|Any CPU.ActiveCfg = Debug|Any CPU
		{AC598E87-D619-42CC-AB79-EB039294FF8C}.Debug|Any CPU.Build.0 = Debug|Any CPU
		{AC598E87-D619-42CC-AB79-EB039294FF8C}.Release|Any CPU.ActiveCfg = Release|Any CPU
		{AC598E87-D619-42CC-AB79-EB039294FF8C}.Release|Any CPU.Build.0 = Release|Any CPU
		{4E4BEF26-E026-415D-A612-43538A68DCD1}.Debug|Any CPU.ActiveCfg = Debug|Any CPU
		{4E4BEF26-E026-415D-A612-43538A68DCD1}.Debug|Any CPU.Build.0 = Debug|Any CPU
		{4E4BEF26-E026-415D-A612-43538A68DCD1}.Release|Any CPU.ActiveCfg = Release|Any CPU
		{4E4BEF26-E026-415D-A612-43538A68DCD1}.Release|Any CPU.Build.0 = Release|Any CPU
		{DC9F890C-1700-46D6-ADC2-DD9AD5A2B4C6}.Debug|Any CPU.ActiveCfg = Debug|Any CPU
		{DC9F890C-1700-46D6-ADC2-DD9AD5A2B4C6}.Debug|Any CPU.Build.0 = Debug|Any CPU
		{DC9F890C-1700-46D6-ADC2-DD9AD5A2B4C6}.Release|Any CPU.ActiveCfg = Release|Any CPU
		{DC9F890C-1700-46D6-ADC2-DD9AD5A2B4C6}.Release|Any CPU.Build.0 = Release|Any CPU
	EndGlobalSection
	GlobalSection(SolutionProperties) = preSolution
		HideSolutionNode = FALSE
	EndGlobalSection
	GlobalSection(ExtensibilityGlobals) = postSolution
		SolutionGuid = {6B275C1A-10DA-4B8D-9F86-5F20E89E9F3E}
	EndGlobalSection
EndGlobal
